{
  "version": 4,
  "terraform_version": "1.5.7",
  "serial": 210,
  "lineage": "f3e5e275-f60d-becc-4473-a0297c01b79d",
  "outputs": {
    "alb_dns_name": {
      "value": "hutch-learntrac-dev-alb-1826735098.us-east-2.elb.amazonaws.com",
      "type": "string"
    },
    "alb_url": {
      "value": "http://hutch-learntrac-dev-alb-1826735098.us-east-2.elb.amazonaws.com",
      "type": "string"
    },
    "api_gateway_authorizer_id": {
      "value": "d4b5al",
      "type": "string"
    },
    "api_gateway_id": {
      "value": "42ravkacea",
      "type": "string"
    },
    "api_gateway_stage_name": {
      "value": "dev",
      "type": "string"
    },
    "api_gateway_url": {
      "value": "https://42ravkacea.execute-api.us-east-2.amazonaws.com/dev",
      "type": "string"
    },
    "cognito_callback_urls": {
      "value": [
        "http://localhost:8000/auth/callback"
      ],
      "type": [
        "set",
        "string"
      ]
    },
    "cognito_client_id": {
      "value": "5adkv019v4rcu6o87ffg46ep02",
      "type": "string"
    },
    "cognito_domain": {
      "value": "hutch-learntrac-dev-auth",
      "type": "string"
    },
    "cognito_domain_url": {
      "value": "https://hutch-learntrac-dev-auth.auth.us-east-2.amazoncognito.com",
      "type": "string"
    },
    "cognito_jwks_uri": {
      "value": "https://cognito-idp.us-east-2.amazonaws.com/us-east-2_IvxzMrWwg/.well-known/jwks.json",
      "type": "string"
    },
    "cognito_jwt_issuer": {
      "value": "https://cognito-idp.us-east-2.amazonaws.com/us-east-2_IvxzMrWwg",
      "type": "string"
    },
    "cognito_logout_urls": {
      "value": [
        "http://localhost:8000/logout"
      ],
      "type": [
        "set",
        "string"
      ]
    },
    "cognito_user_pool_endpoint": {
      "value": "cognito-idp.us-east-2.amazonaws.com/us-east-2_IvxzMrWwg",
      "type": "string"
    },
    "cognito_user_pool_id": {
      "value": "us-east-2_IvxzMrWwg",
      "type": "string"
    },
    "ecs_cluster_name": {
      "value": "hutch-learntrac-dev-cluster",
      "type": "string"
    },
    "learntrac_ecr_repository_url": {
      "value": "971422717446.dkr.ecr.us-east-2.amazonaws.com/hutch-learntrac-dev-learntrac",
      "type": "string"
    },
    "neo4j_secret_arn": {
      "value": "arn:aws:secretsmanager:us-east-2:971422717446:secret:hutch-learntrac-dev-neo4j-credentials-frXMQe",
      "type": "string"
    },
    "openai_secret_arn": {
      "value": "arn:aws:secretsmanager:us-east-2:971422717446:secret:hutch-learntrac-dev-openai-api-key-zThpKt",
      "type": "string"
    },
    "rds_connection_string": {
      "value": "postgres://learntrac_admin:Vp-Sl}}D[(j\u0026zxP5cjh%MTQtitYq2ic7@hutch-learntrac-dev-db.c1uuigcm4bd1.us-east-2.rds.amazonaws.com:5432/learntrac",
      "type": "string",
      "sensitive": true
    },
    "rds_endpoint": {
      "value": "hutch-learntrac-dev-db.c1uuigcm4bd1.us-east-2.rds.amazonaws.com:5432",
      "type": "string"
    },
    "rds_monitoring_enabled": {
      "value": false,
      "type": "bool"
    },
    "rds_parameter_group": {
      "value": "hutch-learntrac-dev-pg15-params",
      "type": "string"
    },
    "rds_security_groups": {
      "value": {
        "app": "sg-0c8755b3db3808a42",
        "lambda": "sg-0158fa1aeae6bbb89",
        "main": "sg-0456074f9f3016cdf"
      },
      "type": [
        "object",
        {
          "app": "string",
          "lambda": "string",
          "main": "string"
        }
      ]
    },
    "redis_endpoint": {
      "value": "hutch-learntrac-dev-redis.wda3jc.0001.use2.cache.amazonaws.com",
      "type": "string"
    },
    "secret_manager_secret_name": {
      "value": "hutch-learntrac-dev-db-credentials",
      "type": "string"
    },
    "security_group_id": {
      "value": "sg-0456074f9f3016cdf",
      "type": "string"
    },
    "service_urls": {
      "value": {
        "health_check": "http://hutch-learntrac-dev-alb-1826735098.us-east-2.elb.amazonaws.com/health",
        "learntrac_api": "http://hutch-learntrac-dev-alb-1826735098.us-east-2.elb.amazonaws.com/api/learntrac/health",
        "trac_legacy": "http://hutch-learntrac-dev-alb-1826735098.us-east-2.elb.amazonaws.com/trac/"
      },
      "type": [
        "object",
        {
          "health_check": "string",
          "learntrac_api": "string",
          "trac_legacy": "string"
        }
      ]
    },
    "trac_ecr_repository_url": {
      "value": "971422717446.dkr.ecr.us-east-2.amazonaws.com/hutch-learntrac-dev-trac",
      "type": "string"
    }
  },
  "resources": [
    {
      "mode": "data",
      "type": "aws_caller_identity",
      "name": "current",
      "provider": "provider[\"registry.terraform.io/hashicorp/aws\"]",
      "instances": [
        {
          "schema_version": 0,
          "attributes": {
            "account_id": "971422717446",
            "arn": "arn:aws:iam::971422717446:user/hutchenbach@gmail.com",
            "id": "971422717446",
            "user_id": "AIDA6ELKOKYDBNNEQPVWV"
          },
          "sensitive_attributes": []
        }
      ]
    },
    {
      "mode": "data",
      "type": "aws_network_acls",
      "name": "default",
      "provider": "provider[\"registry.terraform.io/hashicorp/aws\"]",
      "instances": [
        {
          "schema_version": 0,
          "attributes": {
            "filter": [
              {
                "name": "vpc-id",
                "values": [
                  "vpc-07c7f6104ea4eeb60"
                ]
              }
            ],
            "id": "us-east-2",
            "ids": [
              "acl-0d42c05b0748c3c3b"
            ],
            "tags": null,
            "timeouts": null,
            "vpc_id": null
          },
          "sensitive_attributes": []
        }
      ]
    },
    {
      "mode": "data",
      "type": "aws_route_tables",
      "name": "all",
      "provider": "provider[\"registry.terraform.io/hashicorp/aws\"]",
      "instances": [
        {
          "schema_version": 0,
          "attributes": {
            "filter": null,
            "id": "us-east-2",
            "ids": [
              "rtb-07fc340347e240270"
            ],
            "tags": null,
            "timeouts": null,
            "vpc_id": "vpc-07c7f6104ea4eeb60"
          },
          "sensitive_attributes": []
        }
      ]
    },
    {
      "mode": "data",
      "type": "aws_subnets",
      "name": "default",
      "provider": "provider[\"registry.terraform.io/hashicorp/aws\"]",
      "instances": [
        {
          "schema_version": 0,
          "attributes": {
            "filter": [
              {
                "name": "vpc-id",
                "values": [
                  "vpc-07c7f6104ea4eeb60"
                ]
              }
            ],
            "id": "us-east-2",
            "ids": [
              "subnet-068fcd2e51c94a130",
              "subnet-03260fcd9c243f7b8",
              "subnet-03595b890b049b697"
            ],
            "tags": null,
            "timeouts": null
          },
          "sensitive_attributes": []
        }
      ]
    },
    {
      "mode": "data",
      "type": "aws_vpc",
      "name": "default",
      "provider": "provider[\"registry.terraform.io/hashicorp/aws\"]",
      "instances": [
        {
          "schema_version": 0,
          "attributes": {
            "arn": "arn:aws:ec2:us-east-2:971422717446:vpc/vpc-07c7f6104ea4eeb60",
            "cidr_block": "172.31.0.0/16",
            "cidr_block_associations": [
              {
                "association_id": "vpc-cidr-assoc-0b265a639de3097f9",
                "cidr_block": "172.31.0.0/16",
                "state": "associated"
              }
            ],
            "default": true,
            "dhcp_options_id": "dopt-0b1246d8528e2a47f",
            "enable_dns_hostnames": true,
            "enable_dns_support": true,
            "enable_network_address_usage_metrics": false,
            "filter": null,
            "id": "vpc-07c7f6104ea4eeb60",
            "instance_tenancy": "default",
            "ipv6_association_id": "",
            "ipv6_cidr_block": "",
            "main_route_table_id": "rtb-07fc340347e240270",
            "owner_id": "971422717446",
            "state": null,
            "tags": {},
            "timeouts": null
          },
          "sensitive_attributes": []
        }
      ]
    },
    {
      "mode": "managed",
      "type": "aws_api_gateway_account",
      "name": "main",
      "provider": "provider[\"registry.terraform.io/hashicorp/aws\"]",
      "instances": [
        {
          "schema_version": 0,
          "attributes": {
            "api_key_version": "4",
            "cloudwatch_role_arn": "arn:aws:iam::971422717446:role/hutch-learntrac-dev-api-gateway-cloudwatch-role",
            "features": [
              "UsagePlans"
            ],
            "id": "api-gateway-account",
            "reset_on_delete": null,
            "throttle_settings": [
              {
                "burst_limit": 5000,
                "rate_limit": 10000
              }
            ]
          },
          "sensitive_attributes": [],
          "dependencies": [
            "aws_iam_role.api_gateway_cloudwatch"
          ]
        }
      ]
    },
    {
      "mode": "managed",
      "type": "aws_api_gateway_authorizer",
      "name": "cognito",
      "provider": "provider[\"registry.terraform.io/hashicorp/aws\"]",
      "instances": [
        {
          "schema_version": 0,
          "attributes": {
            "arn": "arn:aws:apigateway:us-east-2::/restapis/42ravkacea/authorizers/d4b5al",
            "authorizer_credentials": "",
            "authorizer_result_ttl_in_seconds": 300,
            "authorizer_uri": "",
            "id": "d4b5al",
            "identity_source": "method.request.header.Authorization",
            "identity_validation_expression": "",
            "name": "hutch-learntrac-dev-cognito-authorizer",
            "provider_arns": [
              "arn:aws:cognito-idp:us-east-2:971422717446:userpool/us-east-2_IvxzMrWwg"
            ],
            "rest_api_id": "42ravkacea",
            "type": "COGNITO_USER_POOLS"
          },
          "sensitive_attributes": [],
          "private": "bnVsbA==",
          "dependencies": [
            "aws_api_gateway_rest_api.learntrac_api",
            "aws_cognito_user_pool.learntrac_users",
            "aws_iam_role.lambda_cognito",
            "aws_lambda_function.cognito_pre_token_generation"
          ],
          "create_before_destroy": true
        }
      ]
    },
    {
      "mode": "managed",
      "type": "aws_api_gateway_deployment",
      "name": "learntrac_api",
      "provider": "provider[\"registry.terraform.io/hashicorp/aws\"]",
      "instances": [
        {
          "schema_version": 0,
          "attributes": {
            "canary_settings": [],
            "created_date": "2025-07-25T16:30:38Z",
            "description": "",
            "execution_arn": "arn:aws:execute-api:us-east-2:971422717446:42ravkacea/",
            "id": "fcr7pu",
            "invoke_url": "https://42ravkacea.execute-api.us-east-2.amazonaws.com/",
            "rest_api_id": "42ravkacea",
            "stage_description": null,
            "stage_name": null,
            "triggers": {
              "redeployment": "dafc9355b636b8a75d636421d9cbe327b438c284593136cde84381ce4d6e9960"
            },
            "variables": null
          },
          "sensitive_attributes": [],
          "private": "bnVsbA==",
          "dependencies": [
            "aws_api_gateway_authorizer.cognito",
            "aws_api_gateway_resource.api",
            "aws_api_gateway_resource.auth",
            "aws_api_gateway_resource.v1",
            "aws_api_gateway_rest_api.learntrac_api",
            "aws_cognito_user_pool.learntrac_users",
            "aws_iam_role.lambda_cognito",
            "aws_lambda_function.cognito_pre_token_generation"
          ],
          "create_before_destroy": true
        }
      ]
    },
    {
      "mode": "managed",
      "type": "aws_api_gateway_integration",
      "name": "get_courses",
      "provider": "provider[\"registry.terraform.io/hashicorp/aws\"]",
      "instances": [
        {
          "schema_version": 0,
          "attributes": {
            "cache_key_parameters": [],
            "cache_namespace": "tob7p8",
            "connection_id": "",
            "connection_type": "INTERNET",
            "content_handling": "",
            "credentials": "",
            "http_method": "GET",
            "id": "agi-42ravkacea-tob7p8-GET",
            "integration_http_method": "",
            "passthrough_behavior": "WHEN_NO_MATCH",
            "request_parameters": {},
            "request_templates": {
              "application/json": "{\"statusCode\":200}"
            },
            "resource_id": "tob7p8",
            "rest_api_id": "42ravkacea",
            "timeout_milliseconds": 29000,
            "tls_config": [],
            "type": "MOCK",
            "uri": ""
          },
          "sensitive_attributes": [],
          "private": "bnVsbA==",
          "dependencies": [
            "aws_api_gateway_authorizer.cognito",
            "aws_api_gateway_method.get_courses",
            "aws_api_gateway_resource.api",
            "aws_api_gateway_resource.courses",
            "aws_api_gateway_resource.learning",
            "aws_api_gateway_resource.v1",
            "aws_api_gateway_rest_api.learntrac_api",
            "aws_cognito_resource_server.learntrac_api",
            "aws_cognito_user_pool.learntrac_users",
            "aws_iam_role.lambda_cognito",
            "aws_lambda_function.cognito_pre_token_generation"
          ]
        }
      ]
    },
    {
      "mode": "managed",
      "type": "aws_api_gateway_integration",
      "name": "options_api",
      "provider": "provider[\"registry.terraform.io/hashicorp/aws\"]",
      "instances": [
        {
          "schema_version": 0,
          "attributes": {
            "cache_key_parameters": [],
            "cache_namespace": "gpvhhq",
            "connection_id": "",
            "connection_type": "INTERNET",
            "content_handling": "",
            "credentials": "",
            "http_method": "OPTIONS",
            "id": "agi-42ravkacea-gpvhhq-OPTIONS",
            "integration_http_method": "",
            "passthrough_behavior": "WHEN_NO_MATCH",
            "request_parameters": {},
            "request_templates": {
              "application/json": "{\"statusCode\":200}"
            },
            "resource_id": "gpvhhq",
            "rest_api_id": "42ravkacea",
            "timeout_milliseconds": 29000,
            "tls_config": [],
            "type": "MOCK",
            "uri": ""
          },
          "sensitive_attributes": [],
          "private": "bnVsbA==",
          "dependencies": [
            "aws_api_gateway_method.options_api",
            "aws_api_gateway_resource.api",
            "aws_api_gateway_rest_api.learntrac_api"
          ]
        }
      ]
    },
    {
      "mode": "managed",
      "type": "aws_api_gateway_integration",
      "name": "options_auth",
      "provider": "provider[\"registry.terraform.io/hashicorp/aws\"]",
      "instances": [
        {
          "schema_version": 0,
          "attributes": {
            "cache_key_parameters": [],
            "cache_namespace": "lq5g6n",
            "connection_id": "",
            "connection_type": "INTERNET",
            "content_handling": "",
            "credentials": "",
            "http_method": "OPTIONS",
            "id": "agi-42ravkacea-lq5g6n-OPTIONS",
            "integration_http_method": "",
            "passthrough_behavior": "WHEN_NO_MATCH",
            "request_parameters": {},
            "request_templates": {
              "application/json": "{\"statusCode\":200}"
            },
            "resource_id": "lq5g6n",
            "rest_api_id": "42ravkacea",
            "timeout_milliseconds": 29000,
            "tls_config": [],
            "type": "MOCK",
            "uri": ""
          },
          "sensitive_attributes": [],
          "private": "bnVsbA==",
          "dependencies": [
            "aws_api_gateway_method.options_auth",
            "aws_api_gateway_resource.auth",
            "aws_api_gateway_rest_api.learntrac_api"
          ]
        }
      ]
    },
    {
      "mode": "managed",
      "type": "aws_api_gateway_integration_response",
      "name": "get_courses",
      "provider": "provider[\"registry.terraform.io/hashicorp/aws\"]",
      "instances": [
        {
          "schema_version": 0,
          "attributes": {
            "content_handling": "",
            "http_method": "GET",
            "id": "agir-42ravkacea-tob7p8-GET-200",
            "resource_id": "tob7p8",
            "response_parameters": {
              "method.response.header.Access-Control-Allow-Origin": "'*'"
            },
            "response_templates": {
              "application/json": "{\"courses\":[{\"description\":\"Learn the basics of Trac project management\",\"id\":\"course-1\",\"title\":\"Introduction to Trac\"}]}"
            },
            "rest_api_id": "42ravkacea",
            "selection_pattern": "",
            "status_code": "200"
          },
          "sensitive_attributes": [],
          "private": "bnVsbA==",
          "dependencies": [
            "aws_api_gateway_authorizer.cognito",
            "aws_api_gateway_method.get_courses",
            "aws_api_gateway_method_response.get_courses",
            "aws_api_gateway_resource.api",
            "aws_api_gateway_resource.courses",
            "aws_api_gateway_resource.learning",
            "aws_api_gateway_resource.v1",
            "aws_api_gateway_rest_api.learntrac_api",
            "aws_cognito_resource_server.learntrac_api",
            "aws_cognito_user_pool.learntrac_users",
            "aws_iam_role.lambda_cognito",
            "aws_lambda_function.cognito_pre_token_generation"
          ]
        }
      ]
    },
    {
      "mode": "managed",
      "type": "aws_api_gateway_integration_response",
      "name": "options_api",
      "provider": "provider[\"registry.terraform.io/hashicorp/aws\"]",
      "instances": [
        {
          "schema_version": 0,
          "attributes": {
            "content_handling": "",
            "http_method": "OPTIONS",
            "id": "agir-42ravkacea-gpvhhq-OPTIONS-200",
            "resource_id": "gpvhhq",
            "response_parameters": {
              "method.response.header.Access-Control-Allow-Headers": "'Content-Type,X-Amz-Date,Authorization,X-Api-Key,X-Amz-Security-Token'",
              "method.response.header.Access-Control-Allow-Methods": "'GET,OPTIONS,POST,PUT,DELETE'",
              "method.response.header.Access-Control-Allow-Origin": "'*'"
            },
            "response_templates": {},
            "rest_api_id": "42ravkacea",
            "selection_pattern": "",
            "status_code": "200"
          },
          "sensitive_attributes": [],
          "private": "bnVsbA==",
          "dependencies": [
            "aws_api_gateway_method.options_api",
            "aws_api_gateway_method_response.options_api",
            "aws_api_gateway_resource.api",
            "aws_api_gateway_rest_api.learntrac_api"
          ]
        }
      ]
    },
    {
      "mode": "managed",
      "type": "aws_api_gateway_integration_response",
      "name": "options_auth",
      "provider": "provider[\"registry.terraform.io/hashicorp/aws\"]",
      "instances": [
        {
          "schema_version": 0,
          "attributes": {
            "content_handling": "",
            "http_method": "OPTIONS",
            "id": "agir-42ravkacea-lq5g6n-OPTIONS-200",
            "resource_id": "lq5g6n",
            "response_parameters": {
              "method.response.header.Access-Control-Allow-Headers": "'Content-Type,X-Amz-Date,Authorization,X-Api-Key,X-Amz-Security-Token'",
              "method.response.header.Access-Control-Allow-Methods": "'GET,OPTIONS,POST,PUT,DELETE'",
              "method.response.header.Access-Control-Allow-Origin": "'*'"
            },
            "response_templates": {},
            "rest_api_id": "42ravkacea",
            "selection_pattern": "",
            "status_code": "200"
          },
          "sensitive_attributes": [],
          "private": "bnVsbA==",
          "dependencies": [
            "aws_api_gateway_method.options_auth",
            "aws_api_gateway_method_response.options_auth",
            "aws_api_gateway_resource.auth",
            "aws_api_gateway_rest_api.learntrac_api"
          ]
        }
      ]
    },
    {
      "mode": "managed",
      "type": "aws_api_gateway_method",
      "name": "get_courses",
      "provider": "provider[\"registry.terraform.io/hashicorp/aws\"]",
      "instances": [
        {
          "schema_version": 0,
          "attributes": {
            "api_key_required": false,
            "authorization": "COGNITO_USER_POOLS",
            "authorization_scopes": [
              "hutch-learntrac-dev-api/read"
            ],
            "authorizer_id": "d4b5al",
            "http_method": "GET",
            "id": "agm-42ravkacea-tob7p8-GET",
            "operation_name": "",
            "request_models": {},
            "request_parameters": {},
            "request_validator_id": "",
            "resource_id": "tob7p8",
            "rest_api_id": "42ravkacea"
          },
          "sensitive_attributes": [],
          "private": "bnVsbA==",
          "dependencies": [
            "aws_api_gateway_authorizer.cognito",
            "aws_api_gateway_resource.api",
            "aws_api_gateway_resource.courses",
            "aws_api_gateway_resource.learning",
            "aws_api_gateway_resource.v1",
            "aws_api_gateway_rest_api.learntrac_api",
            "aws_cognito_resource_server.learntrac_api",
            "aws_cognito_user_pool.learntrac_users",
            "aws_iam_role.lambda_cognito",
            "aws_lambda_function.cognito_pre_token_generation"
          ]
        }
      ]
    },
    {
      "mode": "managed",
      "type": "aws_api_gateway_method",
      "name": "options_api",
      "provider": "provider[\"registry.terraform.io/hashicorp/aws\"]",
      "instances": [
        {
          "schema_version": 0,
          "attributes": {
            "api_key_required": false,
            "authorization": "NONE",
            "authorization_scopes": [],
            "authorizer_id": "",
            "http_method": "OPTIONS",
            "id": "agm-42ravkacea-gpvhhq-OPTIONS",
            "operation_name": "",
            "request_models": {},
            "request_parameters": {},
            "request_validator_id": "",
            "resource_id": "gpvhhq",
            "rest_api_id": "42ravkacea"
          },
          "sensitive_attributes": [],
          "private": "bnVsbA==",
          "dependencies": [
            "aws_api_gateway_resource.api",
            "aws_api_gateway_rest_api.learntrac_api"
          ]
        }
      ]
    },
    {
      "mode": "managed",
      "type": "aws_api_gateway_method",
      "name": "options_auth",
      "provider": "provider[\"registry.terraform.io/hashicorp/aws\"]",
      "instances": [
        {
          "schema_version": 0,
          "attributes": {
            "api_key_required": false,
            "authorization": "NONE",
            "authorization_scopes": [],
            "authorizer_id": "",
            "http_method": "OPTIONS",
            "id": "agm-42ravkacea-lq5g6n-OPTIONS",
            "operation_name": "",
            "request_models": {},
            "request_parameters": {},
            "request_validator_id": "",
            "resource_id": "lq5g6n",
            "rest_api_id": "42ravkacea"
          },
          "sensitive_attributes": [],
          "private": "bnVsbA==",
          "dependencies": [
            "aws_api_gateway_resource.auth",
            "aws_api_gateway_rest_api.learntrac_api"
          ]
        }
      ]
    },
    {
      "mode": "managed",
      "type": "aws_api_gateway_method_response",
      "name": "get_courses",
      "provider": "provider[\"registry.terraform.io/hashicorp/aws\"]",
      "instances": [
        {
          "schema_version": 0,
          "attributes": {
            "http_method": "GET",
            "id": "agmr-42ravkacea-tob7p8-GET-200",
            "resource_id": "tob7p8",
            "response_models": {
              "application/json": "Empty"
            },
            "response_parameters": {
              "method.response.header.Access-Control-Allow-Origin": true
            },
            "rest_api_id": "42ravkacea",
            "status_code": "200"
          },
          "sensitive_attributes": [],
          "private": "bnVsbA==",
          "dependencies": [
            "aws_api_gateway_authorizer.cognito",
            "aws_api_gateway_method.get_courses",
            "aws_api_gateway_resource.api",
            "aws_api_gateway_resource.courses",
            "aws_api_gateway_resource.learning",
            "aws_api_gateway_resource.v1",
            "aws_api_gateway_rest_api.learntrac_api",
            "aws_cognito_resource_server.learntrac_api",
            "aws_cognito_user_pool.learntrac_users",
            "aws_iam_role.lambda_cognito",
            "aws_lambda_function.cognito_pre_token_generation"
          ]
        }
      ]
    },
    {
      "mode": "managed",
      "type": "aws_api_gateway_method_response",
      "name": "options_api",
      "provider": "provider[\"registry.terraform.io/hashicorp/aws\"]",
      "instances": [
        {
          "schema_version": 0,
          "attributes": {
            "http_method": "OPTIONS",
            "id": "agmr-42ravkacea-gpvhhq-OPTIONS-200",
            "resource_id": "gpvhhq",
            "response_models": {
              "application/json": "Empty"
            },
            "response_parameters": {
              "method.response.header.Access-Control-Allow-Headers": true,
              "method.response.header.Access-Control-Allow-Methods": true,
              "method.response.header.Access-Control-Allow-Origin": true
            },
            "rest_api_id": "42ravkacea",
            "status_code": "200"
          },
          "sensitive_attributes": [],
          "private": "bnVsbA==",
          "dependencies": [
            "aws_api_gateway_method.options_api",
            "aws_api_gateway_resource.api",
            "aws_api_gateway_rest_api.learntrac_api"
          ]
        }
      ]
    },
    {
      "mode": "managed",
      "type": "aws_api_gateway_method_response",
      "name": "options_auth",
      "provider": "provider[\"registry.terraform.io/hashicorp/aws\"]",
      "instances": [
        {
          "schema_version": 0,
          "attributes": {
            "http_method": "OPTIONS",
            "id": "agmr-42ravkacea-lq5g6n-OPTIONS-200",
            "resource_id": "lq5g6n",
            "response_models": {
              "application/json": "Empty"
            },
            "response_parameters": {
              "method.response.header.Access-Control-Allow-Headers": true,
              "method.response.header.Access-Control-Allow-Methods": true,
              "method.response.header.Access-Control-Allow-Origin": true
            },
            "rest_api_id": "42ravkacea",
            "status_code": "200"
          },
          "sensitive_attributes": [],
          "private": "bnVsbA==",
          "dependencies": [
            "aws_api_gateway_method.options_auth",
            "aws_api_gateway_resource.auth",
            "aws_api_gateway_rest_api.learntrac_api"
          ]
        }
      ]
    },
    {
      "mode": "managed",
      "type": "aws_api_gateway_request_validator",
      "name": "learntrac_validator",
      "provider": "provider[\"registry.terraform.io/hashicorp/aws\"]",
      "instances": [
        {
          "schema_version": 0,
          "attributes": {
            "id": "l9nz16",
            "name": "hutch-learntrac-dev-request-validator",
            "rest_api_id": "42ravkacea",
            "validate_request_body": true,
            "validate_request_parameters": true
          },
          "sensitive_attributes": [],
          "private": "bnVsbA==",
          "dependencies": [
            "aws_api_gateway_rest_api.learntrac_api"
          ]
        }
      ]
    },
    {
      "mode": "managed",
      "type": "aws_api_gateway_resource",
      "name": "api",
      "provider": "provider[\"registry.terraform.io/hashicorp/aws\"]",
      "instances": [
        {
          "schema_version": 0,
          "attributes": {
            "id": "gpvhhq",
            "parent_id": "cavyqs12ua",
            "path": "/api",
            "path_part": "api",
            "rest_api_id": "42ravkacea"
          },
          "sensitive_attributes": [],
          "private": "bnVsbA==",
          "dependencies": [
            "aws_api_gateway_rest_api.learntrac_api"
          ],
          "create_before_destroy": true
        }
      ]
    },
    {
      "mode": "managed",
      "type": "aws_api_gateway_resource",
      "name": "assignments",
      "provider": "provider[\"registry.terraform.io/hashicorp/aws\"]",
      "instances": [
        {
          "schema_version": 0,
          "attributes": {
            "id": "mrgxso",
            "parent_id": "35wp8v",
            "path": "/api/v1/learning/assignments",
            "path_part": "assignments",
            "rest_api_id": "42ravkacea"
          },
          "sensitive_attributes": [],
          "private": "bnVsbA==",
          "dependencies": [
            "aws_api_gateway_resource.api",
            "aws_api_gateway_resource.learning",
            "aws_api_gateway_resource.v1",
            "aws_api_gateway_rest_api.learntrac_api"
          ]
        }
      ]
    },
    {
      "mode": "managed",
      "type": "aws_api_gateway_resource",
      "name": "auth",
      "provider": "provider[\"registry.terraform.io/hashicorp/aws\"]",
      "instances": [
        {
          "schema_version": 0,
          "attributes": {
            "id": "lq5g6n",
            "parent_id": "cavyqs12ua",
            "path": "/auth",
            "path_part": "auth",
            "rest_api_id": "42ravkacea"
          },
          "sensitive_attributes": [],
          "private": "bnVsbA==",
          "dependencies": [
            "aws_api_gateway_rest_api.learntrac_api"
          ],
          "create_before_destroy": true
        }
      ]
    },
    {
      "mode": "managed",
      "type": "aws_api_gateway_resource",
      "name": "auth_login",
      "provider": "provider[\"registry.terraform.io/hashicorp/aws\"]",
      "instances": [
        {
          "schema_version": 0,
          "attributes": {
            "id": "vttrzx",
            "parent_id": "lq5g6n",
            "path": "/auth/login",
            "path_part": "login",
            "rest_api_id": "42ravkacea"
          },
          "sensitive_attributes": [],
          "private": "bnVsbA==",
          "dependencies": [
            "aws_api_gateway_resource.auth",
            "aws_api_gateway_rest_api.learntrac_api"
          ]
        }
      ]
    },
    {
      "mode": "managed",
      "type": "aws_api_gateway_resource",
      "name": "auth_logout",
      "provider": "provider[\"registry.terraform.io/hashicorp/aws\"]",
      "instances": [
        {
          "schema_version": 0,
          "attributes": {
            "id": "wc7xq9",
            "parent_id": "lq5g6n",
            "path": "/auth/logout",
            "path_part": "logout",
            "rest_api_id": "42ravkacea"
          },
          "sensitive_attributes": [],
          "private": "bnVsbA==",
          "dependencies": [
            "aws_api_gateway_resource.auth",
            "aws_api_gateway_rest_api.learntrac_api"
          ]
        }
      ]
    },
    {
      "mode": "managed",
      "type": "aws_api_gateway_resource",
      "name": "auth_refresh",
      "provider": "provider[\"registry.terraform.io/hashicorp/aws\"]",
      "instances": [
        {
          "schema_version": 0,
          "attributes": {
            "id": "4tx7iz",
            "parent_id": "lq5g6n",
            "path": "/auth/refresh",
            "path_part": "refresh",
            "rest_api_id": "42ravkacea"
          },
          "sensitive_attributes": [],
          "private": "bnVsbA==",
          "dependencies": [
            "aws_api_gateway_resource.auth",
            "aws_api_gateway_rest_api.learntrac_api"
          ]
        }
      ]
    },
    {
      "mode": "managed",
      "type": "aws_api_gateway_resource",
      "name": "courses",
      "provider": "provider[\"registry.terraform.io/hashicorp/aws\"]",
      "instances": [
        {
          "schema_version": 0,
          "attributes": {
            "id": "tob7p8",
            "parent_id": "35wp8v",
            "path": "/api/v1/learning/courses",
            "path_part": "courses",
            "rest_api_id": "42ravkacea"
          },
          "sensitive_attributes": [],
          "private": "bnVsbA==",
          "dependencies": [
            "aws_api_gateway_resource.api",
            "aws_api_gateway_resource.learning",
            "aws_api_gateway_resource.v1",
            "aws_api_gateway_rest_api.learntrac_api"
          ]
        }
      ]
    },
    {
      "mode": "managed",
      "type": "aws_api_gateway_resource",
      "name": "courses_id",
      "provider": "provider[\"registry.terraform.io/hashicorp/aws\"]",
      "instances": [
        {
          "schema_version": 0,
          "attributes": {
            "id": "z67xsc",
            "parent_id": "tob7p8",
            "path": "/api/v1/learning/courses/{courseId}",
            "path_part": "{courseId}",
            "rest_api_id": "42ravkacea"
          },
          "sensitive_attributes": [],
          "private": "bnVsbA==",
          "dependencies": [
            "aws_api_gateway_resource.api",
            "aws_api_gateway_resource.courses",
            "aws_api_gateway_resource.learning",
            "aws_api_gateway_resource.v1",
            "aws_api_gateway_rest_api.learntrac_api"
          ]
        }
      ]
    },
    {
      "mode": "managed",
      "type": "aws_api_gateway_resource",
      "name": "learning",
      "provider": "provider[\"registry.terraform.io/hashicorp/aws\"]",
      "instances": [
        {
          "schema_version": 0,
          "attributes": {
            "id": "35wp8v",
            "parent_id": "uep3s7",
            "path": "/api/v1/learning",
            "path_part": "learning",
            "rest_api_id": "42ravkacea"
          },
          "sensitive_attributes": [],
          "private": "bnVsbA==",
          "dependencies": [
            "aws_api_gateway_resource.api",
            "aws_api_gateway_resource.v1",
            "aws_api_gateway_rest_api.learntrac_api"
          ]
        }
      ]
    },
    {
      "mode": "managed",
      "type": "aws_api_gateway_resource",
      "name": "tickets",
      "provider": "provider[\"registry.terraform.io/hashicorp/aws\"]",
      "instances": [
        {
          "schema_version": 0,
          "attributes": {
            "id": "baxdmc",
            "parent_id": "vjt4s4",
            "path": "/api/v1/trac/tickets",
            "path_part": "tickets",
            "rest_api_id": "42ravkacea"
          },
          "sensitive_attributes": [],
          "private": "bnVsbA==",
          "dependencies": [
            "aws_api_gateway_resource.api",
            "aws_api_gateway_resource.trac",
            "aws_api_gateway_resource.v1",
            "aws_api_gateway_rest_api.learntrac_api"
          ]
        }
      ]
    },
    {
      "mode": "managed",
      "type": "aws_api_gateway_resource",
      "name": "trac",
      "provider": "provider[\"registry.terraform.io/hashicorp/aws\"]",
      "instances": [
        {
          "schema_version": 0,
          "attributes": {
            "id": "vjt4s4",
            "parent_id": "uep3s7",
            "path": "/api/v1/trac",
            "path_part": "trac",
            "rest_api_id": "42ravkacea"
          },
          "sensitive_attributes": [],
          "private": "bnVsbA==",
          "dependencies": [
            "aws_api_gateway_resource.api",
            "aws_api_gateway_resource.v1",
            "aws_api_gateway_rest_api.learntrac_api"
          ]
        }
      ]
    },
    {
      "mode": "managed",
      "type": "aws_api_gateway_resource",
      "name": "v1",
      "provider": "provider[\"registry.terraform.io/hashicorp/aws\"]",
      "instances": [
        {
          "schema_version": 0,
          "attributes": {
            "id": "uep3s7",
            "parent_id": "gpvhhq",
            "path": "/api/v1",
            "path_part": "v1",
            "rest_api_id": "42ravkacea"
          },
          "sensitive_attributes": [],
          "private": "bnVsbA==",
          "dependencies": [
            "aws_api_gateway_resource.api",
            "aws_api_gateway_rest_api.learntrac_api"
          ],
          "create_before_destroy": true
        }
      ]
    },
    {
      "mode": "managed",
      "type": "aws_api_gateway_resource",
      "name": "wiki",
      "provider": "provider[\"registry.terraform.io/hashicorp/aws\"]",
      "instances": [
        {
          "schema_version": 0,
          "attributes": {
            "id": "8x6kfw",
            "parent_id": "vjt4s4",
            "path": "/api/v1/trac/wiki",
            "path_part": "wiki",
            "rest_api_id": "42ravkacea"
          },
          "sensitive_attributes": [],
          "private": "bnVsbA==",
          "dependencies": [
            "aws_api_gateway_resource.api",
            "aws_api_gateway_resource.trac",
            "aws_api_gateway_resource.v1",
            "aws_api_gateway_rest_api.learntrac_api"
          ]
        }
      ]
    },
    {
      "mode": "managed",
      "type": "aws_api_gateway_rest_api",
      "name": "learntrac_api",
      "provider": "provider[\"registry.terraform.io/hashicorp/aws\"]",
      "instances": [
        {
          "schema_version": 0,
          "attributes": {
            "api_key_source": "HEADER",
            "arn": "arn:aws:apigateway:us-east-2::/restapis/42ravkacea",
            "binary_media_types": [],
            "body": null,
            "created_date": "2025-07-22T23:46:10Z",
            "description": "LearnTrac API with Cognito authentication",
            "disable_execute_api_endpoint": false,
            "endpoint_configuration": [
              {
                "ip_address_type": "ipv4",
                "types": [
                  "EDGE"
                ],
                "vpc_endpoint_ids": []
              }
            ],
            "execution_arn": "arn:aws:execute-api:us-east-2:971422717446:42ravkacea",
            "fail_on_warnings": null,
            "id": "42ravkacea",
            "minimum_compression_size": "",
            "name": "hutch-learntrac-dev-api",
            "parameters": null,
            "policy": "",
            "put_rest_api_mode": null,
            "root_resource_id": "cavyqs12ua",
            "tags": {
              "CreatedDate": "2025-07-22",
              "Environment": "dev",
              "ManagedBy": "Terraform",
              "Name": "hutch-learntrac-dev-api-gateway",
              "Owner": "hutch",
              "OwnerEmail": "hutchenbach@gmail.com",
              "Project": "learntrac"
            },
            "tags_all": {
              "CreatedDate": "2025-07-22",
              "Environment": "dev",
              "ManagedBy": "Terraform",
              "Name": "hutch-learntrac-dev-api-gateway",
              "Owner": "hutch",
              "OwnerEmail": "hutchenbach@gmail.com",
              "Project": "learntrac"
            }
          },
          "sensitive_attributes": [],
          "private": "bnVsbA==",
          "create_before_destroy": true
        }
      ]
    },
    {
      "mode": "managed",
      "type": "aws_api_gateway_stage",
      "name": "learntrac_stage",
      "provider": "provider[\"registry.terraform.io/hashicorp/aws\"]",
      "instances": [
        {
          "schema_version": 0,
          "attributes": {
            "access_log_settings": [
              {
                "destination_arn": "arn:aws:logs:us-east-2:971422717446:log-group:/aws/apigateway/hutch-learntrac-dev",
                "format": "{\"cognitoUser\":\"$context.authorizer.claims.sub\",\"error\":\"$context.error.message\",\"httpMethod\":\"$context.httpMethod\",\"integrationError\":\"$context.integrationErrorMessage\",\"protocol\":\"$context.protocol\",\"requestId\":\"$context.requestId\",\"requestTime\":\"$context.requestTime\",\"requestTimeEpoch\":\"$context.requestTimeEpoch\",\"resourcePath\":\"$context.resourcePath\",\"responseLength\":\"$context.responseLength\",\"sourceIp\":\"$context.identity.sourceIp\",\"status\":\"$context.status\",\"userAgent\":\"$context.identity.userAgent\"}"
              }
            ],
            "arn": "arn:aws:apigateway:us-east-2::/restapis/42ravkacea/stages/dev",
            "cache_cluster_enabled": false,
            "cache_cluster_size": "",
            "canary_settings": [],
            "client_certificate_id": "",
            "deployment_id": "fcr7pu",
            "description": "",
            "documentation_version": "",
            "execution_arn": "arn:aws:execute-api:us-east-2:971422717446:42ravkacea/dev",
            "id": "ags-42ravkacea-dev",
            "invoke_url": "https://42ravkacea.execute-api.us-east-2.amazonaws.com/dev",
            "rest_api_id": "42ravkacea",
            "stage_name": "dev",
            "tags": {
              "CreatedDate": "2025-07-22",
              "Environment": "dev",
              "ManagedBy": "Terraform",
              "Name": "hutch-learntrac-dev-api-stage-dev",
              "Owner": "hutch",
              "OwnerEmail": "hutchenbach@gmail.com",
              "Project": "learntrac"
            },
            "tags_all": {
              "CreatedDate": "2025-07-22",
              "Environment": "dev",
              "ManagedBy": "Terraform",
              "Name": "hutch-learntrac-dev-api-stage-dev",
              "Owner": "hutch",
              "OwnerEmail": "hutchenbach@gmail.com",
              "Project": "learntrac"
            },
            "variables": {},
            "web_acl_arn": "",
            "xray_tracing_enabled": false
          },
          "sensitive_attributes": [],
          "private": "bnVsbA==",
          "dependencies": [
            "aws_api_gateway_authorizer.cognito",
            "aws_api_gateway_deployment.learntrac_api",
            "aws_api_gateway_resource.api",
            "aws_api_gateway_resource.auth",
            "aws_api_gateway_resource.v1",
            "aws_api_gateway_rest_api.learntrac_api",
            "aws_cloudwatch_log_group.api_gateway_logs",
            "aws_cognito_user_pool.learntrac_users",
            "aws_iam_role.lambda_cognito",
            "aws_lambda_function.cognito_pre_token_generation"
          ]
        }
      ]
    },
    {
      "mode": "managed",
      "type": "aws_api_gateway_usage_plan",
      "name": "learntrac_plan",
      "provider": "provider[\"registry.terraform.io/hashicorp/aws\"]",
      "instances": [
        {
          "schema_version": 0,
          "attributes": {
            "api_stages": [
              {
                "api_id": "42ravkacea",
                "stage": "dev",
                "throttle": []
              }
            ],
            "arn": "arn:aws:apigateway:us-east-2::/usageplans/kin9q7",
            "description": "Usage plan for LearnTrac API",
            "id": "kin9q7",
            "name": "hutch-learntrac-dev-usage-plan",
            "product_code": "",
            "quota_settings": [
              {
                "limit": 10000,
                "offset": 0,
                "period": "DAY"
              }
            ],
            "tags": {
              "CreatedDate": "2025-07-22",
              "Environment": "dev",
              "ManagedBy": "Terraform",
              "Name": "hutch-learntrac-dev-usage-plan",
              "Owner": "hutch",
              "OwnerEmail": "hutchenbach@gmail.com",
              "Project": "learntrac"
            },
            "tags_all": {
              "CreatedDate": "2025-07-22",
              "Environment": "dev",
              "ManagedBy": "Terraform",
              "Name": "hutch-learntrac-dev-usage-plan",
              "Owner": "hutch",
              "OwnerEmail": "hutchenbach@gmail.com",
              "Project": "learntrac"
            },
            "throttle_settings": [
              {
                "burst_limit": 200,
                "rate_limit": 100
              }
            ]
          },
          "sensitive_attributes": [],
          "private": "bnVsbA==",
          "dependencies": [
            "aws_api_gateway_authorizer.cognito",
            "aws_api_gateway_deployment.learntrac_api",
            "aws_api_gateway_resource.api",
            "aws_api_gateway_resource.auth",
            "aws_api_gateway_resource.v1",
            "aws_api_gateway_rest_api.learntrac_api",
            "aws_api_gateway_stage.learntrac_stage",
            "aws_cloudwatch_log_group.api_gateway_logs",
            "aws_cognito_user_pool.learntrac_users",
            "aws_iam_role.lambda_cognito",
            "aws_lambda_function.cognito_pre_token_generation"
          ]
        }
      ]
    },
    {
      "mode": "managed",
      "type": "aws_cloudwatch_log_group",
      "name": "api_gateway_logs",
      "provider": "provider[\"registry.terraform.io/hashicorp/aws\"]",
      "instances": [
        {
          "schema_version": 0,
          "attributes": {
            "arn": "arn:aws:logs:us-east-2:971422717446:log-group:/aws/apigateway/hutch-learntrac-dev",
            "id": "/aws/apigateway/hutch-learntrac-dev",
            "kms_key_id": "",
            "log_group_class": "STANDARD",
            "name": "/aws/apigateway/hutch-learntrac-dev",
            "name_prefix": "",
            "retention_in_days": 7,
            "skip_destroy": false,
            "tags": {
              "CreatedDate": "2025-07-22",
              "Environment": "dev",
              "ManagedBy": "Terraform",
              "Name": "hutch-learntrac-dev-api-logs",
              "Owner": "hutch",
              "OwnerEmail": "hutchenbach@gmail.com",
              "Project": "learntrac"
            },
            "tags_all": {
              "CreatedDate": "2025-07-22",
              "Environment": "dev",
              "ManagedBy": "Terraform",
              "Name": "hutch-learntrac-dev-api-logs",
              "Owner": "hutch",
              "OwnerEmail": "hutchenbach@gmail.com",
              "Project": "learntrac"
            }
          },
          "sensitive_attributes": [],
          "private": "bnVsbA=="
        }
      ]
    },
    {
      "mode": "managed",
      "type": "aws_cloudwatch_log_group",
      "name": "cognito_lambda_logs",
      "provider": "provider[\"registry.terraform.io/hashicorp/aws\"]",
      "instances": [
        {
          "schema_version": 0,
          "attributes": {
            "arn": "arn:aws:logs:us-east-2:971422717446:log-group:/aws/lambda/hutch-learntrac-dev-cognito-pre-token",
            "id": "/aws/lambda/hutch-learntrac-dev-cognito-pre-token",
            "kms_key_id": "",
            "log_group_class": "STANDARD",
            "name": "/aws/lambda/hutch-learntrac-dev-cognito-pre-token",
            "name_prefix": "",
            "retention_in_days": 7,
            "skip_destroy": false,
            "tags": {
              "CreatedDate": "2025-07-22",
              "Environment": "dev",
              "ManagedBy": "Terraform",
              "Name": "hutch-learntrac-dev-cognito-lambda-logs",
              "Owner": "hutch",
              "OwnerEmail": "hutchenbach@gmail.com",
              "Project": "learntrac"
            },
            "tags_all": {
              "CreatedDate": "2025-07-22",
              "Environment": "dev",
              "ManagedBy": "Terraform",
              "Name": "hutch-learntrac-dev-cognito-lambda-logs",
              "Owner": "hutch",
              "OwnerEmail": "hutchenbach@gmail.com",
              "Project": "learntrac"
            }
          },
          "sensitive_attributes": [],
          "private": "bnVsbA==",
          "dependencies": [
            "aws_iam_role.lambda_cognito",
            "aws_lambda_function.cognito_pre_token_generation"
          ]
        }
      ]
    },
    {
      "mode": "managed",
      "type": "aws_cloudwatch_log_group",
      "name": "rds_logs",
      "provider": "provider[\"registry.terraform.io/hashicorp/aws\"]",
      "instances": [
        {
          "schema_version": 0,
          "attributes": {
            "arn": "arn:aws:logs:us-east-2:971422717446:log-group:/aws/rds/instance/db-DYFRLSC7TE5VHFJ4AYTDHJBFQQ/postgresql",
            "id": "/aws/rds/instance/db-DYFRLSC7TE5VHFJ4AYTDHJBFQQ/postgresql",
            "kms_key_id": "",
            "log_group_class": "STANDARD",
            "name": "/aws/rds/instance/db-DYFRLSC7TE5VHFJ4AYTDHJBFQQ/postgresql",
            "name_prefix": "",
            "retention_in_days": 7,
            "skip_destroy": false,
            "tags": {
              "CreatedDate": "2025-07-22",
              "Environment": "dev",
              "ManagedBy": "Terraform",
              "Name": "hutch-learntrac-dev-rds-logs",
              "Owner": "hutch",
              "OwnerEmail": "hutchenbach@gmail.com",
              "Project": "learntrac"
            },
            "tags_all": {
              "CreatedDate": "2025-07-22",
              "Environment": "dev",
              "ManagedBy": "Terraform",
              "Name": "hutch-learntrac-dev-rds-logs",
              "Owner": "hutch",
              "OwnerEmail": "hutchenbach@gmail.com",
              "Project": "learntrac"
            }
          },
          "sensitive_attributes": [],
          "private": "bnVsbA==",
          "dependencies": [
            "aws_db_instance.learntrac",
            "aws_db_subnet_group.main",
            "aws_security_group.rds",
            "data.aws_subnets.default",
            "data.aws_vpc.default",
            "random_password.db_password"
          ]
        }
      ]
    },
    {
      "mode": "managed",
      "type": "aws_cloudwatch_log_group",
      "name": "vpc_flow_logs",
      "provider": "provider[\"registry.terraform.io/hashicorp/aws\"]",
      "instances": [
        {
          "schema_version": 0,
          "attributes": {
            "arn": "arn:aws:logs:us-east-2:971422717446:log-group:/aws/vpc/hutch-learntrac-dev-flow-logs",
            "id": "/aws/vpc/hutch-learntrac-dev-flow-logs",
            "kms_key_id": "",
            "log_group_class": "STANDARD",
            "name": "/aws/vpc/hutch-learntrac-dev-flow-logs",
            "name_prefix": "",
            "retention_in_days": 7,
            "skip_destroy": false,
            "tags": {
              "CreatedDate": "2025-07-22",
              "Environment": "dev",
              "ManagedBy": "Terraform",
              "Name": "hutch-learntrac-dev-vpc-flow-logs",
              "Owner": "hutch",
              "OwnerEmail": "hutchenbach@gmail.com",
              "Project": "learntrac"
            },
            "tags_all": {
              "CreatedDate": "2025-07-22",
              "Environment": "dev",
              "ManagedBy": "Terraform",
              "Name": "hutch-learntrac-dev-vpc-flow-logs",
              "Owner": "hutch",
              "OwnerEmail": "hutchenbach@gmail.com",
              "Project": "learntrac"
            }
          },
          "sensitive_attributes": [],
          "private": "bnVsbA=="
        }
      ]
    },
    {
      "mode": "managed",
      "type": "aws_cloudwatch_metric_alarm",
      "name": "rds_connections",
      "provider": "provider[\"registry.terraform.io/hashicorp/aws\"]",
      "instances": [
        {
          "schema_version": 1,
          "attributes": {
            "actions_enabled": true,
            "alarm_actions": [],
            "alarm_description": "RDS connection count is high",
            "alarm_name": "hutch-learntrac-dev-rds-connections-high",
            "arn": "arn:aws:cloudwatch:us-east-2:971422717446:alarm:hutch-learntrac-dev-rds-connections-high",
            "comparison_operator": "GreaterThanThreshold",
            "datapoints_to_alarm": 0,
            "dimensions": {
              "DBInstanceIdentifier": "db-DYFRLSC7TE5VHFJ4AYTDHJBFQQ"
            },
            "evaluate_low_sample_count_percentiles": "",
            "evaluation_periods": 2,
            "extended_statistic": "",
            "id": "hutch-learntrac-dev-rds-connections-high",
            "insufficient_data_actions": [],
            "metric_name": "DatabaseConnections",
            "metric_query": [],
            "namespace": "AWS/RDS",
            "ok_actions": [],
            "period": 300,
            "statistic": "Average",
            "tags": {
              "CreatedDate": "2025-07-22",
              "Environment": "dev",
              "ManagedBy": "Terraform",
              "Owner": "hutch",
              "OwnerEmail": "hutchenbach@gmail.com",
              "Project": "learntrac"
            },
            "tags_all": {
              "CreatedDate": "2025-07-22",
              "Environment": "dev",
              "ManagedBy": "Terraform",
              "Owner": "hutch",
              "OwnerEmail": "hutchenbach@gmail.com",
              "Project": "learntrac"
            },
            "threshold": 90,
            "threshold_metric_id": "",
            "treat_missing_data": "missing",
            "unit": ""
          },
          "sensitive_attributes": [],
          "private": "eyJzY2hlbWFfdmVyc2lvbiI6IjEifQ==",
          "dependencies": [
            "aws_db_instance.learntrac",
            "aws_db_subnet_group.main",
            "aws_security_group.rds",
            "aws_sns_topic.alerts",
            "data.aws_subnets.default",
            "data.aws_vpc.default",
            "random_password.db_password"
          ]
        }
      ]
    },
    {
      "mode": "managed",
      "type": "aws_cloudwatch_metric_alarm",
      "name": "rds_cpu",
      "provider": "provider[\"registry.terraform.io/hashicorp/aws\"]",
      "instances": [
        {
          "schema_version": 1,
          "attributes": {
            "actions_enabled": true,
            "alarm_actions": [],
            "alarm_description": "RDS CPU utilization is too high",
            "alarm_name": "hutch-learntrac-dev-rds-cpu-high",
            "arn": "arn:aws:cloudwatch:us-east-2:971422717446:alarm:hutch-learntrac-dev-rds-cpu-high",
            "comparison_operator": "GreaterThanThreshold",
            "datapoints_to_alarm": 0,
            "dimensions": {
              "DBInstanceIdentifier": "db-DYFRLSC7TE5VHFJ4AYTDHJBFQQ"
            },
            "evaluate_low_sample_count_percentiles": "",
            "evaluation_periods": 2,
            "extended_statistic": "",
            "id": "hutch-learntrac-dev-rds-cpu-high",
            "insufficient_data_actions": [],
            "metric_name": "CPUUtilization",
            "metric_query": [],
            "namespace": "AWS/RDS",
            "ok_actions": [],
            "period": 300,
            "statistic": "Average",
            "tags": {
              "CreatedDate": "2025-07-22",
              "Environment": "dev",
              "ManagedBy": "Terraform",
              "Owner": "hutch",
              "OwnerEmail": "hutchenbach@gmail.com",
              "Project": "learntrac"
            },
            "tags_all": {
              "CreatedDate": "2025-07-22",
              "Environment": "dev",
              "ManagedBy": "Terraform",
              "Owner": "hutch",
              "OwnerEmail": "hutchenbach@gmail.com",
              "Project": "learntrac"
            },
            "threshold": 90,
            "threshold_metric_id": "",
            "treat_missing_data": "missing",
            "unit": ""
          },
          "sensitive_attributes": [],
          "private": "eyJzY2hlbWFfdmVyc2lvbiI6IjEifQ==",
          "dependencies": [
            "aws_db_instance.learntrac",
            "aws_db_subnet_group.main",
            "aws_security_group.rds",
            "aws_sns_topic.alerts",
            "data.aws_subnets.default",
            "data.aws_vpc.default",
            "random_password.db_password"
          ]
        }
      ]
    },
    {
      "mode": "managed",
      "type": "aws_cloudwatch_metric_alarm",
      "name": "rds_storage",
      "provider": "provider[\"registry.terraform.io/hashicorp/aws\"]",
      "instances": [
        {
          "schema_version": 1,
          "attributes": {
            "actions_enabled": true,
            "alarm_actions": [],
            "alarm_description": "RDS free storage space is low",
            "alarm_name": "hutch-learntrac-dev-rds-storage-low",
            "arn": "arn:aws:cloudwatch:us-east-2:971422717446:alarm:hutch-learntrac-dev-rds-storage-low",
            "comparison_operator": "LessThanThreshold",
            "datapoints_to_alarm": 0,
            "dimensions": {
              "DBInstanceIdentifier": "db-DYFRLSC7TE5VHFJ4AYTDHJBFQQ"
            },
            "evaluate_low_sample_count_percentiles": "",
            "evaluation_periods": 1,
            "extended_statistic": "",
            "id": "hutch-learntrac-dev-rds-storage-low",
            "insufficient_data_actions": [],
            "metric_name": "FreeStorageSpace",
            "metric_query": [],
            "namespace": "AWS/RDS",
            "ok_actions": [],
            "period": 300,
            "statistic": "Average",
            "tags": {
              "CreatedDate": "2025-07-22",
              "Environment": "dev",
              "ManagedBy": "Terraform",
              "Owner": "hutch",
              "OwnerEmail": "hutchenbach@gmail.com",
              "Project": "learntrac"
            },
            "tags_all": {
              "CreatedDate": "2025-07-22",
              "Environment": "dev",
              "ManagedBy": "Terraform",
              "Owner": "hutch",
              "OwnerEmail": "hutchenbach@gmail.com",
              "Project": "learntrac"
            },
            "threshold": 2147483648,
            "threshold_metric_id": "",
            "treat_missing_data": "missing",
            "unit": ""
          },
          "sensitive_attributes": [],
          "private": "eyJzY2hlbWFfdmVyc2lvbiI6IjEifQ==",
          "dependencies": [
            "aws_db_instance.learntrac",
            "aws_db_subnet_group.main",
            "aws_security_group.rds",
            "aws_sns_topic.alerts",
            "data.aws_subnets.default",
            "data.aws_vpc.default",
            "random_password.db_password"
          ]
        }
      ]
    },
    {
      "mode": "managed",
      "type": "aws_cloudwatch_metric_alarm",
      "name": "unauthorized_api_calls",
      "provider": "provider[\"registry.terraform.io/hashicorp/aws\"]",
      "instances": [
        {
          "schema_version": 1,
          "attributes": {
            "actions_enabled": true,
            "alarm_actions": [],
            "alarm_description": "Alert on unauthorized API calls",
            "alarm_name": "hutch-learntrac-dev-unauthorized-api-calls",
            "arn": "arn:aws:cloudwatch:us-east-2:971422717446:alarm:hutch-learntrac-dev-unauthorized-api-calls",
            "comparison_operator": "GreaterThanThreshold",
            "datapoints_to_alarm": 0,
            "dimensions": {},
            "evaluate_low_sample_count_percentiles": "",
            "evaluation_periods": 1,
            "extended_statistic": "",
            "id": "hutch-learntrac-dev-unauthorized-api-calls",
            "insufficient_data_actions": [],
            "metric_name": "UnauthorizedAPICalls",
            "metric_query": [],
            "namespace": "CloudTrailMetrics",
            "ok_actions": [],
            "period": 300,
            "statistic": "Sum",
            "tags": {
              "CreatedDate": "2025-07-22",
              "Environment": "dev",
              "ManagedBy": "Terraform",
              "Owner": "hutch",
              "OwnerEmail": "hutchenbach@gmail.com",
              "Project": "learntrac"
            },
            "tags_all": {
              "CreatedDate": "2025-07-22",
              "Environment": "dev",
              "ManagedBy": "Terraform",
              "Owner": "hutch",
              "OwnerEmail": "hutchenbach@gmail.com",
              "Project": "learntrac"
            },
            "threshold": 1,
            "threshold_metric_id": "",
            "treat_missing_data": "notBreaching",
            "unit": ""
          },
          "sensitive_attributes": [],
          "private": "eyJzY2hlbWFfdmVyc2lvbiI6IjEifQ=="
        }
      ]
    },
    {
      "mode": "managed",
      "type": "aws_cognito_resource_server",
      "name": "learntrac_api",
      "provider": "provider[\"registry.terraform.io/hashicorp/aws\"]",
      "instances": [
        {
          "schema_version": 0,
          "attributes": {
            "id": "us-east-2_IvxzMrWwg|hutch-learntrac-dev-api",
            "identifier": "hutch-learntrac-dev-api",
            "name": "hutch-learntrac-dev-api",
            "scope": [
              {
                "scope_description": "Admin access to LearnTrac API",
                "scope_name": "admin"
              },
              {
                "scope_description": "Read access to LearnTrac API",
                "scope_name": "read"
              },
              {
                "scope_description": "Write access to LearnTrac API",
                "scope_name": "write"
              }
            ],
            "scope_identifiers": [
              "hutch-learntrac-dev-api/read",
              "hutch-learntrac-dev-api/admin",
              "hutch-learntrac-dev-api/write"
            ],
            "user_pool_id": "us-east-2_IvxzMrWwg"
          },
          "sensitive_attributes": [],
          "private": "bnVsbA==",
          "dependencies": [
            "aws_cognito_user_pool.learntrac_users",
            "aws_iam_role.lambda_cognito",
            "aws_lambda_function.cognito_pre_token_generation"
          ]
        }
      ]
    },
    {
      "mode": "managed",
      "type": "aws_cognito_user_group",
      "name": "admins",
      "provider": "provider[\"registry.terraform.io/hashicorp/aws\"]",
      "instances": [
        {
          "schema_version": 0,
          "attributes": {
            "description": "LearnTrac administrators",
            "id": "us-east-2_IvxzMrWwg/admins",
            "name": "admins",
            "precedence": 1,
            "role_arn": "",
            "user_pool_id": "us-east-2_IvxzMrWwg"
          },
          "sensitive_attributes": [],
          "private": "bnVsbA==",
          "dependencies": [
            "aws_cognito_user_pool.learntrac_users",
            "aws_iam_role.lambda_cognito",
            "aws_lambda_function.cognito_pre_token_generation"
          ]
        }
      ]
    },
    {
      "mode": "managed",
      "type": "aws_cognito_user_group",
      "name": "instructors",
      "provider": "provider[\"registry.terraform.io/hashicorp/aws\"]",
      "instances": [
        {
          "schema_version": 0,
          "attributes": {
            "description": "LearnTrac instructors",
            "id": "us-east-2_IvxzMrWwg/instructors",
            "name": "instructors",
            "precedence": 2,
            "role_arn": "",
            "user_pool_id": "us-east-2_IvxzMrWwg"
          },
          "sensitive_attributes": [],
          "private": "bnVsbA==",
          "dependencies": [
            "aws_cognito_user_pool.learntrac_users",
            "aws_iam_role.lambda_cognito",
            "aws_lambda_function.cognito_pre_token_generation"
          ]
        }
      ]
    },
    {
      "mode": "managed",
      "type": "aws_cognito_user_group",
      "name": "students",
      "provider": "provider[\"registry.terraform.io/hashicorp/aws\"]",
      "instances": [
        {
          "schema_version": 0,
          "attributes": {
            "description": "LearnTrac students",
            "id": "us-east-2_IvxzMrWwg/students",
            "name": "students",
            "precedence": 3,
            "role_arn": "",
            "user_pool_id": "us-east-2_IvxzMrWwg"
          },
          "sensitive_attributes": [],
          "private": "bnVsbA==",
          "dependencies": [
            "aws_cognito_user_pool.learntrac_users",
            "aws_iam_role.lambda_cognito",
            "aws_lambda_function.cognito_pre_token_generation"
          ]
        }
      ]
    },
    {
      "mode": "managed",
      "type": "aws_cognito_user_pool",
      "name": "learntrac_users",
      "provider": "provider[\"registry.terraform.io/hashicorp/aws\"]",
      "instances": [
        {
          "schema_version": 0,
          "attributes": {
            "account_recovery_setting": [
              {
                "recovery_mechanism": [
                  {
                    "name": "verified_email",
                    "priority": 1
                  }
                ]
              }
            ],
            "admin_create_user_config": [
              {
                "allow_admin_create_user_only": false,
                "invite_message_template": []
              }
            ],
            "alias_attributes": null,
            "arn": "arn:aws:cognito-idp:us-east-2:971422717446:userpool/us-east-2_IvxzMrWwg",
            "auto_verified_attributes": [
              "email"
            ],
            "creation_date": "2025-07-22T20:32:53Z",
            "custom_domain": "",
            "deletion_protection": "INACTIVE",
            "device_configuration": [],
            "domain": "hutch-learntrac-dev-auth",
            "email_configuration": [
              {
                "configuration_set": "",
                "email_sending_account": "COGNITO_DEFAULT",
                "from_email_address": "",
                "reply_to_email_address": "",
                "source_arn": ""
              }
            ],
            "email_mfa_configuration": [],
            "email_verification_message": "",
            "email_verification_subject": "",
            "endpoint": "cognito-idp.us-east-2.amazonaws.com/us-east-2_IvxzMrWwg",
            "estimated_number_of_users": 1,
            "id": "us-east-2_IvxzMrWwg",
            "lambda_config": [
              {
                "create_auth_challenge": "",
                "custom_email_sender": [],
                "custom_message": "",
                "custom_sms_sender": [],
                "define_auth_challenge": "",
                "kms_key_id": "",
                "post_authentication": "",
                "post_confirmation": "",
                "pre_authentication": "",
                "pre_sign_up": "",
                "pre_token_generation": "arn:aws:lambda:us-east-2:971422717446:function:hutch-learntrac-dev-cognito-pre-token",
                "pre_token_generation_config": [
                  {
                    "lambda_arn": "arn:aws:lambda:us-east-2:971422717446:function:hutch-learntrac-dev-cognito-pre-token",
                    "lambda_version": "V1_0"
                  }
                ],
                "user_migration": "",
                "verify_auth_challenge_response": ""
              }
            ],
            "last_modified_date": "2025-07-22T23:46:26Z",
            "mfa_configuration": "OFF",
            "name": "hutch-learntrac-dev-users",
            "password_policy": [
              {
                "minimum_length": 8,
                "password_history_size": 0,
                "require_lowercase": true,
                "require_numbers": true,
                "require_symbols": true,
                "require_uppercase": true,
                "temporary_password_validity_days": 7
              }
            ],
            "schema": [
              {
                "attribute_data_type": "String",
                "developer_only_attribute": false,
                "mutable": true,
                "name": "email",
                "number_attribute_constraints": [],
                "required": true,
                "string_attribute_constraints": []
              },
              {
                "attribute_data_type": "String",
                "developer_only_attribute": false,
                "mutable": true,
                "name": "name",
                "number_attribute_constraints": [],
                "required": true,
                "string_attribute_constraints": []
              },
              {
                "attribute_data_type": "String",
                "developer_only_attribute": false,
                "mutable": true,
                "name": "role",
                "number_attribute_constraints": [],
                "required": false,
                "string_attribute_constraints": [
                  {
                    "max_length": null,
                    "min_length": null
                  }
                ]
              }
            ],
            "sign_in_policy": [
              {
                "allowed_first_auth_factors": [
                  "PASSWORD"
                ]
              }
            ],
            "sms_authentication_message": "",
            "sms_configuration": [],
            "sms_verification_message": "",
            "software_token_mfa_configuration": [],
            "tags": {
              "CreatedDate": "2025-07-22",
              "Environment": "dev",
              "ManagedBy": "Terraform",
              "Name": "hutch-learntrac-dev-user-pool",
              "Owner": "hutch",
              "OwnerEmail": "hutchenbach@gmail.com",
              "Project": "learntrac"
            },
            "tags_all": {
              "CreatedDate": "2025-07-22",
              "Environment": "dev",
              "ManagedBy": "Terraform",
              "Name": "hutch-learntrac-dev-user-pool",
              "Owner": "hutch",
              "OwnerEmail": "hutchenbach@gmail.com",
              "Project": "learntrac"
            },
            "user_attribute_update_settings": [],
            "user_pool_add_ons": [],
            "user_pool_tier": "ESSENTIALS",
            "username_attributes": [],
            "username_configuration": [],
            "verification_message_template": [
              {
                "default_email_option": "CONFIRM_WITH_CODE",
                "email_message": "",
                "email_message_by_link": "",
                "email_subject": "",
                "email_subject_by_link": "",
                "sms_message": ""
              }
            ],
            "web_authn_configuration": []
          },
          "sensitive_attributes": [],
          "private": "bnVsbA==",
          "dependencies": [
            "aws_iam_role.lambda_cognito",
            "aws_lambda_function.cognito_pre_token_generation"
          ],
          "create_before_destroy": true
        }
      ]
    },
    {
      "mode": "managed",
      "type": "aws_cognito_user_pool_client",
      "name": "learntrac_client",
      "provider": "provider[\"registry.terraform.io/hashicorp/aws\"]",
      "instances": [
        {
          "schema_version": 0,
          "attributes": {
            "access_token_validity": 1,
            "allowed_oauth_flows": [
              "code",
              "implicit"
            ],
            "allowed_oauth_flows_user_pool_client": true,
            "allowed_oauth_scopes": [
              "email",
              "hutch-learntrac-dev-api/admin",
              "hutch-learntrac-dev-api/read",
              "hutch-learntrac-dev-api/write",
              "openid",
              "profile"
            ],
            "analytics_configuration": [],
            "auth_session_validity": 3,
            "callback_urls": [
              "http://localhost:8000/auth/callback"
            ],
            "client_secret": "",
            "default_redirect_uri": "",
            "enable_propagate_additional_user_context_data": false,
            "enable_token_revocation": true,
            "explicit_auth_flows": [
              "ALLOW_REFRESH_TOKEN_AUTH",
              "ALLOW_USER_PASSWORD_AUTH"
            ],
            "generate_secret": null,
            "id": "5adkv019v4rcu6o87ffg46ep02",
            "id_token_validity": 1,
            "logout_urls": [
              "http://localhost:8000/logout"
            ],
            "name": "hutch-learntrac-dev-client",
            "prevent_user_existence_errors": "ENABLED",
            "read_attributes": [],
            "refresh_token_rotation": [],
            "refresh_token_validity": 30,
            "supported_identity_providers": [
              "COGNITO"
            ],
            "token_validity_units": [],
            "user_pool_id": "us-east-2_IvxzMrWwg",
            "write_attributes": []
          },
          "sensitive_attributes": [],
          "dependencies": [
            "aws_cognito_resource_server.learntrac_api",
            "aws_cognito_user_pool.learntrac_users",
            "aws_iam_role.lambda_cognito",
            "aws_lambda_function.cognito_pre_token_generation"
          ]
        }
      ]
    },
    {
      "mode": "managed",
      "type": "aws_cognito_user_pool_domain",
      "name": "learntrac_domain",
      "provider": "provider[\"registry.terraform.io/hashicorp/aws\"]",
      "instances": [
        {
          "schema_version": 0,
          "attributes": {
            "aws_account_id": "971422717446",
            "certificate_arn": "",
            "cloudfront_distribution": "d1lcia0inyjsq.cloudfront.net",
            "cloudfront_distribution_arn": "d1lcia0inyjsq.cloudfront.net",
            "cloudfront_distribution_zone_id": "Z2FDTNDATAQYW2",
            "domain": "hutch-learntrac-dev-auth",
            "id": "hutch-learntrac-dev-auth",
            "managed_login_version": 1,
            "s3_bucket": "aws-cognito-prod-cmh-assets",
            "user_pool_id": "us-east-2_IvxzMrWwg",
            "version": "20250722204305"
          },
          "sensitive_attributes": [],
          "private": "bnVsbA==",
          "dependencies": [
            "aws_cognito_user_pool.learntrac_users",
            "aws_iam_role.lambda_cognito",
            "aws_lambda_function.cognito_pre_token_generation"
          ]
        }
      ]
    },
    {
      "mode": "managed",
      "type": "aws_db_instance",
      "name": "learntrac",
      "provider": "provider[\"registry.terraform.io/hashicorp/aws\"]",
      "instances": [
        {
          "schema_version": 2,
          "attributes": {
            "address": "hutch-learntrac-dev-db.c1uuigcm4bd1.us-east-2.rds.amazonaws.com",
            "allocated_storage": 20,
            "allow_major_version_upgrade": null,
            "apply_immediately": false,
            "arn": "arn:aws:rds:us-east-2:971422717446:db:hutch-learntrac-dev-db",
            "auto_minor_version_upgrade": true,
            "availability_zone": "us-east-2b",
            "backup_retention_period": 7,
            "backup_target": "region",
            "backup_window": "03:00-04:00",
            "blue_green_update": [],
            "ca_cert_identifier": "rds-ca-rsa2048-g1",
            "character_set_name": "",
            "copy_tags_to_snapshot": false,
            "custom_iam_instance_profile": "",
            "customer_owned_ip_enabled": false,
            "database_insights_mode": "standard",
            "db_name": "learntrac",
            "db_subnet_group_name": "hutch-learntrac-dev-subnet-group",
            "dedicated_log_volume": false,
            "delete_automated_backups": true,
            "deletion_protection": false,
            "domain": "",
            "domain_auth_secret_arn": "",
            "domain_dns_ips": [],
            "domain_fqdn": "",
            "domain_iam_role_name": "",
            "domain_ou": "",
            "enabled_cloudwatch_logs_exports": [
              "postgresql"
            ],
            "endpoint": "hutch-learntrac-dev-db.c1uuigcm4bd1.us-east-2.rds.amazonaws.com:5432",
            "engine": "postgres",
            "engine_lifecycle_support": "open-source-rds-extended-support",
            "engine_version": "15.8",
            "engine_version_actual": "15.8",
            "final_snapshot_identifier": null,
            "hosted_zone_id": "Z2XHWR1WZ565X2",
            "iam_database_authentication_enabled": false,
            "id": "db-DYFRLSC7TE5VHFJ4AYTDHJBFQQ",
            "identifier": "hutch-learntrac-dev-db",
            "identifier_prefix": "",
            "instance_class": "db.t3.micro",
            "iops": 3000,
            "kms_key_id": "arn:aws:kms:us-east-2:971422717446:key/6883245f-428f-4d80-82b7-224e623c18a3",
            "latest_restorable_time": "2025-07-25T16:49:37Z",
            "license_model": "postgresql-license",
            "listener_endpoint": [],
            "maintenance_window": "sun:04:00-sun:05:00",
            "manage_master_user_password": null,
            "master_user_secret": [],
            "master_user_secret_kms_key_id": null,
            "max_allocated_storage": 0,
            "monitoring_interval": 0,
            "monitoring_role_arn": "",
            "multi_az": false,
            "nchar_character_set_name": "",
            "network_type": "IPV4",
            "option_group_name": "default:postgres-15",
            "parameter_group_name": "default.postgres15",
            "password": "Vp-Sl}}D[(j\u0026zxP5cjh%MTQtitYq2ic7",
            "password_wo": null,
            "password_wo_version": null,
            "performance_insights_enabled": false,
            "performance_insights_kms_key_id": "",
            "performance_insights_retention_period": 0,
            "port": 5432,
            "publicly_accessible": true,
            "replica_mode": "",
            "replicas": [],
            "replicate_source_db": "",
            "resource_id": "db-DYFRLSC7TE5VHFJ4AYTDHJBFQQ",
            "restore_to_point_in_time": [],
            "s3_import": [],
            "skip_final_snapshot": true,
            "snapshot_identifier": null,
            "status": "available",
            "storage_encrypted": true,
            "storage_throughput": 125,
            "storage_type": "gp3",
            "tags": {
              "CreatedDate": "2025-07-22",
              "Environment": "dev",
              "ManagedBy": "Terraform",
              "Name": "hutch-learntrac-dev-database",
              "Owner": "hutch",
              "OwnerEmail": "hutchenbach@gmail.com",
              "Project": "learntrac"
            },
            "tags_all": {
              "CreatedDate": "2025-07-22",
              "Environment": "dev",
              "ManagedBy": "Terraform",
              "Name": "hutch-learntrac-dev-database",
              "Owner": "hutch",
              "OwnerEmail": "hutchenbach@gmail.com",
              "Project": "learntrac"
            },
            "timeouts": null,
            "timezone": "",
            "upgrade_storage_config": null,
            "username": "learntrac_admin",
            "vpc_security_group_ids": [
              "sg-0456074f9f3016cdf"
            ]
          },
          "sensitive_attributes": [
            [
              {
                "type": "get_attr",
                "value": "password"
              }
            ]
          ],
          "private": "eyJlMmJmYjczMC1lY2FhLTExZTYtOGY4OC0zNDM2M2JjN2M0YzAiOnsiY3JlYXRlIjozMDAwMDAwMDAwMDAwLCJkZWxldGUiOjM2MDAwMDAwMDAwMDAsInVwZGF0ZSI6NDgwMDAwMDAwMDAwMH0sInNjaGVtYV92ZXJzaW9uIjoiMiJ9",
          "dependencies": [
            "aws_db_subnet_group.main",
            "aws_security_group.rds",
            "data.aws_subnets.default",
            "data.aws_vpc.default",
            "random_password.db_password"
          ]
        }
      ]
    },
    {
      "mode": "managed",
      "type": "aws_db_option_group",
      "name": "learntrac_options",
      "provider": "provider[\"registry.terraform.io/hashicorp/aws\"]",
      "instances": [
        {
          "schema_version": 0,
          "attributes": {
            "arn": "arn:aws:rds:us-east-2:971422717446:og:hutch-learntrac-dev-options",
            "engine_name": "postgres",
            "id": "hutch-learntrac-dev-options",
            "major_engine_version": "15",
            "name": "hutch-learntrac-dev-options",
            "name_prefix": "",
            "option": [],
            "option_group_description": "Option group for LearnTrac PostgreSQL",
            "skip_destroy": false,
            "tags": {
              "CreatedDate": "2025-07-22",
              "Environment": "dev",
              "ManagedBy": "Terraform",
              "Name": "hutch-learntrac-dev-option-group",
              "Owner": "hutch",
              "OwnerEmail": "hutchenbach@gmail.com",
              "Project": "learntrac"
            },
            "tags_all": {
              "CreatedDate": "2025-07-22",
              "Environment": "dev",
              "ManagedBy": "Terraform",
              "Name": "hutch-learntrac-dev-option-group",
              "Owner": "hutch",
              "OwnerEmail": "hutchenbach@gmail.com",
              "Project": "learntrac"
            },
            "timeouts": null
          },
          "sensitive_attributes": [],
          "private": "eyJlMmJmYjczMC1lY2FhLTExZTYtOGY4OC0zNDM2M2JjN2M0YzAiOnsiZGVsZXRlIjo5MDAwMDAwMDAwMDB9fQ=="
        }
      ]
    },
    {
      "mode": "managed",
      "type": "aws_db_parameter_group",
      "name": "learntrac_pg15",
      "provider": "provider[\"registry.terraform.io/hashicorp/aws\"]",
      "instances": [
        {
          "schema_version": 0,
          "attributes": {
            "arn": "arn:aws:rds:us-east-2:971422717446:pg:hutch-learntrac-dev-pg15-params",
            "description": "Custom parameter group for LearnTrac PostgreSQL 15",
            "family": "postgres15",
            "id": "hutch-learntrac-dev-pg15-params",
            "name": "hutch-learntrac-dev-pg15-params",
            "name_prefix": "",
            "parameter": [
              {
                "apply_method": "pending-reboot",
                "name": "effective_cache_size",
                "value": "{DBInstanceClassMemory*3/4}"
              },
              {
                "apply_method": "pending-reboot",
                "name": "effective_io_concurrency",
                "value": "200"
              },
              {
                "apply_method": "pending-reboot",
                "name": "log_connections",
                "value": "1"
              },
              {
                "apply_method": "pending-reboot",
                "name": "log_disconnections",
                "value": "1"
              },
              {
                "apply_method": "pending-reboot",
                "name": "log_min_duration_statement",
                "value": "500"
              },
              {
                "apply_method": "pending-reboot",
                "name": "log_statement",
                "value": "all"
              },
              {
                "apply_method": "pending-reboot",
                "name": "maintenance_work_mem",
                "value": "65536"
              },
              {
                "apply_method": "pending-reboot",
                "name": "max_connections",
                "value": "100"
              },
              {
                "apply_method": "pending-reboot",
                "name": "pg_stat_statements.track",
                "value": "all"
              },
              {
                "apply_method": "pending-reboot",
                "name": "random_page_cost",
                "value": "1.1"
              },
              {
                "apply_method": "pending-reboot",
                "name": "shared_buffers",
                "value": "{DBInstanceClassMemory/4}"
              },
              {
                "apply_method": "pending-reboot",
                "name": "shared_preload_libraries",
                "value": "pg_stat_statements"
              },
              {
                "apply_method": "pending-reboot",
                "name": "work_mem",
                "value": "4096"
              }
            ],
            "skip_destroy": false,
            "tags": {
              "CreatedDate": "2025-07-22",
              "Environment": "dev",
              "ManagedBy": "Terraform",
              "Name": "hutch-learntrac-dev-parameter-group",
              "Owner": "hutch",
              "OwnerEmail": "hutchenbach@gmail.com",
              "Project": "learntrac"
            },
            "tags_all": {
              "CreatedDate": "2025-07-22",
              "Environment": "dev",
              "ManagedBy": "Terraform",
              "Name": "hutch-learntrac-dev-parameter-group",
              "Owner": "hutch",
              "OwnerEmail": "hutchenbach@gmail.com",
              "Project": "learntrac"
            }
          },
          "sensitive_attributes": [],
          "private": "bnVsbA=="
        }
      ]
    },
    {
      "mode": "managed",
      "type": "aws_db_subnet_group",
      "name": "main",
      "provider": "provider[\"registry.terraform.io/hashicorp/aws\"]",
      "instances": [
        {
          "schema_version": 0,
          "attributes": {
            "arn": "arn:aws:rds:us-east-2:971422717446:subgrp:hutch-learntrac-dev-subnet-group",
            "description": "DB subnet group for hutch learntrac - dev",
            "id": "hutch-learntrac-dev-subnet-group",
            "name": "hutch-learntrac-dev-subnet-group",
            "name_prefix": "",
            "subnet_ids": [
              "subnet-03260fcd9c243f7b8",
              "subnet-03595b890b049b697",
              "subnet-068fcd2e51c94a130"
            ],
            "supported_network_types": [
              "IPV4"
            ],
            "tags": {
              "CreatedDate": "2025-07-22",
              "Environment": "dev",
              "ManagedBy": "Terraform",
              "Name": "hutch-learntrac-dev-db-subnet-group",
              "Owner": "hutch",
              "OwnerEmail": "hutchenbach@gmail.com",
              "Project": "learntrac"
            },
            "tags_all": {
              "CreatedDate": "2025-07-22",
              "Environment": "dev",
              "ManagedBy": "Terraform",
              "Name": "hutch-learntrac-dev-db-subnet-group",
              "Owner": "hutch",
              "OwnerEmail": "hutchenbach@gmail.com",
              "Project": "learntrac"
            },
            "vpc_id": "vpc-07c7f6104ea4eeb60"
          },
          "sensitive_attributes": [],
          "private": "bnVsbA==",
          "dependencies": [
            "data.aws_subnets.default",
            "data.aws_vpc.default"
          ]
        }
      ]
    },
    {
      "mode": "managed",
      "type": "aws_ecr_lifecycle_policy",
      "name": "learntrac",
      "provider": "provider[\"registry.terraform.io/hashicorp/aws\"]",
      "instances": [
        {
          "schema_version": 0,
          "attributes": {
            "id": "hutch-learntrac-dev-learntrac",
            "policy": "{\"rules\":[{\"action\":{\"type\":\"expire\"},\"description\":\"Keep last 10 images\",\"rulePriority\":1,\"selection\":{\"countNumber\":10,\"countType\":\"imageCountMoreThan\",\"tagStatus\":\"any\"}}]}",
            "registry_id": "971422717446",
            "repository": "hutch-learntrac-dev-learntrac"
          },
          "sensitive_attributes": [],
          "private": "bnVsbA==",
          "dependencies": [
            "aws_ecr_repository.learntrac"
          ]
        }
      ]
    },
    {
      "mode": "managed",
      "type": "aws_ecr_lifecycle_policy",
      "name": "trac",
      "provider": "provider[\"registry.terraform.io/hashicorp/aws\"]",
      "instances": [
        {
          "schema_version": 0,
          "attributes": {
            "id": "hutch-learntrac-dev-trac",
            "policy": "{\"rules\":[{\"action\":{\"type\":\"expire\"},\"description\":\"Keep last 10 images\",\"rulePriority\":1,\"selection\":{\"countNumber\":10,\"countType\":\"imageCountMoreThan\",\"tagStatus\":\"any\"}}]}",
            "registry_id": "971422717446",
            "repository": "hutch-learntrac-dev-trac"
          },
          "sensitive_attributes": [],
          "private": "bnVsbA==",
          "dependencies": [
            "aws_ecr_repository.trac"
          ]
        }
      ]
    },
    {
      "mode": "managed",
      "type": "aws_ecr_repository",
      "name": "learntrac",
      "provider": "provider[\"registry.terraform.io/hashicorp/aws\"]",
      "instances": [
        {
          "schema_version": 0,
          "attributes": {
            "arn": "arn:aws:ecr:us-east-2:971422717446:repository/hutch-learntrac-dev-learntrac",
            "encryption_configuration": [
              {
                "encryption_type": "AES256",
                "kms_key": ""
              }
            ],
            "force_delete": null,
            "id": "hutch-learntrac-dev-learntrac",
            "image_scanning_configuration": [
              {
                "scan_on_push": true
              }
            ],
            "image_tag_mutability": "MUTABLE",
            "name": "hutch-learntrac-dev-learntrac",
            "registry_id": "971422717446",
            "repository_url": "971422717446.dkr.ecr.us-east-2.amazonaws.com/hutch-learntrac-dev-learntrac",
            "tags": {
              "CreatedDate": "2025-07-22",
              "Environment": "dev",
              "ManagedBy": "Terraform",
              "Name": "hutch-learntrac-dev-learntrac-ecr",
              "Owner": "hutch",
              "OwnerEmail": "hutchenbach@gmail.com",
              "Project": "learntrac"
            },
            "tags_all": {
              "CreatedDate": "2025-07-22",
              "Environment": "dev",
              "ManagedBy": "Terraform",
              "Name": "hutch-learntrac-dev-learntrac-ecr",
              "Owner": "hutch",
              "OwnerEmail": "hutchenbach@gmail.com",
              "Project": "learntrac"
            },
            "timeouts": null
          },
          "sensitive_attributes": [],
          "private": "eyJlMmJmYjczMC1lY2FhLTExZTYtOGY4OC0zNDM2M2JjN2M0YzAiOnsiZGVsZXRlIjoxMjAwMDAwMDAwMDAwfX0="
        }
      ]
    },
    {
      "mode": "managed",
      "type": "aws_ecr_repository",
      "name": "trac",
      "provider": "provider[\"registry.terraform.io/hashicorp/aws\"]",
      "instances": [
        {
          "schema_version": 0,
          "attributes": {
            "arn": "arn:aws:ecr:us-east-2:971422717446:repository/hutch-learntrac-dev-trac",
            "encryption_configuration": [
              {
                "encryption_type": "AES256",
                "kms_key": ""
              }
            ],
            "force_delete": null,
            "id": "hutch-learntrac-dev-trac",
            "image_scanning_configuration": [
              {
                "scan_on_push": true
              }
            ],
            "image_tag_mutability": "MUTABLE",
            "name": "hutch-learntrac-dev-trac",
            "registry_id": "971422717446",
            "repository_url": "971422717446.dkr.ecr.us-east-2.amazonaws.com/hutch-learntrac-dev-trac",
            "tags": {
              "CreatedDate": "2025-07-22",
              "Environment": "dev",
              "ManagedBy": "Terraform",
              "Name": "hutch-learntrac-dev-trac-ecr",
              "Owner": "hutch",
              "OwnerEmail": "hutchenbach@gmail.com",
              "Project": "learntrac"
            },
            "tags_all": {
              "CreatedDate": "2025-07-22",
              "Environment": "dev",
              "ManagedBy": "Terraform",
              "Name": "hutch-learntrac-dev-trac-ecr",
              "Owner": "hutch",
              "OwnerEmail": "hutchenbach@gmail.com",
              "Project": "learntrac"
            },
            "timeouts": null
          },
          "sensitive_attributes": [],
          "private": "eyJlMmJmYjczMC1lY2FhLTExZTYtOGY4OC0zNDM2M2JjN2M0YzAiOnsiZGVsZXRlIjoxMjAwMDAwMDAwMDAwfX0="
        }
      ]
    },
    {
      "mode": "managed",
      "type": "aws_ecs_cluster",
      "name": "main",
      "provider": "provider[\"registry.terraform.io/hashicorp/aws\"]",
      "instances": [
        {
          "schema_version": 0,
          "attributes": {
            "arn": "arn:aws:ecs:us-east-2:971422717446:cluster/hutch-learntrac-dev-cluster",
            "configuration": [],
            "id": "arn:aws:ecs:us-east-2:971422717446:cluster/hutch-learntrac-dev-cluster",
            "name": "hutch-learntrac-dev-cluster",
            "service_connect_defaults": [],
            "setting": [
              {
                "name": "containerInsights",
                "value": "enabled"
              }
            ],
            "tags": {
              "CreatedDate": "2025-07-22",
              "Environment": "dev",
              "ManagedBy": "Terraform",
              "Name": "hutch-learntrac-dev-ecs-cluster",
              "Owner": "hutch",
              "OwnerEmail": "hutchenbach@gmail.com",
              "Project": "learntrac"
            },
            "tags_all": {
              "CreatedDate": "2025-07-22",
              "Environment": "dev",
              "ManagedBy": "Terraform",
              "Name": "hutch-learntrac-dev-ecs-cluster",
              "Owner": "hutch",
              "OwnerEmail": "hutchenbach@gmail.com",
              "Project": "learntrac"
            }
          },
          "sensitive_attributes": [],
          "private": "bnVsbA=="
        }
      ]
    },
    {
      "mode": "managed",
      "type": "aws_elasticache_cluster",
      "name": "redis",
      "provider": "provider[\"registry.terraform.io/hashicorp/aws\"]",
      "instances": [
        {
          "schema_version": 0,
          "attributes": {
            "apply_immediately": null,
            "arn": "arn:aws:elasticache:us-east-2:971422717446:cluster:hutch-learntrac-dev-redis",
            "auto_minor_version_upgrade": "true",
            "availability_zone": "us-east-2a",
            "az_mode": "single-az",
            "cache_nodes": [
              {
                "address": "hutch-learntrac-dev-redis.wda3jc.0001.use2.cache.amazonaws.com",
                "availability_zone": "us-east-2a",
                "id": "0001",
                "outpost_arn": "",
                "port": 6379
              }
            ],
            "cluster_address": null,
            "cluster_id": "hutch-learntrac-dev-redis",
            "configuration_endpoint": null,
            "engine": "redis",
            "engine_version": "7.1",
            "engine_version_actual": "7.1.0",
            "final_snapshot_identifier": null,
            "id": "hutch-learntrac-dev-redis",
            "ip_discovery": "ipv4",
            "log_delivery_configuration": [],
            "maintenance_window": "sat:02:00-sat:03:00",
            "network_type": "ipv4",
            "node_type": "cache.t3.micro",
            "notification_topic_arn": null,
            "num_cache_nodes": 1,
            "outpost_mode": null,
            "parameter_group_name": "default.redis7",
            "port": 6379,
            "preferred_availability_zones": null,
            "preferred_outpost_arn": "",
            "replication_group_id": "",
            "security_group_ids": [
              "sg-00960c1c47062ad68"
            ],
            "snapshot_arns": null,
            "snapshot_name": null,
            "snapshot_retention_limit": 0,
            "snapshot_window": "23:30-00:30",
            "subnet_group_name": "hutch-learntrac-dev-redis-subnet",
            "tags": {
              "CreatedDate": "2025-07-22",
              "Environment": "dev",
              "ManagedBy": "Terraform",
              "Name": "hutch-learntrac-dev-redis-cluster",
              "Owner": "hutch",
              "OwnerEmail": "hutchenbach@gmail.com",
              "Project": "learntrac"
            },
            "tags_all": {
              "CreatedDate": "2025-07-22",
              "Environment": "dev",
              "ManagedBy": "Terraform",
              "Name": "hutch-learntrac-dev-redis-cluster",
              "Owner": "hutch",
              "OwnerEmail": "hutchenbach@gmail.com",
              "Project": "learntrac"
            },
            "timeouts": null,
            "transit_encryption_enabled": false
          },
          "sensitive_attributes": [],
          "private": "eyJlMmJmYjczMC1lY2FhLTExZTYtOGY4OC0zNDM2M2JjN2M0YzAiOnsiY3JlYXRlIjoyNDAwMDAwMDAwMDAwLCJkZWxldGUiOjI0MDAwMDAwMDAwMDAsInVwZGF0ZSI6NDgwMDAwMDAwMDAwMH19",
          "dependencies": [
            "aws_elasticache_subnet_group.redis",
            "aws_security_group.redis",
            "data.aws_subnets.default",
            "data.aws_vpc.default",
            "module.alb.aws_security_group.alb",
            "module.learntrac_service.aws_security_group.ecs_tasks",
            "module.trac_service.aws_security_group.ecs_tasks"
          ]
        }
      ]
    },
    {
      "mode": "managed",
      "type": "aws_elasticache_subnet_group",
      "name": "redis",
      "provider": "provider[\"registry.terraform.io/hashicorp/aws\"]",
      "instances": [
        {
          "schema_version": 0,
          "attributes": {
            "arn": "arn:aws:elasticache:us-east-2:971422717446:subnetgroup:hutch-learntrac-dev-redis-subnet",
            "description": "Managed by Terraform",
            "id": "hutch-learntrac-dev-redis-subnet",
            "name": "hutch-learntrac-dev-redis-subnet",
            "subnet_ids": [
              "subnet-03260fcd9c243f7b8",
              "subnet-03595b890b049b697",
              "subnet-068fcd2e51c94a130"
            ],
            "tags": {
              "CreatedDate": "2025-07-22",
              "Environment": "dev",
              "ManagedBy": "Terraform",
              "Name": "hutch-learntrac-dev-redis-subnet-group",
              "Owner": "hutch",
              "OwnerEmail": "hutchenbach@gmail.com",
              "Project": "learntrac"
            },
            "tags_all": {
              "CreatedDate": "2025-07-22",
              "Environment": "dev",
              "ManagedBy": "Terraform",
              "Name": "hutch-learntrac-dev-redis-subnet-group",
              "Owner": "hutch",
              "OwnerEmail": "hutchenbach@gmail.com",
              "Project": "learntrac"
            },
            "vpc_id": "vpc-07c7f6104ea4eeb60"
          },
          "sensitive_attributes": [],
          "private": "bnVsbA==",
          "dependencies": [
            "data.aws_subnets.default",
            "data.aws_vpc.default"
          ]
        }
      ]
    },
    {
      "mode": "managed",
      "type": "aws_flow_log",
      "name": "main",
      "provider": "provider[\"registry.terraform.io/hashicorp/aws\"]",
      "instances": [
        {
          "index_key": 0,
          "schema_version": 0,
          "attributes": {
            "arn": "arn:aws:ec2:us-east-2:971422717446:vpc-flow-log/fl-0a3c627656df737bc",
            "deliver_cross_account_role": "",
            "destination_options": [],
            "eni_id": null,
            "iam_role_arn": "arn:aws:iam::971422717446:role/hutch-learntrac-dev-vpc-flow-logs-20250725160927326900000001",
            "id": "fl-0a3c627656df737bc",
            "log_destination": "arn:aws:logs:us-east-2:971422717446:log-group:/aws/vpc/hutch-learntrac-dev-flow-logs",
            "log_destination_type": "cloud-watch-logs",
            "log_format": "${version} ${account-id} ${interface-id} ${srcaddr} ${dstaddr} ${srcport} ${dstport} ${protocol} ${packets} ${bytes} ${start} ${end} ${action} ${log-status}",
            "log_group_name": "/aws/vpc/hutch-learntrac-dev-flow-logs",
            "max_aggregation_interval": 600,
            "subnet_id": null,
            "tags": {
              "CreatedDate": "2025-07-22",
              "Environment": "dev",
              "ManagedBy": "Terraform",
              "Name": "hutch-learntrac-dev-vpc-flow-log",
              "Owner": "hutch",
              "OwnerEmail": "hutchenbach@gmail.com",
              "Project": "learntrac"
            },
            "tags_all": {
              "CreatedDate": "2025-07-22",
              "Environment": "dev",
              "ManagedBy": "Terraform",
              "Name": "hutch-learntrac-dev-vpc-flow-log",
              "Owner": "hutch",
              "OwnerEmail": "hutchenbach@gmail.com",
              "Project": "learntrac"
            },
            "traffic_type": "ALL",
            "transit_gateway_attachment_id": null,
            "transit_gateway_id": null,
            "vpc_id": "vpc-07c7f6104ea4eeb60"
          },
          "sensitive_attributes": [],
          "private": "bnVsbA==",
          "dependencies": [
            "aws_cloudwatch_log_group.vpc_flow_logs",
            "aws_iam_role.vpc_flow_logs",
            "data.aws_vpc.default"
          ]
        }
      ]
    },
    {
      "mode": "managed",
      "type": "aws_iam_role",
      "name": "api_gateway_cloudwatch",
      "provider": "provider[\"registry.terraform.io/hashicorp/aws\"]",
      "instances": [
        {
          "schema_version": 0,
          "attributes": {
            "arn": "arn:aws:iam::971422717446:role/hutch-learntrac-dev-api-gateway-cloudwatch-role",
            "assume_role_policy": "{\"Statement\":[{\"Action\":\"sts:AssumeRole\",\"Effect\":\"Allow\",\"Principal\":{\"Service\":\"apigateway.amazonaws.com\"}}],\"Version\":\"2012-10-17\"}",
            "create_date": "2025-07-25T16:39:32Z",
            "description": "",
            "force_detach_policies": false,
            "id": "hutch-learntrac-dev-api-gateway-cloudwatch-role",
            "inline_policy": [],
            "managed_policy_arns": [
              "arn:aws:iam::aws:policy/service-role/AmazonAPIGatewayPushToCloudWatchLogs"
            ],
            "max_session_duration": 3600,
            "name": "hutch-learntrac-dev-api-gateway-cloudwatch-role",
            "name_prefix": "",
            "path": "/",
            "permissions_boundary": "",
            "tags": {
              "CreatedDate": "2025-07-22",
              "Environment": "dev",
              "ManagedBy": "Terraform",
              "Owner": "hutch",
              "OwnerEmail": "hutchenbach@gmail.com",
              "Project": "learntrac"
            },
            "tags_all": {
              "CreatedDate": "2025-07-22",
              "Environment": "dev",
              "ManagedBy": "Terraform",
              "Owner": "hutch",
              "OwnerEmail": "hutchenbach@gmail.com",
              "Project": "learntrac"
            },
            "unique_id": "AROA6ELKOKYDJECYWWXUI"
          },
          "sensitive_attributes": [],
          "private": "bnVsbA=="
        }
      ]
    },
    {
      "mode": "managed",
      "type": "aws_iam_role",
      "name": "lambda_cognito",
      "provider": "provider[\"registry.terraform.io/hashicorp/aws\"]",
      "instances": [
        {
          "schema_version": 0,
          "attributes": {
            "arn": "arn:aws:iam::971422717446:role/hutch-learntrac-dev-lambda-cognito-role",
            "assume_role_policy": "{\"Statement\":[{\"Action\":\"sts:AssumeRole\",\"Effect\":\"Allow\",\"Principal\":{\"Service\":\"lambda.amazonaws.com\"}}],\"Version\":\"2012-10-17\"}",
            "create_date": "2025-07-22T23:46:10Z",
            "description": "",
            "force_detach_policies": false,
            "id": "hutch-learntrac-dev-lambda-cognito-role",
            "inline_policy": [
              {
                "name": "hutch-learntrac-dev-lambda-cognito-enhanced",
                "policy": "{\"Version\":\"2012-10-17\",\"Statement\":[{\"Action\":[\"logs:CreateLogGroup\",\"logs:CreateLogStream\",\"logs:PutLogEvents\"],\"Effect\":\"Allow\",\"Resource\":\"arn:aws:logs:us-east-2:971422717446:*\"},{\"Action\":[\"secretsmanager:GetSecretValue\"],\"Effect\":\"Allow\",\"Resource\":[\"arn:aws:secretsmanager:us-east-2:971422717446:secret:hutch-learntrac-dev-db-credentials-fL16wI\",\"arn:aws:secretsmanager:us-east-2:971422717446:secret:hutch-learntrac-dev-cognito-config-S4bF0Z\"]}]}"
              }
            ],
            "managed_policy_arns": [
              "arn:aws:iam::aws:policy/service-role/AWSLambdaBasicExecutionRole"
            ],
            "max_session_duration": 3600,
            "name": "hutch-learntrac-dev-lambda-cognito-role",
            "name_prefix": "",
            "path": "/",
            "permissions_boundary": "",
            "tags": {
              "CreatedDate": "2025-07-22",
              "Environment": "dev",
              "ManagedBy": "Terraform",
              "Owner": "hutch",
              "OwnerEmail": "hutchenbach@gmail.com",
              "Project": "learntrac"
            },
            "tags_all": {
              "CreatedDate": "2025-07-22",
              "Environment": "dev",
              "ManagedBy": "Terraform",
              "Owner": "hutch",
              "OwnerEmail": "hutchenbach@gmail.com",
              "Project": "learntrac"
            },
            "unique_id": "AROA6ELKOKYDC3FO4JP22"
          },
          "sensitive_attributes": [],
          "private": "bnVsbA==",
          "create_before_destroy": true
        }
      ]
    },
    {
      "mode": "managed",
      "type": "aws_iam_role",
      "name": "vpc_flow_logs",
      "provider": "provider[\"registry.terraform.io/hashicorp/aws\"]",
      "instances": [
        {
          "schema_version": 0,
          "attributes": {
            "arn": "arn:aws:iam::971422717446:role/hutch-learntrac-dev-vpc-flow-logs-20250725160927326900000001",
            "assume_role_policy": "{\"Statement\":[{\"Action\":\"sts:AssumeRole\",\"Effect\":\"Allow\",\"Principal\":{\"Service\":\"vpc-flow-logs.amazonaws.com\"}}],\"Version\":\"2012-10-17\"}",
            "create_date": "2025-07-25T16:09:27Z",
            "description": "",
            "force_detach_policies": false,
            "id": "hutch-learntrac-dev-vpc-flow-logs-20250725160927326900000001",
            "inline_policy": [
              {
                "name": "hutch-learntrac-dev-vpc-flow-logs-policy",
                "policy": "{\"Version\":\"2012-10-17\",\"Statement\":[{\"Action\":[\"logs:CreateLogGroup\",\"logs:CreateLogStream\",\"logs:PutLogEvents\",\"logs:DescribeLogGroups\",\"logs:DescribeLogStreams\"],\"Effect\":\"Allow\",\"Resource\":\"arn:aws:logs:us-east-2:971422717446:log-group:/aws/vpc/hutch-learntrac-dev-flow-logs\"}]}"
              }
            ],
            "managed_policy_arns": [],
            "max_session_duration": 3600,
            "name": "hutch-learntrac-dev-vpc-flow-logs-20250725160927326900000001",
            "name_prefix": "hutch-learntrac-dev-vpc-flow-logs-",
            "path": "/",
            "permissions_boundary": "",
            "tags": {
              "CreatedDate": "2025-07-22",
              "Environment": "dev",
              "ManagedBy": "Terraform",
              "Owner": "hutch",
              "OwnerEmail": "hutchenbach@gmail.com",
              "Project": "learntrac"
            },
            "tags_all": {
              "CreatedDate": "2025-07-22",
              "Environment": "dev",
              "ManagedBy": "Terraform",
              "Owner": "hutch",
              "OwnerEmail": "hutchenbach@gmail.com",
              "Project": "learntrac"
            },
            "unique_id": "AROA6ELKOKYDEP6KPTFJH"
          },
          "sensitive_attributes": [],
          "private": "bnVsbA=="
        }
      ]
    },
    {
      "mode": "managed",
      "type": "aws_iam_role_policy",
      "name": "lambda_cognito_enhanced",
      "provider": "provider[\"registry.terraform.io/hashicorp/aws\"]",
      "instances": [
        {
          "schema_version": 0,
          "attributes": {
            "id": "hutch-learntrac-dev-lambda-cognito-role:hutch-learntrac-dev-lambda-cognito-enhanced",
            "name": "hutch-learntrac-dev-lambda-cognito-enhanced",
            "name_prefix": "",
            "policy": "{\"Version\":\"2012-10-17\",\"Statement\":[{\"Action\":[\"logs:CreateLogGroup\",\"logs:CreateLogStream\",\"logs:PutLogEvents\"],\"Effect\":\"Allow\",\"Resource\":\"arn:aws:logs:us-east-2:971422717446:*\"},{\"Action\":[\"secretsmanager:GetSecretValue\"],\"Effect\":\"Allow\",\"Resource\":[\"arn:aws:secretsmanager:us-east-2:971422717446:secret:hutch-learntrac-dev-db-credentials-fL16wI\",\"arn:aws:secretsmanager:us-east-2:971422717446:secret:hutch-learntrac-dev-cognito-config-S4bF0Z\"]}]}",
            "role": "hutch-learntrac-dev-lambda-cognito-role"
          },
          "sensitive_attributes": [],
          "private": "bnVsbA==",
          "dependencies": [
            "aws_iam_role.lambda_cognito",
            "aws_secretsmanager_secret.cognito_config",
            "aws_secretsmanager_secret.db_password",
            "data.aws_caller_identity.current"
          ]
        }
      ]
    },
    {
      "mode": "managed",
      "type": "aws_iam_role_policy",
      "name": "vpc_flow_logs",
      "provider": "provider[\"registry.terraform.io/hashicorp/aws\"]",
      "instances": [
        {
          "schema_version": 0,
          "attributes": {
            "id": "hutch-learntrac-dev-vpc-flow-logs-20250725160927326900000001:hutch-learntrac-dev-vpc-flow-logs-policy",
            "name": "hutch-learntrac-dev-vpc-flow-logs-policy",
            "name_prefix": "",
            "policy": "{\"Version\":\"2012-10-17\",\"Statement\":[{\"Action\":[\"logs:CreateLogGroup\",\"logs:CreateLogStream\",\"logs:PutLogEvents\",\"logs:DescribeLogGroups\",\"logs:DescribeLogStreams\"],\"Effect\":\"Allow\",\"Resource\":\"arn:aws:logs:us-east-2:971422717446:log-group:/aws/vpc/hutch-learntrac-dev-flow-logs\"}]}",
            "role": "hutch-learntrac-dev-vpc-flow-logs-20250725160927326900000001"
          },
          "sensitive_attributes": [],
          "private": "bnVsbA==",
          "dependencies": [
            "aws_cloudwatch_log_group.vpc_flow_logs",
            "aws_iam_role.vpc_flow_logs"
          ]
        }
      ]
    },
    {
      "mode": "managed",
      "type": "aws_iam_role_policy_attachment",
      "name": "api_gateway_cloudwatch",
      "provider": "provider[\"registry.terraform.io/hashicorp/aws\"]",
      "instances": [
        {
          "schema_version": 0,
          "attributes": {
            "id": "hutch-learntrac-dev-api-gateway-cloudwatch-role-20250725163933794700000001",
            "policy_arn": "arn:aws:iam::aws:policy/service-role/AmazonAPIGatewayPushToCloudWatchLogs",
            "role": "hutch-learntrac-dev-api-gateway-cloudwatch-role"
          },
          "sensitive_attributes": [],
          "private": "bnVsbA==",
          "dependencies": [
            "aws_iam_role.api_gateway_cloudwatch"
          ]
        }
      ]
    },
    {
      "mode": "managed",
      "type": "aws_iam_role_policy_attachment",
      "name": "lambda_cognito_basic",
      "provider": "provider[\"registry.terraform.io/hashicorp/aws\"]",
      "instances": [
        {
          "schema_version": 0,
          "attributes": {
            "id": "hutch-learntrac-dev-lambda-cognito-role-20250722234611379600000002",
            "policy_arn": "arn:aws:iam::aws:policy/service-role/AWSLambdaBasicExecutionRole",
            "role": "hutch-learntrac-dev-lambda-cognito-role"
          },
          "sensitive_attributes": [],
          "private": "bnVsbA==",
          "dependencies": [
            "aws_iam_role.lambda_cognito"
          ]
        }
      ]
    },
    {
      "mode": "managed",
      "type": "aws_kms_alias",
      "name": "rds_encryption",
      "provider": "provider[\"registry.terraform.io/hashicorp/aws\"]",
      "instances": [
        {
          "schema_version": 0,
          "attributes": {
            "arn": "arn:aws:kms:us-east-2:971422717446:alias/hutch-learntrac-dev-rds",
            "id": "alias/hutch-learntrac-dev-rds",
            "name": "alias/hutch-learntrac-dev-rds",
            "name_prefix": "",
            "target_key_arn": "arn:aws:kms:us-east-2:971422717446:key/e183fd5b-f3c7-4880-a68b-36538eaa2d6e",
            "target_key_id": "e183fd5b-f3c7-4880-a68b-36538eaa2d6e"
          },
          "sensitive_attributes": [],
          "private": "bnVsbA==",
          "dependencies": [
            "aws_kms_key.rds_encryption"
          ]
        }
      ]
    },
    {
      "mode": "managed",
      "type": "aws_kms_key",
      "name": "rds_encryption",
      "provider": "provider[\"registry.terraform.io/hashicorp/aws\"]",
      "instances": [
        {
          "schema_version": 0,
          "attributes": {
            "arn": "arn:aws:kms:us-east-2:971422717446:key/e183fd5b-f3c7-4880-a68b-36538eaa2d6e",
            "bypass_policy_lockout_safety_check": false,
            "custom_key_store_id": "",
            "customer_master_key_spec": "SYMMETRIC_DEFAULT",
            "deletion_window_in_days": 10,
            "description": "KMS key for RDS encryption",
            "enable_key_rotation": true,
            "id": "e183fd5b-f3c7-4880-a68b-36538eaa2d6e",
            "is_enabled": true,
            "key_id": "e183fd5b-f3c7-4880-a68b-36538eaa2d6e",
            "key_usage": "ENCRYPT_DECRYPT",
            "multi_region": false,
            "policy": "{\"Id\":\"key-default-1\",\"Statement\":[{\"Action\":\"kms:*\",\"Effect\":\"Allow\",\"Principal\":{\"AWS\":\"arn:aws:iam::971422717446:root\"},\"Resource\":\"*\",\"Sid\":\"Enable IAM User Permissions\"}],\"Version\":\"2012-10-17\"}",
            "rotation_period_in_days": 365,
            "tags": {
              "CreatedDate": "2025-07-22",
              "Environment": "dev",
              "ManagedBy": "Terraform",
              "Name": "hutch-learntrac-dev-rds-kms",
              "Owner": "hutch",
              "OwnerEmail": "hutchenbach@gmail.com",
              "Project": "learntrac"
            },
            "tags_all": {
              "CreatedDate": "2025-07-22",
              "Environment": "dev",
              "ManagedBy": "Terraform",
              "Name": "hutch-learntrac-dev-rds-kms",
              "Owner": "hutch",
              "OwnerEmail": "hutchenbach@gmail.com",
              "Project": "learntrac"
            },
            "timeouts": null,
            "xks_key_id": ""
          },
          "sensitive_attributes": [],
          "private": "eyJlMmJmYjczMC1lY2FhLTExZTYtOGY4OC0zNDM2M2JjN2M0YzAiOnsiY3JlYXRlIjoxMjAwMDAwMDAwMDB9fQ=="
        }
      ]
    },
    {
      "mode": "managed",
      "type": "aws_lambda_function",
      "name": "cognito_pre_token_generation",
      "provider": "provider[\"registry.terraform.io/hashicorp/aws\"]",
      "instances": [
        {
          "schema_version": 0,
          "attributes": {
            "architectures": [
              "x86_64"
            ],
            "arn": "arn:aws:lambda:us-east-2:971422717446:function:hutch-learntrac-dev-cognito-pre-token",
            "code_sha256": "A/8py8VZGzcvenxCyXsrVQgayZ9tfI+Sr5g/b1N2uF8=",
            "code_signing_config_arn": "",
            "dead_letter_config": [],
            "description": "",
            "environment": [
              {
                "variables": {
                  "ENVIRONMENT": "dev"
                }
              }
            ],
            "ephemeral_storage": [
              {
                "size": 512
              }
            ],
            "file_system_config": [],
            "filename": "lambda/cognito-pre-token-generation.zip",
            "function_name": "hutch-learntrac-dev-cognito-pre-token",
            "handler": "cognito-pre-token-generation.handler",
            "id": "hutch-learntrac-dev-cognito-pre-token",
            "image_config": [],
            "image_uri": "",
            "invoke_arn": "arn:aws:apigateway:us-east-2:lambda:path/2015-03-31/functions/arn:aws:lambda:us-east-2:971422717446:function:hutch-learntrac-dev-cognito-pre-token/invocations",
            "kms_key_arn": "",
            "last_modified": "2025-07-22T23:46:20.079+0000",
            "layers": [],
            "logging_config": [
              {
                "application_log_level": "",
                "log_format": "Text",
                "log_group": "/aws/lambda/hutch-learntrac-dev-cognito-pre-token",
                "system_log_level": ""
              }
            ],
            "memory_size": 128,
            "package_type": "Zip",
            "publish": false,
            "qualified_arn": "arn:aws:lambda:us-east-2:971422717446:function:hutch-learntrac-dev-cognito-pre-token:$LATEST",
            "qualified_invoke_arn": "arn:aws:apigateway:us-east-2:lambda:path/2015-03-31/functions/arn:aws:lambda:us-east-2:971422717446:function:hutch-learntrac-dev-cognito-pre-token:$LATEST/invocations",
            "replace_security_groups_on_destroy": null,
            "replacement_security_group_ids": null,
            "reserved_concurrent_executions": -1,
            "role": "arn:aws:iam::971422717446:role/hutch-learntrac-dev-lambda-cognito-role",
            "runtime": "python3.11",
            "s3_bucket": null,
            "s3_key": null,
            "s3_object_version": null,
            "signing_job_arn": "",
            "signing_profile_version_arn": "",
            "skip_destroy": false,
            "snap_start": [],
            "source_code_hash": "A/8py8VZGzcvenxCyXsrVQgayZ9tfI+Sr5g/b1N2uF8=",
            "source_code_size": 917,
            "tags": {
              "CreatedDate": "2025-07-22",
              "Environment": "dev",
              "ManagedBy": "Terraform",
              "Name": "hutch-learntrac-dev-cognito-pre-token-lambda",
              "Owner": "hutch",
              "OwnerEmail": "hutchenbach@gmail.com",
              "Project": "learntrac"
            },
            "tags_all": {
              "CreatedDate": "2025-07-22",
              "Environment": "dev",
              "ManagedBy": "Terraform",
              "Name": "hutch-learntrac-dev-cognito-pre-token-lambda",
              "Owner": "hutch",
              "OwnerEmail": "hutchenbach@gmail.com",
              "Project": "learntrac"
            },
            "timeout": 10,
            "timeouts": null,
            "tracing_config": [
              {
                "mode": "PassThrough"
              }
            ],
            "version": "$LATEST",
            "vpc_config": []
          },
          "sensitive_attributes": [],
          "private": "eyJlMmJmYjczMC1lY2FhLTExZTYtOGY4OC0zNDM2M2JjN2M0YzAiOnsiY3JlYXRlIjo2MDAwMDAwMDAwMDAsImRlbGV0ZSI6NjAwMDAwMDAwMDAwLCJ1cGRhdGUiOjYwMDAwMDAwMDAwMH19",
          "dependencies": [
            "aws_iam_role.lambda_cognito"
          ],
          "create_before_destroy": true
        }
      ]
    },
    {
      "mode": "managed",
      "type": "aws_lambda_permission",
      "name": "cognito_invoke",
      "provider": "provider[\"registry.terraform.io/hashicorp/aws\"]",
      "instances": [
        {
          "schema_version": 0,
          "attributes": {
            "action": "lambda:InvokeFunction",
            "event_source_token": null,
            "function_name": "hutch-learntrac-dev-cognito-pre-token",
            "function_url_auth_type": null,
            "id": "AllowCognitoInvoke",
            "principal": "cognito-idp.amazonaws.com",
            "principal_org_id": null,
            "qualifier": "",
            "source_account": null,
            "source_arn": "arn:aws:cognito-idp:us-east-2:971422717446:userpool/us-east-2_IvxzMrWwg",
            "statement_id": "AllowCognitoInvoke",
            "statement_id_prefix": ""
          },
          "sensitive_attributes": [],
          "private": "bnVsbA==",
          "dependencies": [
            "aws_cognito_user_pool.learntrac_users",
            "aws_iam_role.lambda_cognito",
            "aws_lambda_function.cognito_pre_token_generation"
          ]
        }
      ]
    },
    {
      "mode": "managed",
      "type": "aws_secretsmanager_secret",
      "name": "cognito_config",
      "provider": "provider[\"registry.terraform.io/hashicorp/aws\"]",
      "instances": [
        {
          "schema_version": 0,
          "attributes": {
            "arn": "arn:aws:secretsmanager:us-east-2:971422717446:secret:hutch-learntrac-dev-cognito-config-S4bF0Z",
            "description": "Cognito configuration for learntrac",
            "force_overwrite_replica_secret": false,
            "id": "arn:aws:secretsmanager:us-east-2:971422717446:secret:hutch-learntrac-dev-cognito-config-S4bF0Z",
            "kms_key_id": "",
            "name": "hutch-learntrac-dev-cognito-config",
            "name_prefix": "",
            "policy": "",
            "recovery_window_in_days": 30,
            "replica": [],
            "tags": {
              "CreatedDate": "2025-07-22",
              "Environment": "dev",
              "ManagedBy": "Terraform",
              "Name": "hutch-learntrac-dev-cognito-secret",
              "Owner": "hutch",
              "OwnerEmail": "hutchenbach@gmail.com",
              "Project": "learntrac"
            },
            "tags_all": {
              "CreatedDate": "2025-07-22",
              "Environment": "dev",
              "ManagedBy": "Terraform",
              "Name": "hutch-learntrac-dev-cognito-secret",
              "Owner": "hutch",
              "OwnerEmail": "hutchenbach@gmail.com",
              "Project": "learntrac"
            }
          },
          "sensitive_attributes": [],
          "private": "bnVsbA=="
        }
      ]
    },
    {
      "mode": "managed",
      "type": "aws_secretsmanager_secret",
      "name": "db_password",
      "provider": "provider[\"registry.terraform.io/hashicorp/aws\"]",
      "instances": [
        {
          "schema_version": 0,
          "attributes": {
            "arn": "arn:aws:secretsmanager:us-east-2:971422717446:secret:hutch-learntrac-dev-db-credentials-fL16wI",
            "description": "RDS credentials for hutch learntrac database - dev",
            "force_overwrite_replica_secret": false,
            "id": "arn:aws:secretsmanager:us-east-2:971422717446:secret:hutch-learntrac-dev-db-credentials-fL16wI",
            "kms_key_id": "",
            "name": "hutch-learntrac-dev-db-credentials",
            "name_prefix": "",
            "policy": "",
            "recovery_window_in_days": 30,
            "replica": [],
            "tags": {
              "CreatedDate": "2025-07-22",
              "Environment": "dev",
              "ManagedBy": "Terraform",
              "Name": "hutch-learntrac-dev-db-secret",
              "Owner": "hutch",
              "OwnerEmail": "hutchenbach@gmail.com",
              "Project": "learntrac"
            },
            "tags_all": {
              "CreatedDate": "2025-07-22",
              "Environment": "dev",
              "ManagedBy": "Terraform",
              "Name": "hutch-learntrac-dev-db-secret",
              "Owner": "hutch",
              "OwnerEmail": "hutchenbach@gmail.com",
              "Project": "learntrac"
            }
          },
          "sensitive_attributes": [],
          "private": "bnVsbA=="
        }
      ]
    },
    {
      "mode": "managed",
      "type": "aws_secretsmanager_secret",
      "name": "neo4j_credentials",
      "provider": "provider[\"registry.terraform.io/hashicorp/aws\"]",
      "instances": [
        {
          "schema_version": 0,
          "attributes": {
            "arn": "arn:aws:secretsmanager:us-east-2:971422717446:secret:hutch-learntrac-dev-neo4j-credentials-frXMQe",
            "description": "Neo4j credentials for hutch learntrac - dev",
            "force_overwrite_replica_secret": false,
            "id": "arn:aws:secretsmanager:us-east-2:971422717446:secret:hutch-learntrac-dev-neo4j-credentials-frXMQe",
            "kms_key_id": "",
            "name": "hutch-learntrac-dev-neo4j-credentials",
            "name_prefix": "",
            "policy": "",
            "recovery_window_in_days": 30,
            "replica": [],
            "tags": {
              "CreatedDate": "2025-07-22",
              "Environment": "dev",
              "ManagedBy": "Terraform",
              "Name": "hutch-learntrac-dev-neo4j-secret",
              "Owner": "hutch",
              "OwnerEmail": "hutchenbach@gmail.com",
              "Project": "learntrac"
            },
            "tags_all": {
              "CreatedDate": "2025-07-22",
              "Environment": "dev",
              "ManagedBy": "Terraform",
              "Name": "hutch-learntrac-dev-neo4j-secret",
              "Owner": "hutch",
              "OwnerEmail": "hutchenbach@gmail.com",
              "Project": "learntrac"
            }
          },
          "sensitive_attributes": [],
          "private": "bnVsbA=="
        }
      ]
    },
    {
      "mode": "managed",
      "type": "aws_secretsmanager_secret",
      "name": "openai_api_key",
      "provider": "provider[\"registry.terraform.io/hashicorp/aws\"]",
      "instances": [
        {
          "schema_version": 0,
          "attributes": {
            "arn": "arn:aws:secretsmanager:us-east-2:971422717446:secret:hutch-learntrac-dev-openai-api-key-zThpKt",
            "description": "OpenAI API key for hutch learntrac - dev",
            "force_overwrite_replica_secret": false,
            "id": "arn:aws:secretsmanager:us-east-2:971422717446:secret:hutch-learntrac-dev-openai-api-key-zThpKt",
            "kms_key_id": "",
            "name": "hutch-learntrac-dev-openai-api-key",
            "name_prefix": "",
            "policy": "",
            "recovery_window_in_days": 30,
            "replica": [],
            "tags": {
              "CreatedDate": "2025-07-22",
              "Environment": "dev",
              "ManagedBy": "Terraform",
              "Name": "hutch-learntrac-dev-openai-secret",
              "Owner": "hutch",
              "OwnerEmail": "hutchenbach@gmail.com",
              "Project": "learntrac"
            },
            "tags_all": {
              "CreatedDate": "2025-07-22",
              "Environment": "dev",
              "ManagedBy": "Terraform",
              "Name": "hutch-learntrac-dev-openai-secret",
              "Owner": "hutch",
              "OwnerEmail": "hutchenbach@gmail.com",
              "Project": "learntrac"
            }
          },
          "sensitive_attributes": [],
          "private": "bnVsbA=="
        }
      ]
    },
    {
      "mode": "managed",
      "type": "aws_secretsmanager_secret_version",
      "name": "cognito_config",
      "provider": "provider[\"registry.terraform.io/hashicorp/aws\"]",
      "instances": [
        {
          "schema_version": 0,
          "attributes": {
            "arn": "arn:aws:secretsmanager:us-east-2:971422717446:secret:hutch-learntrac-dev-cognito-config-S4bF0Z",
            "has_secret_string_wo": null,
            "id": "arn:aws:secretsmanager:us-east-2:971422717446:secret:hutch-learntrac-dev-cognito-config-S4bF0Z|terraform-20250722234922262900000001",
            "secret_binary": "",
            "secret_id": "arn:aws:secretsmanager:us-east-2:971422717446:secret:hutch-learntrac-dev-cognito-config-S4bF0Z",
            "secret_string": "{\"client_id\":\"5adkv019v4rcu6o87ffg46ep02\",\"domain\":\"hutch-learntrac-dev-auth\",\"region\":\"us-east-2\",\"user_pool_id\":\"us-east-2_IvxzMrWwg\"}",
            "secret_string_wo": null,
            "secret_string_wo_version": null,
            "version_id": "terraform-20250722234922262900000001",
            "version_stages": [
              "AWSCURRENT"
            ]
          },
          "sensitive_attributes": [],
          "private": "bnVsbA==",
          "dependencies": [
            "aws_cognito_resource_server.learntrac_api",
            "aws_cognito_user_pool.learntrac_users",
            "aws_cognito_user_pool_client.learntrac_client",
            "aws_cognito_user_pool_domain.learntrac_domain",
            "aws_iam_role.lambda_cognito",
            "aws_lambda_function.cognito_pre_token_generation",
            "aws_secretsmanager_secret.cognito_config"
          ]
        }
      ]
    },
    {
      "mode": "managed",
      "type": "aws_secretsmanager_secret_version",
      "name": "db_password",
      "provider": "provider[\"registry.terraform.io/hashicorp/aws\"]",
      "instances": [
        {
          "schema_version": 0,
          "attributes": {
            "arn": "arn:aws:secretsmanager:us-east-2:971422717446:secret:hutch-learntrac-dev-db-credentials-fL16wI",
            "has_secret_string_wo": null,
            "id": "arn:aws:secretsmanager:us-east-2:971422717446:secret:hutch-learntrac-dev-db-credentials-fL16wI|terraform-20250722202051313100000002",
            "secret_binary": "",
            "secret_id": "arn:aws:secretsmanager:us-east-2:971422717446:secret:hutch-learntrac-dev-db-credentials-fL16wI",
            "secret_string": "{\"dbname\":\"learntrac\",\"engine\":\"postgres\",\"host\":\"hutch-learntrac-dev-db.c1uuigcm4bd1.us-east-2.rds.amazonaws.com\",\"password\":\"Vp-Sl}}D[(j\\u0026zxP5cjh%MTQtitYq2ic7\",\"port\":5432,\"username\":\"learntrac_admin\"}",
            "secret_string_wo": null,
            "secret_string_wo_version": null,
            "version_id": "terraform-20250722202051313100000002",
            "version_stages": [
              "AWSCURRENT"
            ]
          },
          "sensitive_attributes": [
            [
              {
                "type": "get_attr",
                "value": "secret_string"
              }
            ]
          ],
          "private": "bnVsbA==",
          "dependencies": [
            "aws_db_instance.learntrac",
            "aws_db_subnet_group.main",
            "aws_secretsmanager_secret.db_password",
            "aws_security_group.rds",
            "data.aws_subnets.default",
            "data.aws_vpc.default",
            "random_password.db_password"
          ]
        }
      ]
    },
    {
      "mode": "managed",
      "type": "aws_secretsmanager_secret_version",
      "name": "neo4j_credentials",
      "provider": "provider[\"registry.terraform.io/hashicorp/aws\"]",
      "instances": [
        {
          "schema_version": 0,
          "attributes": {
            "arn": "arn:aws:secretsmanager:us-east-2:971422717446:secret:hutch-learntrac-dev-neo4j-credentials-frXMQe",
            "has_secret_string_wo": null,
            "id": "arn:aws:secretsmanager:us-east-2:971422717446:secret:hutch-learntrac-dev-neo4j-credentials-frXMQe|terraform-2025072302023995780000000a",
            "secret_binary": "",
            "secret_id": "arn:aws:secretsmanager:us-east-2:971422717446:secret:hutch-learntrac-dev-neo4j-credentials-frXMQe",
            "secret_string": "{\"password\":\"nrZPSVB9oOCjSQ442WCRIpUdvDbO_XHOdaIZof7KjNE\",\"uri\":\"neo4j+s://ecbcea78.databases.neo4j.io\",\"username\":\"neo4j\"}",
            "secret_string_wo": null,
            "secret_string_wo_version": null,
            "version_id": "terraform-2025072302023995780000000a",
            "version_stages": [
              "AWSCURRENT"
            ]
          },
          "sensitive_attributes": [],
          "private": "bnVsbA==",
          "dependencies": [
            "aws_secretsmanager_secret.neo4j_credentials"
          ]
        }
      ]
    },
    {
      "mode": "managed",
      "type": "aws_secretsmanager_secret_version",
      "name": "openai_api_key",
      "provider": "provider[\"registry.terraform.io/hashicorp/aws\"]",
      "instances": [
        {
          "schema_version": 0,
          "attributes": {
            "arn": "arn:aws:secretsmanager:us-east-2:971422717446:secret:hutch-learntrac-dev-openai-api-key-zThpKt",
            "has_secret_string_wo": null,
            "id": "arn:aws:secretsmanager:us-east-2:971422717446:secret:hutch-learntrac-dev-openai-api-key-zThpKt|terraform-2025072302024039720000000d",
            "secret_binary": "",
            "secret_id": "arn:aws:secretsmanager:us-east-2:971422717446:secret:hutch-learntrac-dev-openai-api-key-zThpKt",
            "secret_string": "{\"api_key\":\"\"}",
            "secret_string_wo": null,
            "secret_string_wo_version": null,
            "version_id": "terraform-2025072302024039720000000d",
            "version_stages": [
              "AWSCURRENT"
            ]
          },
          "sensitive_attributes": [
            [
              {
                "type": "get_attr",
                "value": "secret_string"
              }
            ]
          ],
          "private": "bnVsbA==",
          "dependencies": [
            "aws_secretsmanager_secret.openai_api_key"
          ]
        }
      ]
    },
    {
      "mode": "managed",
      "type": "aws_security_group",
      "name": "lambda_sg",
      "provider": "provider[\"registry.terraform.io/hashicorp/aws\"]",
      "instances": [
        {
          "schema_version": 1,
          "attributes": {
            "arn": "arn:aws:ec2:us-east-2:971422717446:security-group/sg-0158fa1aeae6bbb89",
            "description": "Security group for Lambda functions",
            "egress": [
              {
                "cidr_blocks": [
                  "0.0.0.0/0"
                ],
                "description": "Allow all outbound traffic",
                "from_port": 0,
                "ipv6_cidr_blocks": [],
                "prefix_list_ids": [],
                "protocol": "-1",
                "security_groups": [],
                "self": false,
                "to_port": 0
              }
            ],
            "id": "sg-0158fa1aeae6bbb89",
            "ingress": [],
            "name": "hutch-learntrac-dev-lambda-sg",
            "name_prefix": "",
            "owner_id": "971422717446",
            "revoke_rules_on_delete": false,
            "tags": {
              "CreatedDate": "2025-07-22",
              "Environment": "dev",
              "ManagedBy": "Terraform",
              "Name": "hutch-learntrac-dev-lambda-sg",
              "Owner": "hutch",
              "OwnerEmail": "hutchenbach@gmail.com",
              "Project": "learntrac"
            },
            "tags_all": {
              "CreatedDate": "2025-07-22",
              "Environment": "dev",
              "ManagedBy": "Terraform",
              "Name": "hutch-learntrac-dev-lambda-sg",
              "Owner": "hutch",
              "OwnerEmail": "hutchenbach@gmail.com",
              "Project": "learntrac"
            },
            "timeouts": null,
            "vpc_id": "vpc-07c7f6104ea4eeb60"
          },
          "sensitive_attributes": [],
          "private": "eyJlMmJmYjczMC1lY2FhLTExZTYtOGY4OC0zNDM2M2JjN2M0YzAiOnsiY3JlYXRlIjo2MDAwMDAwMDAwMDAsImRlbGV0ZSI6OTAwMDAwMDAwMDAwfSwic2NoZW1hX3ZlcnNpb24iOiIxIn0=",
          "dependencies": [
            "data.aws_vpc.default"
          ]
        }
      ]
    },
    {
      "mode": "managed",
      "type": "aws_security_group",
      "name": "rds",
      "provider": "provider[\"registry.terraform.io/hashicorp/aws\"]",
      "instances": [
        {
          "schema_version": 1,
          "attributes": {
            "arn": "arn:aws:ec2:us-east-2:971422717446:security-group/sg-0456074f9f3016cdf",
            "description": "Security group for hutch learntrac RDS instance - dev",
            "egress": [
              {
                "cidr_blocks": [
                  "0.0.0.0/0"
                ],
                "description": "Allow all outbound traffic",
                "from_port": 0,
                "ipv6_cidr_blocks": [],
                "prefix_list_ids": [],
                "protocol": "-1",
                "security_groups": [],
                "self": false,
                "to_port": 0
              }
            ],
            "id": "sg-0456074f9f3016cdf",
            "ingress": [
              {
                "cidr_blocks": [
                  "162.206.172.65/32"
                ],
                "description": "PostgreSQL access from developer IP",
                "from_port": 5432,
                "ipv6_cidr_blocks": [],
                "prefix_list_ids": [],
                "protocol": "tcp",
                "security_groups": [],
                "self": false,
                "to_port": 5432
              }
            ],
            "name": "hutch-learntrac-dev-rds-sg",
            "name_prefix": "",
            "owner_id": "971422717446",
            "revoke_rules_on_delete": false,
            "tags": {
              "CreatedDate": "2025-07-22",
              "Environment": "dev",
              "ManagedBy": "Terraform",
              "Name": "hutch-learntrac-dev-rds-sg",
              "Owner": "hutch",
              "OwnerEmail": "hutchenbach@gmail.com",
              "Project": "learntrac"
            },
            "tags_all": {
              "CreatedDate": "2025-07-22",
              "Environment": "dev",
              "ManagedBy": "Terraform",
              "Name": "hutch-learntrac-dev-rds-sg",
              "Owner": "hutch",
              "OwnerEmail": "hutchenbach@gmail.com",
              "Project": "learntrac"
            },
            "timeouts": null,
            "vpc_id": "vpc-07c7f6104ea4eeb60"
          },
          "sensitive_attributes": [],
          "private": "eyJlMmJmYjczMC1lY2FhLTExZTYtOGY4OC0zNDM2M2JjN2M0YzAiOnsiY3JlYXRlIjo2MDAwMDAwMDAwMDAsImRlbGV0ZSI6OTAwMDAwMDAwMDAwfSwic2NoZW1hX3ZlcnNpb24iOiIxIn0=",
          "dependencies": [
            "data.aws_vpc.default"
          ],
          "create_before_destroy": true
        }
      ]
    },
    {
      "mode": "managed",
      "type": "aws_security_group",
      "name": "rds_app_access",
      "provider": "provider[\"registry.terraform.io/hashicorp/aws\"]",
      "instances": [
        {
          "schema_version": 1,
          "attributes": {
            "arn": "arn:aws:ec2:us-east-2:971422717446:security-group/sg-0c8755b3db3808a42",
            "description": "Security group for application layer RDS access",
            "egress": [],
            "id": "sg-0c8755b3db3808a42",
            "ingress": [],
            "name": "hutch-learntrac-dev-rds-app-sg",
            "name_prefix": "",
            "owner_id": "971422717446",
            "revoke_rules_on_delete": false,
            "tags": {
              "CreatedDate": "2025-07-22",
              "Environment": "dev",
              "ManagedBy": "Terraform",
              "Name": "hutch-learntrac-dev-rds-app-access",
              "Owner": "hutch",
              "OwnerEmail": "hutchenbach@gmail.com",
              "Project": "learntrac"
            },
            "tags_all": {
              "CreatedDate": "2025-07-22",
              "Environment": "dev",
              "ManagedBy": "Terraform",
              "Name": "hutch-learntrac-dev-rds-app-access",
              "Owner": "hutch",
              "OwnerEmail": "hutchenbach@gmail.com",
              "Project": "learntrac"
            },
            "timeouts": null,
            "vpc_id": "vpc-07c7f6104ea4eeb60"
          },
          "sensitive_attributes": [],
          "private": "eyJlMmJmYjczMC1lY2FhLTExZTYtOGY4OC0zNDM2M2JjN2M0YzAiOnsiY3JlYXRlIjo2MDAwMDAwMDAwMDAsImRlbGV0ZSI6OTAwMDAwMDAwMDAwfSwic2NoZW1hX3ZlcnNpb24iOiIxIn0=",
          "dependencies": [
            "data.aws_vpc.default"
          ]
        }
      ]
    },
    {
      "mode": "managed",
      "type": "aws_security_group",
      "name": "redis",
      "provider": "provider[\"registry.terraform.io/hashicorp/aws\"]",
      "instances": [
        {
          "schema_version": 1,
          "attributes": {
            "arn": "arn:aws:ec2:us-east-2:971422717446:security-group/sg-00960c1c47062ad68",
            "description": "Managed by Terraform",
            "egress": [
              {
                "cidr_blocks": [
                  "0.0.0.0/0"
                ],
                "description": "Allow all outbound traffic",
                "from_port": 0,
                "ipv6_cidr_blocks": [],
                "prefix_list_ids": [],
                "protocol": "-1",
                "security_groups": [],
                "self": false,
                "to_port": 0
              }
            ],
            "id": "sg-00960c1c47062ad68",
            "ingress": [
              {
                "cidr_blocks": [],
                "description": "Redis access from ECS services",
                "from_port": 6379,
                "ipv6_cidr_blocks": [],
                "prefix_list_ids": [],
                "protocol": "tcp",
                "security_groups": [
                  "sg-035e0decc36b18df0",
                  "sg-099f0e67fcf8b6870"
                ],
                "self": false,
                "to_port": 6379
              }
            ],
            "name": "hutch-learntrac-dev-redis-sg20250723020246144000000010",
            "name_prefix": "hutch-learntrac-dev-redis-sg",
            "owner_id": "971422717446",
            "revoke_rules_on_delete": false,
            "tags": {
              "CreatedDate": "2025-07-22",
              "Environment": "dev",
              "ManagedBy": "Terraform",
              "Name": "hutch-learntrac-dev-redis-sg",
              "Owner": "hutch",
              "OwnerEmail": "hutchenbach@gmail.com",
              "Project": "learntrac"
            },
            "tags_all": {
              "CreatedDate": "2025-07-22",
              "Environment": "dev",
              "ManagedBy": "Terraform",
              "Name": "hutch-learntrac-dev-redis-sg",
              "Owner": "hutch",
              "OwnerEmail": "hutchenbach@gmail.com",
              "Project": "learntrac"
            },
            "timeouts": null,
            "vpc_id": "vpc-07c7f6104ea4eeb60"
          },
          "sensitive_attributes": [],
          "private": "eyJlMmJmYjczMC1lY2FhLTExZTYtOGY4OC0zNDM2M2JjN2M0YzAiOnsiY3JlYXRlIjo2MDAwMDAwMDAwMDAsImRlbGV0ZSI6OTAwMDAwMDAwMDAwfSwic2NoZW1hX3ZlcnNpb24iOiIxIn0=",
          "dependencies": [
            "data.aws_vpc.default",
            "module.alb.aws_security_group.alb",
            "module.learntrac_service.aws_security_group.ecs_tasks",
            "module.trac_service.aws_security_group.ecs_tasks"
          ]
        }
      ]
    },
    {
      "mode": "managed",
      "type": "aws_security_group",
      "name": "vpc_endpoints",
      "provider": "provider[\"registry.terraform.io/hashicorp/aws\"]",
      "instances": [
        {
          "schema_version": 1,
          "attributes": {
            "arn": "arn:aws:ec2:us-east-2:971422717446:security-group/sg-0a93db0ab05f5b9e0",
            "description": "Security group for VPC endpoints",
            "egress": [
              {
                "cidr_blocks": [
                  "0.0.0.0/0"
                ],
                "description": "Allow all outbound traffic",
                "from_port": 0,
                "ipv6_cidr_blocks": [],
                "prefix_list_ids": [],
                "protocol": "-1",
                "security_groups": [],
                "self": false,
                "to_port": 0
              }
            ],
            "id": "sg-0a93db0ab05f5b9e0",
            "ingress": [
              {
                "cidr_blocks": [
                  "172.31.0.0/16"
                ],
                "description": "Allow HTTPS from VPC",
                "from_port": 443,
                "ipv6_cidr_blocks": [],
                "prefix_list_ids": [],
                "protocol": "tcp",
                "security_groups": [],
                "self": false,
                "to_port": 443
              }
            ],
            "name": "hutch-learntrac-dev-vpc-endpoints-sg20250723193429972400000002",
            "name_prefix": "hutch-learntrac-dev-vpc-endpoints-sg",
            "owner_id": "971422717446",
            "revoke_rules_on_delete": false,
            "tags": {
              "CreatedDate": "2025-07-22",
              "Environment": "dev",
              "ManagedBy": "Terraform",
              "Name": "hutch-learntrac-dev-vpc-endpoints-sg",
              "Owner": "hutch",
              "OwnerEmail": "hutchenbach@gmail.com",
              "Project": "learntrac"
            },
            "tags_all": {
              "CreatedDate": "2025-07-22",
              "Environment": "dev",
              "ManagedBy": "Terraform",
              "Name": "hutch-learntrac-dev-vpc-endpoints-sg",
              "Owner": "hutch",
              "OwnerEmail": "hutchenbach@gmail.com",
              "Project": "learntrac"
            },
            "timeouts": null,
            "vpc_id": "vpc-07c7f6104ea4eeb60"
          },
          "sensitive_attributes": [],
          "private": "eyJlMmJmYjczMC1lY2FhLTExZTYtOGY4OC0zNDM2M2JjN2M0YzAiOnsiY3JlYXRlIjo2MDAwMDAwMDAwMDAsImRlbGV0ZSI6OTAwMDAwMDAwMDAwfSwic2NoZW1hX3ZlcnNpb24iOiIxIn0=",
          "dependencies": [
            "data.aws_vpc.default"
          ]
        }
      ]
    },
    {
      "mode": "managed",
      "type": "aws_security_group_rule",
      "name": "rds_from_ecs",
      "provider": "provider[\"registry.terraform.io/hashicorp/aws\"]",
      "instances": [
        {
          "schema_version": 2,
          "attributes": {
            "cidr_blocks": null,
            "description": "PostgreSQL access from ECS tasks",
            "from_port": 5432,
            "id": "sgrule-1908787847",
            "ipv6_cidr_blocks": null,
            "prefix_list_ids": null,
            "protocol": "tcp",
            "security_group_id": "sg-0456074f9f3016cdf",
            "security_group_rule_id": "sgr-0ed38f5e90f253fd0",
            "self": false,
            "source_security_group_id": "sg-099f0e67fcf8b6870",
            "timeouts": null,
            "to_port": 5432,
            "type": "ingress"
          },
          "sensitive_attributes": [],
          "private": "eyJlMmJmYjczMC1lY2FhLTExZTYtOGY4OC0zNDM2M2JjN2M0YzAiOnsiY3JlYXRlIjozMDAwMDAwMDAwMDB9LCJzY2hlbWFfdmVyc2lvbiI6IjIifQ==",
          "dependencies": [
            "aws_security_group.rds",
            "module.trac_service.aws_security_group.ecs_tasks"
          ]
        }
      ]
    },
    {
      "mode": "managed",
      "type": "aws_security_group_rule",
      "name": "rds_from_ecs_learntrac",
      "provider": "provider[\"registry.terraform.io/hashicorp/aws\"]",
      "instances": [
        {
          "schema_version": 2,
          "attributes": {
            "cidr_blocks": null,
            "description": "PostgreSQL access from LearnTrac API ECS service",
            "from_port": 5432,
            "id": "sgrule-288379956",
            "ipv6_cidr_blocks": null,
            "prefix_list_ids": null,
            "protocol": "tcp",
            "security_group_id": "sg-0456074f9f3016cdf",
            "security_group_rule_id": "sgr-0206c660ce457c42c",
            "self": false,
            "source_security_group_id": "sg-035e0decc36b18df0",
            "timeouts": null,
            "to_port": 5432,
            "type": "ingress"
          },
          "sensitive_attributes": [],
          "private": "eyJlMmJmYjczMC1lY2FhLTExZTYtOGY4OC0zNDM2M2JjN2M0YzAiOnsiY3JlYXRlIjozMDAwMDAwMDAwMDB9LCJzY2hlbWFfdmVyc2lvbiI6IjIifQ==",
          "dependencies": [
            "aws_security_group.rds",
            "module.learntrac_service.aws_security_group.ecs_tasks"
          ]
        }
      ]
    },
    {
      "mode": "managed",
      "type": "aws_security_group_rule",
      "name": "rds_from_lambda",
      "provider": "provider[\"registry.terraform.io/hashicorp/aws\"]",
      "instances": [
        {
          "schema_version": 2,
          "attributes": {
            "cidr_blocks": null,
            "description": "PostgreSQL access from Lambda functions",
            "from_port": 5432,
            "id": "sgrule-62085859",
            "ipv6_cidr_blocks": null,
            "prefix_list_ids": null,
            "protocol": "tcp",
            "security_group_id": "sg-0456074f9f3016cdf",
            "security_group_rule_id": "sgr-0e71081095ca7f1d3",
            "self": false,
            "source_security_group_id": "sg-0158fa1aeae6bbb89",
            "timeouts": null,
            "to_port": 5432,
            "type": "ingress"
          },
          "sensitive_attributes": [],
          "private": "eyJlMmJmYjczMC1lY2FhLTExZTYtOGY4OC0zNDM2M2JjN2M0YzAiOnsiY3JlYXRlIjozMDAwMDAwMDAwMDB9LCJzY2hlbWFfdmVyc2lvbiI6IjIifQ==",
          "dependencies": [
            "aws_security_group.lambda_sg",
            "aws_security_group.rds"
          ]
        }
      ]
    },
    {
      "mode": "managed",
      "type": "aws_vpc_endpoint",
      "name": "ecr_api",
      "provider": "provider[\"registry.terraform.io/hashicorp/aws\"]",
      "instances": [
        {
          "schema_version": 0,
          "attributes": {
            "arn": "arn:aws:ec2:us-east-2:971422717446:vpc-endpoint/vpce-0746a70568a4c9bb0",
            "auto_accept": null,
            "cidr_blocks": [],
            "dns_entry": [
              {
                "dns_name": "vpce-0746a70568a4c9bb0-qqo8ltgj.api.ecr.us-east-2.vpce.amazonaws.com",
                "hosted_zone_id": "ZC8PG0KIFKBRI"
              },
              {
                "dns_name": "vpce-0746a70568a4c9bb0-qqo8ltgj-us-east-2c.api.ecr.us-east-2.vpce.amazonaws.com",
                "hosted_zone_id": "ZC8PG0KIFKBRI"
              },
              {
                "dns_name": "vpce-0746a70568a4c9bb0-qqo8ltgj-us-east-2b.api.ecr.us-east-2.vpce.amazonaws.com",
                "hosted_zone_id": "ZC8PG0KIFKBRI"
              },
              {
                "dns_name": "vpce-0746a70568a4c9bb0-qqo8ltgj-us-east-2a.api.ecr.us-east-2.vpce.amazonaws.com",
                "hosted_zone_id": "ZC8PG0KIFKBRI"
              },
              {
                "dns_name": "api.ecr.us-east-2.amazonaws.com",
                "hosted_zone_id": "Z0680056GNNDNTYRVO28"
              },
              {
                "dns_name": "ecr.us-east-2.api.aws",
                "hosted_zone_id": "Z0264847DZ0TQVQMRKQF"
              }
            ],
            "dns_options": [
              {
                "dns_record_ip_type": "ipv4",
                "private_dns_only_for_inbound_resolver_endpoint": false
              }
            ],
            "id": "vpce-0746a70568a4c9bb0",
            "ip_address_type": "ipv4",
            "network_interface_ids": [
              "eni-02f3b8528ef9adc81",
              "eni-04210ef9631f5c04f",
              "eni-08d90d67c2bc3c429"
            ],
            "owner_id": "971422717446",
            "policy": "{\"Statement\":[{\"Action\":\"*\",\"Effect\":\"Allow\",\"Principal\":\"*\",\"Resource\":\"*\"}]}",
            "prefix_list_id": null,
            "private_dns_enabled": true,
            "requester_managed": false,
            "resource_configuration_arn": "",
            "route_table_ids": [],
            "security_group_ids": [
              "sg-0a93db0ab05f5b9e0"
            ],
            "service_name": "com.amazonaws.us-east-2.ecr.api",
            "service_network_arn": "",
            "service_region": "us-east-2",
            "state": "available",
            "subnet_configuration": [
              {
                "ipv4": "172.31.19.51",
                "ipv6": "",
                "subnet_id": "subnet-03260fcd9c243f7b8"
              },
              {
                "ipv4": "172.31.38.252",
                "ipv6": "",
                "subnet_id": "subnet-068fcd2e51c94a130"
              },
              {
                "ipv4": "172.31.8.214",
                "ipv6": "",
                "subnet_id": "subnet-03595b890b049b697"
              }
            ],
            "subnet_ids": [
              "subnet-03260fcd9c243f7b8",
              "subnet-03595b890b049b697",
              "subnet-068fcd2e51c94a130"
            ],
            "tags": {
              "CreatedDate": "2025-07-22",
              "Environment": "dev",
              "ManagedBy": "Terraform",
              "Name": "hutch-learntrac-dev-ecr-api-endpoint",
              "Owner": "hutch",
              "OwnerEmail": "hutchenbach@gmail.com",
              "Project": "learntrac"
            },
            "tags_all": {
              "CreatedDate": "2025-07-22",
              "Environment": "dev",
              "ManagedBy": "Terraform",
              "Name": "hutch-learntrac-dev-ecr-api-endpoint",
              "Owner": "hutch",
              "OwnerEmail": "hutchenbach@gmail.com",
              "Project": "learntrac"
            },
            "timeouts": null,
            "vpc_endpoint_type": "Interface",
            "vpc_id": "vpc-07c7f6104ea4eeb60"
          },
          "sensitive_attributes": [],
          "private": "eyJlMmJmYjczMC1lY2FhLTExZTYtOGY4OC0zNDM2M2JjN2M0YzAiOnsiY3JlYXRlIjo2MDAwMDAwMDAwMDAsImRlbGV0ZSI6NjAwMDAwMDAwMDAwLCJ1cGRhdGUiOjYwMDAwMDAwMDAwMH19",
          "dependencies": [
            "aws_security_group.vpc_endpoints",
            "data.aws_subnets.default",
            "data.aws_vpc.default"
          ]
        }
      ]
    },
    {
      "mode": "managed",
      "type": "aws_vpc_endpoint",
      "name": "ecr_dkr",
      "provider": "provider[\"registry.terraform.io/hashicorp/aws\"]",
      "instances": [
        {
          "schema_version": 0,
          "attributes": {
            "arn": "arn:aws:ec2:us-east-2:971422717446:vpc-endpoint/vpce-09b67d1fb931339e7",
            "auto_accept": null,
            "cidr_blocks": [],
            "dns_entry": [
              {
                "dns_name": "vpce-09b67d1fb931339e7-gfblf3ih.dkr.ecr.us-east-2.vpce.amazonaws.com",
                "hosted_zone_id": "ZC8PG0KIFKBRI"
              },
              {
                "dns_name": "vpce-09b67d1fb931339e7-gfblf3ih-us-east-2a.dkr.ecr.us-east-2.vpce.amazonaws.com",
                "hosted_zone_id": "ZC8PG0KIFKBRI"
              },
              {
                "dns_name": "vpce-09b67d1fb931339e7-gfblf3ih-us-east-2b.dkr.ecr.us-east-2.vpce.amazonaws.com",
                "hosted_zone_id": "ZC8PG0KIFKBRI"
              },
              {
                "dns_name": "vpce-09b67d1fb931339e7-gfblf3ih-us-east-2c.dkr.ecr.us-east-2.vpce.amazonaws.com",
                "hosted_zone_id": "ZC8PG0KIFKBRI"
              },
              {
                "dns_name": "dkr.ecr.us-east-2.amazonaws.com",
                "hosted_zone_id": "Z02640091XJ0R7LJBYNFR"
              },
              {
                "dns_name": "*.dkr.ecr.us-east-2.amazonaws.com",
                "hosted_zone_id": "Z02640091XJ0R7LJBYNFR"
              },
              {
                "dns_name": "dkr-ecr.us-east-2.on.aws",
                "hosted_zone_id": "Z06827152U0RBO9ODYOC1"
              },
              {
                "dns_name": "*.dkr-ecr.us-east-2.on.aws",
                "hosted_zone_id": "Z06827152U0RBO9ODYOC1"
              }
            ],
            "dns_options": [
              {
                "dns_record_ip_type": "ipv4",
                "private_dns_only_for_inbound_resolver_endpoint": false
              }
            ],
            "id": "vpce-09b67d1fb931339e7",
            "ip_address_type": "ipv4",
            "network_interface_ids": [
              "eni-02bf69ea77573f369",
              "eni-0c3e12c43984ea776",
              "eni-0e638f31ab80bcfa4"
            ],
            "owner_id": "971422717446",
            "policy": "{\"Statement\":[{\"Action\":\"*\",\"Effect\":\"Allow\",\"Principal\":\"*\",\"Resource\":\"*\"}]}",
            "prefix_list_id": null,
            "private_dns_enabled": true,
            "requester_managed": false,
            "resource_configuration_arn": "",
            "route_table_ids": [],
            "security_group_ids": [
              "sg-0a93db0ab05f5b9e0"
            ],
            "service_name": "com.amazonaws.us-east-2.ecr.dkr",
            "service_network_arn": "",
            "service_region": "us-east-2",
            "state": "available",
            "subnet_configuration": [
              {
                "ipv4": "172.31.17.237",
                "ipv6": "",
                "subnet_id": "subnet-03260fcd9c243f7b8"
              },
              {
                "ipv4": "172.31.34.73",
                "ipv6": "",
                "subnet_id": "subnet-068fcd2e51c94a130"
              },
              {
                "ipv4": "172.31.6.199",
                "ipv6": "",
                "subnet_id": "subnet-03595b890b049b697"
              }
            ],
            "subnet_ids": [
              "subnet-03260fcd9c243f7b8",
              "subnet-03595b890b049b697",
              "subnet-068fcd2e51c94a130"
            ],
            "tags": {
              "CreatedDate": "2025-07-22",
              "Environment": "dev",
              "ManagedBy": "Terraform",
              "Name": "hutch-learntrac-dev-ecr-dkr-endpoint",
              "Owner": "hutch",
              "OwnerEmail": "hutchenbach@gmail.com",
              "Project": "learntrac"
            },
            "tags_all": {
              "CreatedDate": "2025-07-22",
              "Environment": "dev",
              "ManagedBy": "Terraform",
              "Name": "hutch-learntrac-dev-ecr-dkr-endpoint",
              "Owner": "hutch",
              "OwnerEmail": "hutchenbach@gmail.com",
              "Project": "learntrac"
            },
            "timeouts": null,
            "vpc_endpoint_type": "Interface",
            "vpc_id": "vpc-07c7f6104ea4eeb60"
          },
          "sensitive_attributes": [],
          "private": "eyJlMmJmYjczMC1lY2FhLTExZTYtOGY4OC0zNDM2M2JjN2M0YzAiOnsiY3JlYXRlIjo2MDAwMDAwMDAwMDAsImRlbGV0ZSI6NjAwMDAwMDAwMDAwLCJ1cGRhdGUiOjYwMDAwMDAwMDAwMH19",
          "dependencies": [
            "aws_security_group.vpc_endpoints",
            "data.aws_subnets.default",
            "data.aws_vpc.default"
          ]
        }
      ]
    },
    {
      "mode": "managed",
      "type": "aws_vpc_endpoint",
      "name": "logs",
      "provider": "provider[\"registry.terraform.io/hashicorp/aws\"]",
      "instances": [
        {
          "schema_version": 0,
          "attributes": {
            "arn": "arn:aws:ec2:us-east-2:971422717446:vpc-endpoint/vpce-0408721097ea7344a",
            "auto_accept": null,
            "cidr_blocks": [],
            "dns_entry": [
              {
                "dns_name": "vpce-0408721097ea7344a-noy8uxoy.logs.us-east-2.vpce.amazonaws.com",
                "hosted_zone_id": "ZC8PG0KIFKBRI"
              },
              {
                "dns_name": "vpce-0408721097ea7344a-noy8uxoy-us-east-2a.logs.us-east-2.vpce.amazonaws.com",
                "hosted_zone_id": "ZC8PG0KIFKBRI"
              },
              {
                "dns_name": "vpce-0408721097ea7344a-noy8uxoy-us-east-2b.logs.us-east-2.vpce.amazonaws.com",
                "hosted_zone_id": "ZC8PG0KIFKBRI"
              },
              {
                "dns_name": "vpce-0408721097ea7344a-noy8uxoy-us-east-2c.logs.us-east-2.vpce.amazonaws.com",
                "hosted_zone_id": "ZC8PG0KIFKBRI"
              },
              {
                "dns_name": "logs.us-east-2.amazonaws.com",
                "hosted_zone_id": "Z02657746IKWDNF2SB7E"
              },
              {
                "dns_name": "logs.us-east-2.api.aws",
                "hosted_zone_id": "Z02657753ANAKEY4GO9G8"
              },
              {
                "dns_name": "streaming-logs.us-east-2.api.aws",
                "hosted_zone_id": "Z02657623E9T7HM8D0IUO"
              },
              {
                "dns_name": "streaming-logs.us-east-2.amazonaws.com",
                "hosted_zone_id": "Z06809992I3GNVVMDXV5E"
              }
            ],
            "dns_options": [
              {
                "dns_record_ip_type": "ipv4",
                "private_dns_only_for_inbound_resolver_endpoint": false
              }
            ],
            "id": "vpce-0408721097ea7344a",
            "ip_address_type": "ipv4",
            "network_interface_ids": [
              "eni-003d3e6a7aa66e6b1",
              "eni-06640fe8946584247",
              "eni-0d76b15fd272b35ab"
            ],
            "owner_id": "971422717446",
            "policy": "{\"Statement\":[{\"Action\":\"*\",\"Effect\":\"Allow\",\"Principal\":\"*\",\"Resource\":\"*\"}]}",
            "prefix_list_id": null,
            "private_dns_enabled": true,
            "requester_managed": false,
            "resource_configuration_arn": "",
            "route_table_ids": [],
            "security_group_ids": [
              "sg-0a93db0ab05f5b9e0"
            ],
            "service_name": "com.amazonaws.us-east-2.logs",
            "service_network_arn": "",
            "service_region": "us-east-2",
            "state": "available",
            "subnet_configuration": [
              {
                "ipv4": "172.31.27.44",
                "ipv6": "",
                "subnet_id": "subnet-03260fcd9c243f7b8"
              },
              {
                "ipv4": "172.31.45.177",
                "ipv6": "",
                "subnet_id": "subnet-068fcd2e51c94a130"
              },
              {
                "ipv4": "172.31.7.83",
                "ipv6": "",
                "subnet_id": "subnet-03595b890b049b697"
              }
            ],
            "subnet_ids": [
              "subnet-03260fcd9c243f7b8",
              "subnet-03595b890b049b697",
              "subnet-068fcd2e51c94a130"
            ],
            "tags": {
              "CreatedDate": "2025-07-22",
              "Environment": "dev",
              "ManagedBy": "Terraform",
              "Name": "hutch-learntrac-dev-logs-endpoint",
              "Owner": "hutch",
              "OwnerEmail": "hutchenbach@gmail.com",
              "Project": "learntrac"
            },
            "tags_all": {
              "CreatedDate": "2025-07-22",
              "Environment": "dev",
              "ManagedBy": "Terraform",
              "Name": "hutch-learntrac-dev-logs-endpoint",
              "Owner": "hutch",
              "OwnerEmail": "hutchenbach@gmail.com",
              "Project": "learntrac"
            },
            "timeouts": null,
            "vpc_endpoint_type": "Interface",
            "vpc_id": "vpc-07c7f6104ea4eeb60"
          },
          "sensitive_attributes": [],
          "private": "eyJlMmJmYjczMC1lY2FhLTExZTYtOGY4OC0zNDM2M2JjN2M0YzAiOnsiY3JlYXRlIjo2MDAwMDAwMDAwMDAsImRlbGV0ZSI6NjAwMDAwMDAwMDAwLCJ1cGRhdGUiOjYwMDAwMDAwMDAwMH19",
          "dependencies": [
            "aws_security_group.vpc_endpoints",
            "data.aws_subnets.default",
            "data.aws_vpc.default"
          ]
        }
      ]
    },
    {
      "mode": "managed",
      "type": "aws_vpc_endpoint",
      "name": "s3",
      "provider": "provider[\"registry.terraform.io/hashicorp/aws\"]",
      "instances": [
        {
          "schema_version": 0,
          "attributes": {
            "arn": "arn:aws:ec2:us-east-2:971422717446:vpc-endpoint/vpce-0b31d28d040f1b1b5",
            "auto_accept": null,
            "cidr_blocks": [
              "18.34.252.0/22",
              "52.219.141.0/24",
              "18.34.72.0/21",
              "52.219.96.0/20",
              "52.219.224.0/21",
              "16.12.60.0/22",
              "52.219.232.0/22",
              "52.219.80.0/20",
              "3.5.128.0/22",
              "52.219.142.0/23",
              "3.5.132.0/23",
              "16.12.64.0/22",
              "52.219.212.0/22",
              "52.219.176.0/22"
            ],
            "dns_entry": [],
            "dns_options": [],
            "id": "vpce-0b31d28d040f1b1b5",
            "ip_address_type": "",
            "network_interface_ids": [],
            "owner_id": "971422717446",
            "policy": "{\"Statement\":[{\"Action\":\"*\",\"Effect\":\"Allow\",\"Principal\":\"*\",\"Resource\":\"*\"}],\"Version\":\"2008-10-17\"}",
            "prefix_list_id": "pl-7ba54012",
            "private_dns_enabled": false,
            "requester_managed": false,
            "resource_configuration_arn": "",
            "route_table_ids": [
              "rtb-07fc340347e240270"
            ],
            "security_group_ids": [],
            "service_name": "com.amazonaws.us-east-2.s3",
            "service_network_arn": "",
            "service_region": "us-east-2",
            "state": "available",
            "subnet_configuration": [],
            "subnet_ids": [],
            "tags": {
              "CreatedDate": "2025-07-22",
              "Environment": "dev",
              "ManagedBy": "Terraform",
              "Name": "hutch-learntrac-dev-s3-endpoint",
              "Owner": "hutch",
              "OwnerEmail": "hutchenbach@gmail.com",
              "Project": "learntrac"
            },
            "tags_all": {
              "CreatedDate": "2025-07-22",
              "Environment": "dev",
              "ManagedBy": "Terraform",
              "Name": "hutch-learntrac-dev-s3-endpoint",
              "Owner": "hutch",
              "OwnerEmail": "hutchenbach@gmail.com",
              "Project": "learntrac"
            },
            "timeouts": null,
            "vpc_endpoint_type": "Gateway",
            "vpc_id": "vpc-07c7f6104ea4eeb60"
          },
          "sensitive_attributes": [],
          "private": "eyJlMmJmYjczMC1lY2FhLTExZTYtOGY4OC0zNDM2M2JjN2M0YzAiOnsiY3JlYXRlIjo2MDAwMDAwMDAwMDAsImRlbGV0ZSI6NjAwMDAwMDAwMDAwLCJ1cGRhdGUiOjYwMDAwMDAwMDAwMH19",
          "dependencies": [
            "data.aws_route_tables.all",
            "data.aws_vpc.default"
          ]
        }
      ]
    },
    {
      "mode": "managed",
      "type": "aws_vpc_endpoint",
      "name": "secrets_manager",
      "provider": "provider[\"registry.terraform.io/hashicorp/aws\"]",
      "instances": [
        {
          "schema_version": 0,
          "attributes": {
            "arn": "arn:aws:ec2:us-east-2:971422717446:vpc-endpoint/vpce-0b80309cf4a00bcb6",
            "auto_accept": null,
            "cidr_blocks": [],
            "dns_entry": [
              {
                "dns_name": "vpce-0b80309cf4a00bcb6-0r320lbn.secretsmanager.us-east-2.vpce.amazonaws.com",
                "hosted_zone_id": "ZC8PG0KIFKBRI"
              },
              {
                "dns_name": "vpce-0b80309cf4a00bcb6-0r320lbn-us-east-2c.secretsmanager.us-east-2.vpce.amazonaws.com",
                "hosted_zone_id": "ZC8PG0KIFKBRI"
              },
              {
                "dns_name": "vpce-0b80309cf4a00bcb6-0r320lbn-us-east-2b.secretsmanager.us-east-2.vpce.amazonaws.com",
                "hosted_zone_id": "ZC8PG0KIFKBRI"
              },
              {
                "dns_name": "vpce-0b80309cf4a00bcb6-0r320lbn-us-east-2a.secretsmanager.us-east-2.vpce.amazonaws.com",
                "hosted_zone_id": "ZC8PG0KIFKBRI"
              },
              {
                "dns_name": "secretsmanager.us-east-2.amazonaws.com",
                "hosted_zone_id": "Z06810138603IUIVOMJG"
              }
            ],
            "dns_options": [
              {
                "dns_record_ip_type": "ipv4",
                "private_dns_only_for_inbound_resolver_endpoint": false
              }
            ],
            "id": "vpce-0b80309cf4a00bcb6",
            "ip_address_type": "ipv4",
            "network_interface_ids": [
              "eni-0946033e0f481131b",
              "eni-09fb1061341d93b5f",
              "eni-0c0d16ec8f5d52c84"
            ],
            "owner_id": "971422717446",
            "policy": "{\"Statement\":[{\"Action\":\"*\",\"Effect\":\"Allow\",\"Principal\":\"*\",\"Resource\":\"*\"}]}",
            "prefix_list_id": null,
            "private_dns_enabled": true,
            "requester_managed": false,
            "resource_configuration_arn": "",
            "route_table_ids": [],
            "security_group_ids": [
              "sg-0a93db0ab05f5b9e0"
            ],
            "service_name": "com.amazonaws.us-east-2.secretsmanager",
            "service_network_arn": "",
            "service_region": "us-east-2",
            "state": "available",
            "subnet_configuration": [
              {
                "ipv4": "172.31.11.180",
                "ipv6": "",
                "subnet_id": "subnet-03595b890b049b697"
              },
              {
                "ipv4": "172.31.31.159",
                "ipv6": "",
                "subnet_id": "subnet-03260fcd9c243f7b8"
              },
              {
                "ipv4": "172.31.39.188",
                "ipv6": "",
                "subnet_id": "subnet-068fcd2e51c94a130"
              }
            ],
            "subnet_ids": [
              "subnet-03260fcd9c243f7b8",
              "subnet-03595b890b049b697",
              "subnet-068fcd2e51c94a130"
            ],
            "tags": {
              "CreatedDate": "2025-07-22",
              "Environment": "dev",
              "ManagedBy": "Terraform",
              "Name": "hutch-learntrac-dev-secrets-endpoint",
              "Owner": "hutch",
              "OwnerEmail": "hutchenbach@gmail.com",
              "Project": "learntrac"
            },
            "tags_all": {
              "CreatedDate": "2025-07-22",
              "Environment": "dev",
              "ManagedBy": "Terraform",
              "Name": "hutch-learntrac-dev-secrets-endpoint",
              "Owner": "hutch",
              "OwnerEmail": "hutchenbach@gmail.com",
              "Project": "learntrac"
            },
            "timeouts": null,
            "vpc_endpoint_type": "Interface",
            "vpc_id": "vpc-07c7f6104ea4eeb60"
          },
          "sensitive_attributes": [],
          "private": "eyJlMmJmYjczMC1lY2FhLTExZTYtOGY4OC0zNDM2M2JjN2M0YzAiOnsiY3JlYXRlIjo2MDAwMDAwMDAwMDAsImRlbGV0ZSI6NjAwMDAwMDAwMDAwLCJ1cGRhdGUiOjYwMDAwMDAwMDAwMH19",
          "dependencies": [
            "aws_security_group.vpc_endpoints",
            "data.aws_subnets.default",
            "data.aws_vpc.default"
          ]
        }
      ]
    },
    {
      "mode": "managed",
      "type": "random_password",
      "name": "db_password",
      "provider": "provider[\"registry.terraform.io/hashicorp/random\"]",
      "instances": [
        {
          "schema_version": 3,
          "attributes": {
            "bcrypt_hash": "$2a$10$3elvtu.o6Pb0D7B/su9JHeJuATI/RENlejoRaOkz/tQdd8IuKUnmS",
            "id": "none",
            "keepers": null,
            "length": 32,
            "lower": true,
            "min_lower": 0,
            "min_numeric": 0,
            "min_special": 0,
            "min_upper": 0,
            "number": true,
            "numeric": true,
            "override_special": "!#$%\u0026*()-_=+[]{}\u003c\u003e:?",
            "result": "Vp-Sl}}D[(j\u0026zxP5cjh%MTQtitYq2ic7",
            "special": true,
            "upper": true
          },
          "sensitive_attributes": []
        }
      ]
    },
    {
      "module": "module.alb",
      "mode": "managed",
      "type": "aws_lb",
      "name": "main",
      "provider": "provider[\"registry.terraform.io/hashicorp/aws\"]",
      "instances": [
        {
          "schema_version": 0,
          "attributes": {
            "access_logs": [
              {
                "bucket": "",
                "enabled": false,
                "prefix": ""
              }
            ],
            "arn": "arn:aws:elasticloadbalancing:us-east-2:971422717446:loadbalancer/app/hutch-learntrac-dev-alb/9480bff7980f0221",
            "arn_suffix": "app/hutch-learntrac-dev-alb/9480bff7980f0221",
            "client_keep_alive": 3600,
            "connection_logs": [
              {
                "bucket": "",
                "enabled": false,
                "prefix": ""
              }
            ],
            "customer_owned_ipv4_pool": "",
            "desync_mitigation_mode": "defensive",
            "dns_name": "hutch-learntrac-dev-alb-1826735098.us-east-2.elb.amazonaws.com",
            "dns_record_client_routing_policy": null,
            "drop_invalid_header_fields": false,
            "enable_cross_zone_load_balancing": true,
            "enable_deletion_protection": false,
            "enable_http2": true,
            "enable_tls_version_and_cipher_suite_headers": false,
            "enable_waf_fail_open": false,
            "enable_xff_client_port": false,
            "enable_zonal_shift": false,
            "enforce_security_group_inbound_rules_on_private_link_traffic": "",
            "id": "arn:aws:elasticloadbalancing:us-east-2:971422717446:loadbalancer/app/hutch-learntrac-dev-alb/9480bff7980f0221",
            "idle_timeout": 60,
            "internal": false,
            "ip_address_type": "ipv4",
            "ipam_pools": [],
            "load_balancer_type": "application",
            "minimum_load_balancer_capacity": [],
            "name": "hutch-learntrac-dev-alb",
            "name_prefix": "",
            "preserve_host_header": false,
            "security_groups": [
              "sg-0dd68cf422d946e23"
            ],
            "subnet_mapping": [
              {
                "allocation_id": "",
                "ipv6_address": "",
                "outpost_id": "",
                "private_ipv4_address": "",
                "subnet_id": "subnet-03260fcd9c243f7b8"
              },
              {
                "allocation_id": "",
                "ipv6_address": "",
                "outpost_id": "",
                "private_ipv4_address": "",
                "subnet_id": "subnet-03595b890b049b697"
              },
              {
                "allocation_id": "",
                "ipv6_address": "",
                "outpost_id": "",
                "private_ipv4_address": "",
                "subnet_id": "subnet-068fcd2e51c94a130"
              }
            ],
            "subnets": [
              "subnet-03260fcd9c243f7b8",
              "subnet-03595b890b049b697",
              "subnet-068fcd2e51c94a130"
            ],
            "tags": {
              "CreatedDate": "2025-07-22",
              "Environment": "dev",
              "ManagedBy": "Terraform",
              "Name": "hutch-learntrac-dev-alb",
              "Owner": "hutch",
              "OwnerEmail": "hutchenbach@gmail.com",
              "Project": "learntrac"
            },
            "tags_all": {
              "CreatedDate": "2025-07-22",
              "Environment": "dev",
              "ManagedBy": "Terraform",
              "Name": "hutch-learntrac-dev-alb",
              "Owner": "hutch",
              "OwnerEmail": "hutchenbach@gmail.com",
              "Project": "learntrac"
            },
            "timeouts": null,
            "vpc_id": "vpc-07c7f6104ea4eeb60",
            "xff_header_processing_mode": "append",
            "zone_id": "Z3AADJGX6KTTL2"
          },
          "sensitive_attributes": [],
          "private": "eyJlMmJmYjczMC1lY2FhLTExZTYtOGY4OC0zNDM2M2JjN2M0YzAiOnsiY3JlYXRlIjo2MDAwMDAwMDAwMDAsImRlbGV0ZSI6NjAwMDAwMDAwMDAwLCJ1cGRhdGUiOjYwMDAwMDAwMDAwMH19",
          "dependencies": [
            "data.aws_subnets.default",
            "data.aws_vpc.default",
            "module.alb.aws_security_group.alb"
          ]
        }
      ]
    },
    {
      "module": "module.alb",
      "mode": "managed",
      "type": "aws_lb_listener",
      "name": "http",
      "provider": "provider[\"registry.terraform.io/hashicorp/aws\"]",
      "instances": [
        {
          "schema_version": 0,
          "attributes": {
            "alpn_policy": null,
            "arn": "arn:aws:elasticloadbalancing:us-east-2:971422717446:listener/app/hutch-learntrac-dev-alb/9480bff7980f0221/e380beeb5e440685",
            "certificate_arn": null,
            "default_action": [
              {
                "authenticate_cognito": [],
                "authenticate_oidc": [],
                "fixed_response": [
                  {
                    "content_type": "text/plain",
                    "message_body": "Welcome to TracLearn",
                    "status_code": "200"
                  }
                ],
                "forward": [],
                "order": 1,
                "redirect": [],
                "target_group_arn": "",
                "type": "fixed-response"
              }
            ],
            "id": "arn:aws:elasticloadbalancing:us-east-2:971422717446:listener/app/hutch-learntrac-dev-alb/9480bff7980f0221/e380beeb5e440685",
            "load_balancer_arn": "arn:aws:elasticloadbalancing:us-east-2:971422717446:loadbalancer/app/hutch-learntrac-dev-alb/9480bff7980f0221",
            "mutual_authentication": [],
            "port": 80,
            "protocol": "HTTP",
            "routing_http_request_x_amzn_mtls_clientcert_header_name": null,
            "routing_http_request_x_amzn_mtls_clientcert_issuer_header_name": null,
            "routing_http_request_x_amzn_mtls_clientcert_leaf_header_name": null,
            "routing_http_request_x_amzn_mtls_clientcert_serial_number_header_name": null,
            "routing_http_request_x_amzn_mtls_clientcert_subject_header_name": null,
            "routing_http_request_x_amzn_mtls_clientcert_validity_header_name": null,
            "routing_http_request_x_amzn_tls_cipher_suite_header_name": null,
            "routing_http_request_x_amzn_tls_version_header_name": null,
            "routing_http_response_access_control_allow_credentials_header_value": "",
            "routing_http_response_access_control_allow_headers_header_value": "",
            "routing_http_response_access_control_allow_methods_header_value": "",
            "routing_http_response_access_control_allow_origin_header_value": "",
            "routing_http_response_access_control_expose_headers_header_value": "",
            "routing_http_response_access_control_max_age_header_value": "",
            "routing_http_response_content_security_policy_header_value": "",
            "routing_http_response_server_enabled": true,
            "routing_http_response_strict_transport_security_header_value": "",
            "routing_http_response_x_content_type_options_header_value": "",
            "routing_http_response_x_frame_options_header_value": "",
            "ssl_policy": "",
            "tags": {},
            "tags_all": {},
            "tcp_idle_timeout_seconds": null,
            "timeouts": null
          },
          "sensitive_attributes": [],
          "private": "eyJlMmJmYjczMC1lY2FhLTExZTYtOGY4OC0zNDM2M2JjN2M0YzAiOnsiY3JlYXRlIjozMDAwMDAwMDAwMDAsInVwZGF0ZSI6MzAwMDAwMDAwMDAwfX0=",
          "dependencies": [
            "data.aws_subnets.default",
            "data.aws_vpc.default",
            "module.alb.aws_lb.main",
            "module.alb.aws_security_group.alb"
          ]
        }
      ]
    },
    {
      "module": "module.alb",
      "mode": "managed",
      "type": "aws_lb_listener_rule",
      "name": "learntrac_api",
      "provider": "provider[\"registry.terraform.io/hashicorp/aws\"]",
      "instances": [
        {
          "schema_version": 0,
          "attributes": {
            "action": [
              {
                "authenticate_cognito": [],
                "authenticate_oidc": [],
                "fixed_response": [],
                "forward": [],
                "order": 1,
                "redirect": [],
                "target_group_arn": "arn:aws:elasticloadbalancing:us-east-2:971422717446:targetgroup/learn-20250723020239949000000008/3df768b60d0ddf2f",
                "type": "forward"
              }
            ],
            "arn": "arn:aws:elasticloadbalancing:us-east-2:971422717446:listener-rule/app/hutch-learntrac-dev-alb/9480bff7980f0221/e380beeb5e440685/4257dd0062091142",
            "condition": [
              {
                "host_header": [],
                "http_header": [],
                "http_request_method": [],
                "path_pattern": [
                  {
                    "values": [
                      "/api/analytics/*",
                      "/api/chat/*",
                      "/api/learntrac/*",
                      "/api/voice/*"
                    ]
                  }
                ],
                "query_string": [],
                "source_ip": []
              }
            ],
            "id": "arn:aws:elasticloadbalancing:us-east-2:971422717446:listener-rule/app/hutch-learntrac-dev-alb/9480bff7980f0221/e380beeb5e440685/4257dd0062091142",
            "listener_arn": "arn:aws:elasticloadbalancing:us-east-2:971422717446:listener/app/hutch-learntrac-dev-alb/9480bff7980f0221/e380beeb5e440685",
            "priority": 90,
            "tags": {},
            "tags_all": {}
          },
          "sensitive_attributes": [],
          "private": "bnVsbA==",
          "dependencies": [
            "data.aws_subnets.default",
            "data.aws_vpc.default",
            "module.alb.aws_lb.main",
            "module.alb.aws_lb_listener.http",
            "module.alb.aws_lb_listener.https",
            "module.alb.aws_lb_target_group.learntrac",
            "module.alb.aws_security_group.alb"
          ]
        }
      ]
    },
    {
      "module": "module.alb",
      "mode": "managed",
      "type": "aws_lb_listener_rule",
      "name": "static_assets_1",
      "provider": "provider[\"registry.terraform.io/hashicorp/aws\"]",
      "instances": [
        {
          "schema_version": 0,
          "attributes": {
            "action": [
              {
                "authenticate_cognito": [],
                "authenticate_oidc": [],
                "fixed_response": [],
                "forward": [],
                "order": 1,
                "redirect": [],
                "target_group_arn": "arn:aws:elasticloadbalancing:us-east-2:971422717446:targetgroup/trac-20250723020239921900000007/a3b286509815034a",
                "type": "forward"
              }
            ],
            "arn": "arn:aws:elasticloadbalancing:us-east-2:971422717446:listener-rule/app/hutch-learntrac-dev-alb/9480bff7980f0221/e380beeb5e440685/638bb56d020262d0",
            "condition": [
              {
                "host_header": [],
                "http_header": [],
                "http_request_method": [],
                "path_pattern": [
                  {
                    "values": [
                      "*.css",
                      "*.js",
                      "*.png",
                      "/chrome/*",
                      "/static/*"
                    ]
                  }
                ],
                "query_string": [],
                "source_ip": []
              }
            ],
            "id": "arn:aws:elasticloadbalancing:us-east-2:971422717446:listener-rule/app/hutch-learntrac-dev-alb/9480bff7980f0221/e380beeb5e440685/638bb56d020262d0",
            "listener_arn": "arn:aws:elasticloadbalancing:us-east-2:971422717446:listener/app/hutch-learntrac-dev-alb/9480bff7980f0221/e380beeb5e440685",
            "priority": 80,
            "tags": {},
            "tags_all": {}
          },
          "sensitive_attributes": [],
          "private": "bnVsbA==",
          "dependencies": [
            "data.aws_subnets.default",
            "data.aws_vpc.default",
            "module.alb.aws_lb.main",
            "module.alb.aws_lb_listener.http",
            "module.alb.aws_lb_listener.https",
            "module.alb.aws_lb_target_group.trac",
            "module.alb.aws_security_group.alb"
          ]
        }
      ]
    },
    {
      "module": "module.alb",
      "mode": "managed",
      "type": "aws_lb_listener_rule",
      "name": "static_assets_2",
      "provider": "provider[\"registry.terraform.io/hashicorp/aws\"]",
      "instances": [
        {
          "schema_version": 0,
          "attributes": {
            "action": [
              {
                "authenticate_cognito": [],
                "authenticate_oidc": [],
                "fixed_response": [],
                "forward": [],
                "order": 1,
                "redirect": [],
                "target_group_arn": "arn:aws:elasticloadbalancing:us-east-2:971422717446:targetgroup/trac-20250723020239921900000007/a3b286509815034a",
                "type": "forward"
              }
            ],
            "arn": "arn:aws:elasticloadbalancing:us-east-2:971422717446:listener-rule/app/hutch-learntrac-dev-alb/9480bff7980f0221/e380beeb5e440685/803900dabe72337a",
            "condition": [
              {
                "host_header": [],
                "http_header": [],
                "http_request_method": [],
                "path_pattern": [
                  {
                    "values": [
                      "*.ico",
                      "*.jpg"
                    ]
                  }
                ],
                "query_string": [],
                "source_ip": []
              }
            ],
            "id": "arn:aws:elasticloadbalancing:us-east-2:971422717446:listener-rule/app/hutch-learntrac-dev-alb/9480bff7980f0221/e380beeb5e440685/803900dabe72337a",
            "listener_arn": "arn:aws:elasticloadbalancing:us-east-2:971422717446:listener/app/hutch-learntrac-dev-alb/9480bff7980f0221/e380beeb5e440685",
            "priority": 81,
            "tags": {},
            "tags_all": {}
          },
          "sensitive_attributes": [],
          "private": "bnVsbA==",
          "dependencies": [
            "data.aws_subnets.default",
            "data.aws_vpc.default",
            "module.alb.aws_lb.main",
            "module.alb.aws_lb_listener.http",
            "module.alb.aws_lb_listener.https",
            "module.alb.aws_lb_target_group.trac",
            "module.alb.aws_security_group.alb"
          ]
        }
      ]
    },
    {
      "module": "module.alb",
      "mode": "managed",
      "type": "aws_lb_listener_rule",
      "name": "trac_paths_1",
      "provider": "provider[\"registry.terraform.io/hashicorp/aws\"]",
      "instances": [
        {
          "schema_version": 0,
          "attributes": {
            "action": [
              {
                "authenticate_cognito": [],
                "authenticate_oidc": [],
                "fixed_response": [],
                "forward": [],
                "order": 1,
                "redirect": [],
                "target_group_arn": "arn:aws:elasticloadbalancing:us-east-2:971422717446:targetgroup/trac-20250723020239921900000007/a3b286509815034a",
                "type": "forward"
              }
            ],
            "arn": "arn:aws:elasticloadbalancing:us-east-2:971422717446:listener-rule/app/hutch-learntrac-dev-alb/9480bff7980f0221/e380beeb5e440685/b4003e334b42d6bb",
            "condition": [
              {
                "host_header": [],
                "http_header": [],
                "http_request_method": [],
                "path_pattern": [
                  {
                    "values": [
                      "/roadmap/*",
                      "/ticket/*",
                      "/timeline/*",
                      "/trac/*",
                      "/wiki/*"
                    ]
                  }
                ],
                "query_string": [],
                "source_ip": []
              }
            ],
            "id": "arn:aws:elasticloadbalancing:us-east-2:971422717446:listener-rule/app/hutch-learntrac-dev-alb/9480bff7980f0221/e380beeb5e440685/b4003e334b42d6bb",
            "listener_arn": "arn:aws:elasticloadbalancing:us-east-2:971422717446:listener/app/hutch-learntrac-dev-alb/9480bff7980f0221/e380beeb5e440685",
            "priority": 100,
            "tags": {},
            "tags_all": {}
          },
          "sensitive_attributes": [],
          "private": "bnVsbA==",
          "dependencies": [
            "data.aws_subnets.default",
            "data.aws_vpc.default",
            "module.alb.aws_lb.main",
            "module.alb.aws_lb_listener.http",
            "module.alb.aws_lb_listener.https",
            "module.alb.aws_lb_target_group.trac",
            "module.alb.aws_security_group.alb"
          ]
        }
      ]
    },
    {
      "module": "module.alb",
      "mode": "managed",
      "type": "aws_lb_listener_rule",
      "name": "trac_paths_2",
      "provider": "provider[\"registry.terraform.io/hashicorp/aws\"]",
      "instances": [
        {
          "schema_version": 0,
          "attributes": {
            "action": [
              {
                "authenticate_cognito": [],
                "authenticate_oidc": [],
                "fixed_response": [],
                "forward": [],
                "order": 1,
                "redirect": [],
                "target_group_arn": "arn:aws:elasticloadbalancing:us-east-2:971422717446:targetgroup/trac-20250723020239921900000007/a3b286509815034a",
                "type": "forward"
              }
            ],
            "arn": "arn:aws:elasticloadbalancing:us-east-2:971422717446:listener-rule/app/hutch-learntrac-dev-alb/9480bff7980f0221/e380beeb5e440685/fdab57bfcd18e066",
            "condition": [
              {
                "host_header": [],
                "http_header": [],
                "http_request_method": [],
                "path_pattern": [
                  {
                    "values": [
                      "/attachment/*",
                      "/browser/*",
                      "/changeset/*",
                      "/login",
                      "/logout"
                    ]
                  }
                ],
                "query_string": [],
                "source_ip": []
              }
            ],
            "id": "arn:aws:elasticloadbalancing:us-east-2:971422717446:listener-rule/app/hutch-learntrac-dev-alb/9480bff7980f0221/e380beeb5e440685/fdab57bfcd18e066",
            "listener_arn": "arn:aws:elasticloadbalancing:us-east-2:971422717446:listener/app/hutch-learntrac-dev-alb/9480bff7980f0221/e380beeb5e440685",
            "priority": 101,
            "tags": {},
            "tags_all": {}
          },
          "sensitive_attributes": [],
          "private": "bnVsbA==",
          "dependencies": [
            "data.aws_subnets.default",
            "data.aws_vpc.default",
            "module.alb.aws_lb.main",
            "module.alb.aws_lb_listener.http",
            "module.alb.aws_lb_listener.https",
            "module.alb.aws_lb_target_group.trac",
            "module.alb.aws_security_group.alb"
          ]
        }
      ]
    },
    {
      "module": "module.alb",
      "mode": "managed",
      "type": "aws_lb_target_group",
      "name": "learntrac",
      "provider": "provider[\"registry.terraform.io/hashicorp/aws\"]",
      "instances": [
        {
          "schema_version": 0,
          "attributes": {
            "arn": "arn:aws:elasticloadbalancing:us-east-2:971422717446:targetgroup/learn-20250723020239949000000008/3df768b60d0ddf2f",
            "arn_suffix": "targetgroup/learn-20250723020239949000000008/3df768b60d0ddf2f",
            "connection_termination": null,
            "deregistration_delay": "300",
            "health_check": [
              {
                "enabled": true,
                "healthy_threshold": 2,
                "interval": 30,
                "matcher": "200",
                "path": "/api/learntrac/health",
                "port": "traffic-port",
                "protocol": "HTTP",
                "timeout": 5,
                "unhealthy_threshold": 2
              }
            ],
            "id": "arn:aws:elasticloadbalancing:us-east-2:971422717446:targetgroup/learn-20250723020239949000000008/3df768b60d0ddf2f",
            "ip_address_type": "ipv4",
            "lambda_multi_value_headers_enabled": false,
            "load_balancer_arns": [
              "arn:aws:elasticloadbalancing:us-east-2:971422717446:loadbalancer/app/hutch-learntrac-dev-alb/9480bff7980f0221"
            ],
            "load_balancing_algorithm_type": "round_robin",
            "load_balancing_anomaly_mitigation": "off",
            "load_balancing_cross_zone_enabled": "use_load_balancer_configuration",
            "name": "learn-20250723020239949000000008",
            "name_prefix": "learn-",
            "port": 8001,
            "preserve_client_ip": null,
            "protocol": "HTTP",
            "protocol_version": "HTTP1",
            "proxy_protocol_v2": false,
            "slow_start": 0,
            "stickiness": [
              {
                "cookie_duration": 86400,
                "cookie_name": "",
                "enabled": false,
                "type": "lb_cookie"
              }
            ],
            "tags": {
              "CreatedDate": "2025-07-22",
              "Environment": "dev",
              "ManagedBy": "Terraform",
              "Name": "hutch-learntrac-dev-learntrac-tg",
              "Owner": "hutch",
              "OwnerEmail": "hutchenbach@gmail.com",
              "Project": "learntrac"
            },
            "tags_all": {
              "CreatedDate": "2025-07-22",
              "Environment": "dev",
              "ManagedBy": "Terraform",
              "Name": "hutch-learntrac-dev-learntrac-tg",
              "Owner": "hutch",
              "OwnerEmail": "hutchenbach@gmail.com",
              "Project": "learntrac"
            },
            "target_failover": [
              {
                "on_deregistration": null,
                "on_unhealthy": null
              }
            ],
            "target_group_health": [
              {
                "dns_failover": [
                  {
                    "minimum_healthy_targets_count": "1",
                    "minimum_healthy_targets_percentage": "off"
                  }
                ],
                "unhealthy_state_routing": [
                  {
                    "minimum_healthy_targets_count": 1,
                    "minimum_healthy_targets_percentage": "off"
                  }
                ]
              }
            ],
            "target_health_state": [
              {
                "enable_unhealthy_connection_termination": null,
                "unhealthy_draining_interval": null
              }
            ],
            "target_type": "ip",
            "vpc_id": "vpc-07c7f6104ea4eeb60"
          },
          "sensitive_attributes": [],
          "private": "bnVsbA==",
          "dependencies": [
            "data.aws_vpc.default"
          ]
        }
      ]
    },
    {
      "module": "module.alb",
      "mode": "managed",
      "type": "aws_lb_target_group",
      "name": "trac",
      "provider": "provider[\"registry.terraform.io/hashicorp/aws\"]",
      "instances": [
        {
          "schema_version": 0,
          "attributes": {
            "arn": "arn:aws:elasticloadbalancing:us-east-2:971422717446:targetgroup/trac-20250723020239921900000007/a3b286509815034a",
            "arn_suffix": "targetgroup/trac-20250723020239921900000007/a3b286509815034a",
            "connection_termination": null,
            "deregistration_delay": "300",
            "health_check": [
              {
                "enabled": true,
                "healthy_threshold": 2,
                "interval": 30,
                "matcher": "200",
                "path": "/trac/login",
                "port": "traffic-port",
                "protocol": "HTTP",
                "timeout": 5,
                "unhealthy_threshold": 2
              }
            ],
            "id": "arn:aws:elasticloadbalancing:us-east-2:971422717446:targetgroup/trac-20250723020239921900000007/a3b286509815034a",
            "ip_address_type": "ipv4",
            "lambda_multi_value_headers_enabled": false,
            "load_balancer_arns": [
              "arn:aws:elasticloadbalancing:us-east-2:971422717446:loadbalancer/app/hutch-learntrac-dev-alb/9480bff7980f0221"
            ],
            "load_balancing_algorithm_type": "round_robin",
            "load_balancing_anomaly_mitigation": "off",
            "load_balancing_cross_zone_enabled": "use_load_balancer_configuration",
            "name": "trac-20250723020239921900000007",
            "name_prefix": "trac-",
            "port": 8000,
            "preserve_client_ip": null,
            "protocol": "HTTP",
            "protocol_version": "HTTP1",
            "proxy_protocol_v2": false,
            "slow_start": 0,
            "stickiness": [
              {
                "cookie_duration": 86400,
                "cookie_name": "",
                "enabled": true,
                "type": "lb_cookie"
              }
            ],
            "tags": {
              "CreatedDate": "2025-07-22",
              "Environment": "dev",
              "ManagedBy": "Terraform",
              "Name": "hutch-learntrac-dev-trac-tg",
              "Owner": "hutch",
              "OwnerEmail": "hutchenbach@gmail.com",
              "Project": "learntrac"
            },
            "tags_all": {
              "CreatedDate": "2025-07-22",
              "Environment": "dev",
              "ManagedBy": "Terraform",
              "Name": "hutch-learntrac-dev-trac-tg",
              "Owner": "hutch",
              "OwnerEmail": "hutchenbach@gmail.com",
              "Project": "learntrac"
            },
            "target_failover": [
              {
                "on_deregistration": null,
                "on_unhealthy": null
              }
            ],
            "target_group_health": [
              {
                "dns_failover": [
                  {
                    "minimum_healthy_targets_count": "1",
                    "minimum_healthy_targets_percentage": "off"
                  }
                ],
                "unhealthy_state_routing": [
                  {
                    "minimum_healthy_targets_count": 1,
                    "minimum_healthy_targets_percentage": "off"
                  }
                ]
              }
            ],
            "target_health_state": [
              {
                "enable_unhealthy_connection_termination": null,
                "unhealthy_draining_interval": null
              }
            ],
            "target_type": "ip",
            "vpc_id": "vpc-07c7f6104ea4eeb60"
          },
          "sensitive_attributes": [],
          "private": "bnVsbA==",
          "dependencies": [
            "data.aws_vpc.default"
          ]
        }
      ]
    },
    {
      "module": "module.alb",
      "mode": "managed",
      "type": "aws_security_group",
      "name": "alb",
      "provider": "provider[\"registry.terraform.io/hashicorp/aws\"]",
      "instances": [
        {
          "schema_version": 1,
          "attributes": {
            "arn": "arn:aws:ec2:us-east-2:971422717446:security-group/sg-0dd68cf422d946e23",
            "description": "Managed by Terraform",
            "egress": [
              {
                "cidr_blocks": [
                  "0.0.0.0/0"
                ],
                "description": "Allow all outbound traffic",
                "from_port": 0,
                "ipv6_cidr_blocks": [],
                "prefix_list_ids": [],
                "protocol": "-1",
                "security_groups": [],
                "self": false,
                "to_port": 0
              }
            ],
            "id": "sg-0dd68cf422d946e23",
            "ingress": [
              {
                "cidr_blocks": [
                  "0.0.0.0/0"
                ],
                "description": "HTTP from anywhere",
                "from_port": 80,
                "ipv6_cidr_blocks": [],
                "prefix_list_ids": [],
                "protocol": "tcp",
                "security_groups": [],
                "self": false,
                "to_port": 80
              },
              {
                "cidr_blocks": [
                  "0.0.0.0/0"
                ],
                "description": "HTTPS from anywhere",
                "from_port": 443,
                "ipv6_cidr_blocks": [],
                "prefix_list_ids": [],
                "protocol": "tcp",
                "security_groups": [],
                "self": false,
                "to_port": 443
              }
            ],
            "name": "hutch-learntrac-dev-alb-sg20250723020239950300000009",
            "name_prefix": "hutch-learntrac-dev-alb-sg",
            "owner_id": "971422717446",
            "revoke_rules_on_delete": false,
            "tags": {
              "CreatedDate": "2025-07-22",
              "Environment": "dev",
              "ManagedBy": "Terraform",
              "Name": "hutch-learntrac-dev-alb-sg",
              "Owner": "hutch",
              "OwnerEmail": "hutchenbach@gmail.com",
              "Project": "learntrac"
            },
            "tags_all": {
              "CreatedDate": "2025-07-22",
              "Environment": "dev",
              "ManagedBy": "Terraform",
              "Name": "hutch-learntrac-dev-alb-sg",
              "Owner": "hutch",
              "OwnerEmail": "hutchenbach@gmail.com",
              "Project": "learntrac"
            },
            "timeouts": null,
            "vpc_id": "vpc-07c7f6104ea4eeb60"
          },
          "sensitive_attributes": [],
          "private": "eyJlMmJmYjczMC1lY2FhLTExZTYtOGY4OC0zNDM2M2JjN2M0YzAiOnsiY3JlYXRlIjo2MDAwMDAwMDAwMDAsImRlbGV0ZSI6OTAwMDAwMDAwMDAwfSwic2NoZW1hX3ZlcnNpb24iOiIxIn0=",
          "dependencies": [
            "data.aws_vpc.default"
          ]
        }
      ]
    },
    {
      "module": "module.learntrac_service",
      "mode": "data",
      "type": "aws_region",
      "name": "current",
      "provider": "provider[\"registry.terraform.io/hashicorp/aws\"]",
      "instances": [
        {
          "schema_version": 0,
          "attributes": {
            "description": "US East (Ohio)",
            "endpoint": "ec2.us-east-2.amazonaws.com",
            "id": "us-east-2",
            "name": "us-east-2"
          },
          "sensitive_attributes": []
        }
      ]
    },
    {
      "module": "module.learntrac_service",
      "mode": "managed",
      "type": "aws_appautoscaling_policy",
      "name": "cpu",
      "provider": "provider[\"registry.terraform.io/hashicorp/aws\"]",
      "instances": [
        {
          "schema_version": 0,
          "attributes": {
            "alarm_arns": [
              "arn:aws:cloudwatch:us-east-2:971422717446:alarm:TargetTracking-service/hutch-learntrac-dev-cluster/hutch-learntrac-dev-learntrac-AlarmHigh-502c6671-0dda-4ba0-aec1-fe67c10a9ace",
              "arn:aws:cloudwatch:us-east-2:971422717446:alarm:TargetTracking-service/hutch-learntrac-dev-cluster/hutch-learntrac-dev-learntrac-AlarmLow-d4645220-914c-4c34-b007-6f5cfa3908be"
            ],
            "arn": "arn:aws:autoscaling:us-east-2:971422717446:scalingPolicy:5a6936f2-7d72-4b8b-b97b-dcfae3e6316f:resource/ecs/service/hutch-learntrac-dev-cluster/hutch-learntrac-dev-learntrac:policyName/hutch-learntrac-dev-learntrac-cpu-scaling",
            "id": "hutch-learntrac-dev-learntrac-cpu-scaling",
            "name": "hutch-learntrac-dev-learntrac-cpu-scaling",
            "policy_type": "TargetTrackingScaling",
            "resource_id": "service/hutch-learntrac-dev-cluster/hutch-learntrac-dev-learntrac",
            "scalable_dimension": "ecs:service:DesiredCount",
            "service_namespace": "ecs",
            "step_scaling_policy_configuration": [],
            "target_tracking_scaling_policy_configuration": [
              {
                "customized_metric_specification": [],
                "disable_scale_in": false,
                "predefined_metric_specification": [
                  {
                    "predefined_metric_type": "ECSServiceAverageCPUUtilization",
                    "resource_label": ""
                  }
                ],
                "scale_in_cooldown": 0,
                "scale_out_cooldown": 0,
                "target_value": 70
              }
            ]
          },
          "sensitive_attributes": [],
          "private": "bnVsbA==",
          "dependencies": [
            "aws_cognito_resource_server.learntrac_api",
            "aws_cognito_user_pool.learntrac_users",
            "aws_cognito_user_pool_client.learntrac_client",
            "aws_db_instance.learntrac",
            "aws_db_subnet_group.main",
            "aws_ecr_repository.learntrac",
            "aws_ecs_cluster.main",
            "aws_elasticache_cluster.redis",
            "aws_elasticache_subnet_group.redis",
            "aws_iam_role.lambda_cognito",
            "aws_lambda_function.cognito_pre_token_generation",
            "aws_secretsmanager_secret.neo4j_credentials",
            "aws_secretsmanager_secret.openai_api_key",
            "aws_security_group.rds",
            "aws_security_group.redis",
            "data.aws_subnets.default",
            "data.aws_vpc.default",
            "module.alb.aws_lb_target_group.learntrac",
            "module.alb.aws_security_group.alb",
            "module.learntrac_service.aws_appautoscaling_target.main",
            "module.learntrac_service.aws_cloudwatch_log_group.main",
            "module.learntrac_service.aws_ecs_service.main",
            "module.learntrac_service.aws_ecs_task_definition.main",
            "module.learntrac_service.aws_iam_role.ecs_execution",
            "module.learntrac_service.aws_iam_role.ecs_task",
            "module.learntrac_service.aws_security_group.ecs_tasks",
            "module.learntrac_service.data.aws_region.current",
            "module.trac_service.aws_security_group.ecs_tasks",
            "random_password.db_password"
          ]
        }
      ]
    },
    {
      "module": "module.learntrac_service",
      "mode": "managed",
      "type": "aws_appautoscaling_policy",
      "name": "memory",
      "provider": "provider[\"registry.terraform.io/hashicorp/aws\"]",
      "instances": [
        {
          "schema_version": 0,
          "attributes": {
            "alarm_arns": [
              "arn:aws:cloudwatch:us-east-2:971422717446:alarm:TargetTracking-service/hutch-learntrac-dev-cluster/hutch-learntrac-dev-learntrac-AlarmHigh-79af20aa-82b1-412d-85b4-0ea56d5fc339",
              "arn:aws:cloudwatch:us-east-2:971422717446:alarm:TargetTracking-service/hutch-learntrac-dev-cluster/hutch-learntrac-dev-learntrac-AlarmLow-e6c45d92-393c-4b91-a9cb-3744f2f97135"
            ],
            "arn": "arn:aws:autoscaling:us-east-2:971422717446:scalingPolicy:5a6936f2-7d72-4b8b-b97b-dcfae3e6316f:resource/ecs/service/hutch-learntrac-dev-cluster/hutch-learntrac-dev-learntrac:policyName/hutch-learntrac-dev-learntrac-memory-scaling",
            "id": "hutch-learntrac-dev-learntrac-memory-scaling",
            "name": "hutch-learntrac-dev-learntrac-memory-scaling",
            "policy_type": "TargetTrackingScaling",
            "resource_id": "service/hutch-learntrac-dev-cluster/hutch-learntrac-dev-learntrac",
            "scalable_dimension": "ecs:service:DesiredCount",
            "service_namespace": "ecs",
            "step_scaling_policy_configuration": [],
            "target_tracking_scaling_policy_configuration": [
              {
                "customized_metric_specification": [],
                "disable_scale_in": false,
                "predefined_metric_specification": [
                  {
                    "predefined_metric_type": "ECSServiceAverageMemoryUtilization",
                    "resource_label": ""
                  }
                ],
                "scale_in_cooldown": 0,
                "scale_out_cooldown": 0,
                "target_value": 75
              }
            ]
          },
          "sensitive_attributes": [],
          "private": "bnVsbA==",
          "dependencies": [
            "aws_cognito_resource_server.learntrac_api",
            "aws_cognito_user_pool.learntrac_users",
            "aws_cognito_user_pool_client.learntrac_client",
            "aws_db_instance.learntrac",
            "aws_db_subnet_group.main",
            "aws_ecr_repository.learntrac",
            "aws_ecs_cluster.main",
            "aws_elasticache_cluster.redis",
            "aws_elasticache_subnet_group.redis",
            "aws_iam_role.lambda_cognito",
            "aws_lambda_function.cognito_pre_token_generation",
            "aws_secretsmanager_secret.neo4j_credentials",
            "aws_secretsmanager_secret.openai_api_key",
            "aws_security_group.rds",
            "aws_security_group.redis",
            "data.aws_subnets.default",
            "data.aws_vpc.default",
            "module.alb.aws_lb_target_group.learntrac",
            "module.alb.aws_security_group.alb",
            "module.learntrac_service.aws_appautoscaling_target.main",
            "module.learntrac_service.aws_cloudwatch_log_group.main",
            "module.learntrac_service.aws_ecs_service.main",
            "module.learntrac_service.aws_ecs_task_definition.main",
            "module.learntrac_service.aws_iam_role.ecs_execution",
            "module.learntrac_service.aws_iam_role.ecs_task",
            "module.learntrac_service.aws_security_group.ecs_tasks",
            "module.learntrac_service.data.aws_region.current",
            "module.trac_service.aws_security_group.ecs_tasks",
            "random_password.db_password"
          ]
        }
      ]
    },
    {
      "module": "module.learntrac_service",
      "mode": "managed",
      "type": "aws_appautoscaling_target",
      "name": "main",
      "provider": "provider[\"registry.terraform.io/hashicorp/aws\"]",
      "instances": [
        {
          "schema_version": 0,
          "attributes": {
            "arn": "arn:aws:application-autoscaling:us-east-2:971422717446:scalable-target/0ec55a6936f27d724b8bb97bdcfae3e6316f",
            "id": "service/hutch-learntrac-dev-cluster/hutch-learntrac-dev-learntrac",
            "max_capacity": 4,
            "min_capacity": 1,
            "resource_id": "service/hutch-learntrac-dev-cluster/hutch-learntrac-dev-learntrac",
            "role_arn": "arn:aws:iam::971422717446:role/aws-service-role/ecs.application-autoscaling.amazonaws.com/AWSServiceRoleForApplicationAutoScaling_ECSService",
            "scalable_dimension": "ecs:service:DesiredCount",
            "service_namespace": "ecs",
            "suspended_state": [
              {
                "dynamic_scaling_in_suspended": false,
                "dynamic_scaling_out_suspended": false,
                "scheduled_scaling_suspended": false
              }
            ],
            "tags": {},
            "tags_all": {}
          },
          "sensitive_attributes": [],
          "private": "bnVsbA==",
          "dependencies": [
            "aws_cognito_resource_server.learntrac_api",
            "aws_cognito_user_pool.learntrac_users",
            "aws_cognito_user_pool_client.learntrac_client",
            "aws_db_instance.learntrac",
            "aws_db_subnet_group.main",
            "aws_ecr_repository.learntrac",
            "aws_ecs_cluster.main",
            "aws_elasticache_cluster.redis",
            "aws_elasticache_subnet_group.redis",
            "aws_iam_role.lambda_cognito",
            "aws_lambda_function.cognito_pre_token_generation",
            "aws_secretsmanager_secret.neo4j_credentials",
            "aws_secretsmanager_secret.openai_api_key",
            "aws_security_group.rds",
            "aws_security_group.redis",
            "data.aws_subnets.default",
            "data.aws_vpc.default",
            "module.alb.aws_lb_target_group.learntrac",
            "module.alb.aws_security_group.alb",
            "module.learntrac_service.aws_cloudwatch_log_group.main",
            "module.learntrac_service.aws_ecs_service.main",
            "module.learntrac_service.aws_ecs_task_definition.main",
            "module.learntrac_service.aws_iam_role.ecs_execution",
            "module.learntrac_service.aws_iam_role.ecs_task",
            "module.learntrac_service.aws_security_group.ecs_tasks",
            "module.learntrac_service.data.aws_region.current",
            "module.trac_service.aws_security_group.ecs_tasks",
            "random_password.db_password"
          ]
        }
      ]
    },
    {
      "module": "module.learntrac_service",
      "mode": "managed",
      "type": "aws_cloudwatch_log_group",
      "name": "main",
      "provider": "provider[\"registry.terraform.io/hashicorp/aws\"]",
      "instances": [
        {
          "schema_version": 0,
          "attributes": {
            "arn": "arn:aws:logs:us-east-2:971422717446:log-group:/ecs/hutch-learntrac-dev-learntrac",
            "id": "/ecs/hutch-learntrac-dev-learntrac",
            "kms_key_id": "",
            "log_group_class": "STANDARD",
            "name": "/ecs/hutch-learntrac-dev-learntrac",
            "name_prefix": "",
            "retention_in_days": 7,
            "skip_destroy": false,
            "tags": {
              "CreatedDate": "2025-07-22",
              "Environment": "dev",
              "ManagedBy": "Terraform",
              "Owner": "hutch",
              "OwnerEmail": "hutchenbach@gmail.com",
              "Project": "learntrac"
            },
            "tags_all": {
              "CreatedDate": "2025-07-22",
              "Environment": "dev",
              "ManagedBy": "Terraform",
              "Owner": "hutch",
              "OwnerEmail": "hutchenbach@gmail.com",
              "Project": "learntrac"
            }
          },
          "sensitive_attributes": [],
          "private": "bnVsbA=="
        }
      ]
    },
    {
      "module": "module.learntrac_service",
      "mode": "managed",
      "type": "aws_ecs_service",
      "name": "main",
      "provider": "provider[\"registry.terraform.io/hashicorp/aws\"]",
      "instances": [
        {
          "schema_version": 1,
          "attributes": {
            "alarms": [],
            "availability_zone_rebalancing": "DISABLED",
            "capacity_provider_strategy": [],
            "cluster": "arn:aws:ecs:us-east-2:971422717446:cluster/hutch-learntrac-dev-cluster",
            "deployment_circuit_breaker": [
              {
                "enable": false,
                "rollback": false
              }
            ],
            "deployment_controller": [
              {
                "type": "ECS"
              }
            ],
            "deployment_maximum_percent": 200,
            "deployment_minimum_healthy_percent": 50,
            "desired_count": 1,
            "enable_ecs_managed_tags": false,
            "enable_execute_command": false,
            "force_delete": null,
            "force_new_deployment": null,
            "health_check_grace_period_seconds": 0,
            "iam_role": "/aws-service-role/ecs.amazonaws.com/AWSServiceRoleForECS",
            "id": "arn:aws:ecs:us-east-2:971422717446:service/hutch-learntrac-dev-cluster/hutch-learntrac-dev-learntrac",
            "launch_type": "FARGATE",
            "load_balancer": [
              {
                "container_name": "app",
                "container_port": 8001,
                "elb_name": "",
                "target_group_arn": "arn:aws:elasticloadbalancing:us-east-2:971422717446:targetgroup/learn-20250723020239949000000008/3df768b60d0ddf2f"
              }
            ],
            "name": "hutch-learntrac-dev-learntrac",
            "network_configuration": [
              {
                "assign_public_ip": false,
                "security_groups": [
                  "sg-035e0decc36b18df0"
                ],
                "subnets": [
                  "subnet-03260fcd9c243f7b8",
                  "subnet-03595b890b049b697",
                  "subnet-068fcd2e51c94a130"
                ]
              }
            ],
            "ordered_placement_strategy": [],
            "placement_constraints": [],
            "platform_version": "LATEST",
            "propagate_tags": "NONE",
            "scheduling_strategy": "REPLICA",
            "service_connect_configuration": [],
            "service_registries": [],
            "tags": {},
            "tags_all": {},
            "task_definition": "arn:aws:ecs:us-east-2:971422717446:task-definition/hutch-learntrac-dev-learntrac:1",
            "timeouts": null,
            "triggers": {},
            "volume_configuration": [],
            "vpc_lattice_configurations": [],
            "wait_for_steady_state": false
          },
          "sensitive_attributes": [],
          "private": "eyJlMmJmYjczMC1lY2FhLTExZTYtOGY4OC0zNDM2M2JjN2M0YzAiOnsiY3JlYXRlIjoxMjAwMDAwMDAwMDAwLCJkZWxldGUiOjEyMDAwMDAwMDAwMDAsInVwZGF0ZSI6MTIwMDAwMDAwMDAwMH0sInNjaGVtYV92ZXJzaW9uIjoiMSJ9",
          "dependencies": [
            "aws_cognito_resource_server.learntrac_api",
            "aws_cognito_user_pool.learntrac_users",
            "aws_cognito_user_pool_client.learntrac_client",
            "aws_db_instance.learntrac",
            "aws_db_subnet_group.main",
            "aws_ecr_repository.learntrac",
            "aws_ecs_cluster.main",
            "aws_elasticache_cluster.redis",
            "aws_elasticache_subnet_group.redis",
            "aws_iam_role.lambda_cognito",
            "aws_lambda_function.cognito_pre_token_generation",
            "aws_secretsmanager_secret.neo4j_credentials",
            "aws_secretsmanager_secret.openai_api_key",
            "aws_security_group.rds",
            "aws_security_group.redis",
            "data.aws_subnets.default",
            "data.aws_vpc.default",
            "module.alb.aws_lb_target_group.learntrac",
            "module.alb.aws_security_group.alb",
            "module.learntrac_service.aws_cloudwatch_log_group.main",
            "module.learntrac_service.aws_ecs_task_definition.main",
            "module.learntrac_service.aws_iam_role.ecs_execution",
            "module.learntrac_service.aws_iam_role.ecs_task",
            "module.learntrac_service.aws_security_group.ecs_tasks",
            "module.learntrac_service.data.aws_region.current",
            "module.trac_service.aws_security_group.ecs_tasks",
            "random_password.db_password"
          ]
        }
      ]
    },
    {
      "module": "module.learntrac_service",
      "mode": "managed",
      "type": "aws_ecs_task_definition",
      "name": "main",
      "provider": "provider[\"registry.terraform.io/hashicorp/aws\"]",
      "instances": [
        {
          "schema_version": 1,
          "attributes": {
            "arn": "arn:aws:ecs:us-east-2:971422717446:task-definition/hutch-learntrac-dev-learntrac:1",
            "arn_without_revision": "arn:aws:ecs:us-east-2:971422717446:task-definition/hutch-learntrac-dev-learntrac",
            "container_definitions": "[{\"cpu\":1024,\"environment\":[{\"name\":\"AWS_REGION\",\"value\":\"us-east-2\"},{\"name\":\"COGNITO_CLIENT_ID\",\"value\":\"5adkv019v4rcu6o87ffg46ep02\"},{\"name\":\"COGNITO_POOL_ID\",\"value\":\"us-east-2_IvxzMrWwg\"},{\"name\":\"DATABASE_URL\",\"value\":\"postgresql+asyncpg://learntrac_admin:Vp-Sl}}D[(j\u0026zxP5cjh%MTQtitYq2ic7@hutch-learntrac-dev-db.c1uuigcm4bd1.us-east-2.rds.amazonaws.com:5432/learntrac\"},{\"name\":\"PYTHON_VERSION\",\"value\":\"3.11\"},{\"name\":\"REDIS_URL\",\"value\":\"redis://hutch-learntrac-dev-redis.wda3jc.0001.use2.cache.amazonaws.com:6379\"}],\"essential\":true,\"image\":\"971422717446.dkr.ecr.us-east-2.amazonaws.com/hutch-learntrac-dev-learntrac:latest\",\"logConfiguration\":{\"logDriver\":\"awslogs\",\"options\":{\"awslogs-group\":\"/ecs/hutch-learntrac-dev-learntrac\",\"awslogs-region\":\"us-east-2\",\"awslogs-stream-prefix\":\"ecs\"}},\"memory\":2048,\"mountPoints\":[],\"name\":\"app\",\"portMappings\":[{\"containerPort\":8001,\"hostPort\":8001,\"protocol\":\"tcp\"}],\"secrets\":[{\"name\":\"NEO4J_PASSWORD\",\"valueFrom\":\"arn:aws:secretsmanager:us-east-2:971422717446:secret:hutch-learntrac-dev-neo4j-credentials-frXMQe:password::\"},{\"name\":\"NEO4J_URI\",\"valueFrom\":\"arn:aws:secretsmanager:us-east-2:971422717446:secret:hutch-learntrac-dev-neo4j-credentials-frXMQe:uri::\"},{\"name\":\"NEO4J_USER\",\"valueFrom\":\"arn:aws:secretsmanager:us-east-2:971422717446:secret:hutch-learntrac-dev-neo4j-credentials-frXMQe:username::\"},{\"name\":\"OPENAI_API_KEY\",\"valueFrom\":\"arn:aws:secretsmanager:us-east-2:971422717446:secret:hutch-learntrac-dev-openai-api-key-zThpKt:api_key::\"}],\"systemControls\":[],\"volumesFrom\":[]}]",
            "cpu": "1024",
            "enable_fault_injection": false,
            "ephemeral_storage": [],
            "execution_role_arn": "arn:aws:iam::971422717446:role/hutch-learntrac-dev--exec-20250723020239332800000004",
            "family": "hutch-learntrac-dev-learntrac",
            "id": "hutch-learntrac-dev-learntrac",
            "inference_accelerator": [],
            "ipc_mode": "",
            "memory": "2048",
            "network_mode": "awsvpc",
            "pid_mode": "",
            "placement_constraints": [],
            "proxy_configuration": [],
            "requires_compatibilities": [
              "FARGATE"
            ],
            "revision": 1,
            "runtime_platform": [],
            "skip_destroy": false,
            "tags": {
              "CreatedDate": "2025-07-22",
              "Environment": "dev",
              "ManagedBy": "Terraform",
              "Owner": "hutch",
              "OwnerEmail": "hutchenbach@gmail.com",
              "Project": "learntrac"
            },
            "tags_all": {
              "CreatedDate": "2025-07-22",
              "Environment": "dev",
              "ManagedBy": "Terraform",
              "Owner": "hutch",
              "OwnerEmail": "hutchenbach@gmail.com",
              "Project": "learntrac"
            },
            "task_role_arn": "arn:aws:iam::971422717446:role/hutch-learntrac-dev--task-20250723020239333100000005",
            "track_latest": false,
            "volume": []
          },
          "sensitive_attributes": [
            [
              {
                "type": "get_attr",
                "value": "container_definitions"
              }
            ]
          ],
          "private": "eyJzY2hlbWFfdmVyc2lvbiI6IjEifQ==",
          "dependencies": [
            "aws_cognito_resource_server.learntrac_api",
            "aws_cognito_user_pool.learntrac_users",
            "aws_cognito_user_pool_client.learntrac_client",
            "aws_db_instance.learntrac",
            "aws_db_subnet_group.main",
            "aws_ecr_repository.learntrac",
            "aws_elasticache_cluster.redis",
            "aws_elasticache_subnet_group.redis",
            "aws_iam_role.lambda_cognito",
            "aws_lambda_function.cognito_pre_token_generation",
            "aws_secretsmanager_secret.neo4j_credentials",
            "aws_secretsmanager_secret.openai_api_key",
            "aws_security_group.rds",
            "aws_security_group.redis",
            "data.aws_subnets.default",
            "data.aws_vpc.default",
            "module.alb.aws_security_group.alb",
            "module.learntrac_service.aws_cloudwatch_log_group.main",
            "module.learntrac_service.aws_iam_role.ecs_execution",
            "module.learntrac_service.aws_iam_role.ecs_task",
            "module.learntrac_service.aws_security_group.ecs_tasks",
            "module.learntrac_service.data.aws_region.current",
            "module.trac_service.aws_security_group.ecs_tasks",
            "random_password.db_password"
          ]
        }
      ]
    },
    {
      "module": "module.learntrac_service",
      "mode": "managed",
      "type": "aws_iam_role",
      "name": "ecs_execution",
      "provider": "provider[\"registry.terraform.io/hashicorp/aws\"]",
      "instances": [
        {
          "schema_version": 0,
          "attributes": {
            "arn": "arn:aws:iam::971422717446:role/hutch-learntrac-dev--exec-20250723020239332800000004",
            "assume_role_policy": "{\"Statement\":[{\"Action\":\"sts:AssumeRole\",\"Effect\":\"Allow\",\"Principal\":{\"Service\":\"ecs-tasks.amazonaws.com\"}}],\"Version\":\"2012-10-17\"}",
            "create_date": "2025-07-23T02:02:39Z",
            "description": "",
            "force_detach_policies": false,
            "id": "hutch-learntrac-dev--exec-20250723020239332800000004",
            "inline_policy": [
              {
                "name": "hutch-learntrac-dev-learntrac-ecs-execution-secrets",
                "policy": "{\"Version\":\"2012-10-17\",\"Statement\":[{\"Action\":[\"secretsmanager:GetSecretValue\"],\"Effect\":\"Allow\",\"Resource\":[\"arn:aws:secretsmanager:*:*:secret:*\"]}]}"
              }
            ],
            "managed_policy_arns": [
              "arn:aws:iam::aws:policy/service-role/AmazonECSTaskExecutionRolePolicy"
            ],
            "max_session_duration": 3600,
            "name": "hutch-learntrac-dev--exec-20250723020239332800000004",
            "name_prefix": "hutch-learntrac-dev--exec-",
            "path": "/",
            "permissions_boundary": "",
            "tags": {
              "CreatedDate": "2025-07-22",
              "Environment": "dev",
              "ManagedBy": "Terraform",
              "Owner": "hutch",
              "OwnerEmail": "hutchenbach@gmail.com",
              "Project": "learntrac"
            },
            "tags_all": {
              "CreatedDate": "2025-07-22",
              "Environment": "dev",
              "ManagedBy": "Terraform",
              "Owner": "hutch",
              "OwnerEmail": "hutchenbach@gmail.com",
              "Project": "learntrac"
            },
            "unique_id": "AROA6ELKOKYDHMVCEOO5V"
          },
          "sensitive_attributes": [],
          "private": "bnVsbA=="
        }
      ]
    },
    {
      "module": "module.learntrac_service",
      "mode": "managed",
      "type": "aws_iam_role",
      "name": "ecs_task",
      "provider": "provider[\"registry.terraform.io/hashicorp/aws\"]",
      "instances": [
        {
          "schema_version": 0,
          "attributes": {
            "arn": "arn:aws:iam::971422717446:role/hutch-learntrac-dev--task-20250723020239333100000005",
            "assume_role_policy": "{\"Statement\":[{\"Action\":\"sts:AssumeRole\",\"Effect\":\"Allow\",\"Principal\":{\"Service\":\"ecs-tasks.amazonaws.com\"}}],\"Version\":\"2012-10-17\"}",
            "create_date": "2025-07-23T02:02:39Z",
            "description": "",
            "force_detach_policies": false,
            "id": "hutch-learntrac-dev--task-20250723020239333100000005",
            "inline_policy": [],
            "managed_policy_arns": [],
            "max_session_duration": 3600,
            "name": "hutch-learntrac-dev--task-20250723020239333100000005",
            "name_prefix": "hutch-learntrac-dev--task-",
            "path": "/",
            "permissions_boundary": "",
            "tags": {
              "CreatedDate": "2025-07-22",
              "Environment": "dev",
              "ManagedBy": "Terraform",
              "Owner": "hutch",
              "OwnerEmail": "hutchenbach@gmail.com",
              "Project": "learntrac"
            },
            "tags_all": {
              "CreatedDate": "2025-07-22",
              "Environment": "dev",
              "ManagedBy": "Terraform",
              "Owner": "hutch",
              "OwnerEmail": "hutchenbach@gmail.com",
              "Project": "learntrac"
            },
            "unique_id": "AROA6ELKOKYDGMHUD7FG2"
          },
          "sensitive_attributes": [],
          "private": "bnVsbA=="
        }
      ]
    },
    {
      "module": "module.learntrac_service",
      "mode": "managed",
      "type": "aws_iam_role_policy",
      "name": "ecs_execution_secrets",
      "provider": "provider[\"registry.terraform.io/hashicorp/aws\"]",
      "instances": [
        {
          "schema_version": 0,
          "attributes": {
            "id": "hutch-learntrac-dev--exec-20250723020239332800000004:hutch-learntrac-dev-learntrac-ecs-execution-secrets",
            "name": "hutch-learntrac-dev-learntrac-ecs-execution-secrets",
            "name_prefix": "",
            "policy": "{\"Version\":\"2012-10-17\",\"Statement\":[{\"Action\":[\"secretsmanager:GetSecretValue\"],\"Effect\":\"Allow\",\"Resource\":[\"arn:aws:secretsmanager:*:*:secret:*\"]}]}",
            "role": "hutch-learntrac-dev--exec-20250723020239332800000004"
          },
          "sensitive_attributes": [],
          "private": "bnVsbA==",
          "dependencies": [
            "module.learntrac_service.aws_iam_role.ecs_execution"
          ]
        }
      ]
    },
    {
      "module": "module.learntrac_service",
      "mode": "managed",
      "type": "aws_iam_role_policy_attachment",
      "name": "ecs_execution",
      "provider": "provider[\"registry.terraform.io/hashicorp/aws\"]",
      "instances": [
        {
          "schema_version": 0,
          "attributes": {
            "id": "hutch-learntrac-dev--exec-20250723020239332800000004-2025072302024038460000000c",
            "policy_arn": "arn:aws:iam::aws:policy/service-role/AmazonECSTaskExecutionRolePolicy",
            "role": "hutch-learntrac-dev--exec-20250723020239332800000004"
          },
          "sensitive_attributes": [],
          "private": "bnVsbA==",
          "dependencies": [
            "module.learntrac_service.aws_iam_role.ecs_execution"
          ]
        }
      ]
    },
    {
      "module": "module.learntrac_service",
      "mode": "managed",
      "type": "aws_security_group",
      "name": "ecs_tasks",
      "provider": "provider[\"registry.terraform.io/hashicorp/aws\"]",
      "instances": [
        {
          "schema_version": 1,
          "attributes": {
            "arn": "arn:aws:ec2:us-east-2:971422717446:security-group/sg-035e0decc36b18df0",
            "description": "Managed by Terraform",
            "egress": [
              {
                "cidr_blocks": [
                  "0.0.0.0/0"
                ],
                "description": "Allow all outbound traffic",
                "from_port": 0,
                "ipv6_cidr_blocks": [],
                "prefix_list_ids": [],
                "protocol": "-1",
                "security_groups": [],
                "self": false,
                "to_port": 0
              }
            ],
            "id": "sg-035e0decc36b18df0",
            "ingress": [
              {
                "cidr_blocks": [],
                "description": "Allow traffic from ALB",
                "from_port": 8001,
                "ipv6_cidr_blocks": [],
                "prefix_list_ids": [],
                "protocol": "tcp",
                "security_groups": [
                  "sg-0dd68cf422d946e23"
                ],
                "self": false,
                "to_port": 8001
              }
            ],
            "name": "hutch-learntrac-dev-learntrac-ecs-tasks-sg2025072302024317800000000f",
            "name_prefix": "hutch-learntrac-dev-learntrac-ecs-tasks-sg",
            "owner_id": "971422717446",
            "revoke_rules_on_delete": false,
            "tags": {
              "CreatedDate": "2025-07-22",
              "Environment": "dev",
              "ManagedBy": "Terraform",
              "Name": "hutch-learntrac-dev-learntrac-ecs-tasks-sg",
              "Owner": "hutch",
              "OwnerEmail": "hutchenbach@gmail.com",
              "Project": "learntrac"
            },
            "tags_all": {
              "CreatedDate": "2025-07-22",
              "Environment": "dev",
              "ManagedBy": "Terraform",
              "Name": "hutch-learntrac-dev-learntrac-ecs-tasks-sg",
              "Owner": "hutch",
              "OwnerEmail": "hutchenbach@gmail.com",
              "Project": "learntrac"
            },
            "timeouts": null,
            "vpc_id": "vpc-07c7f6104ea4eeb60"
          },
          "sensitive_attributes": [],
          "private": "eyJlMmJmYjczMC1lY2FhLTExZTYtOGY4OC0zNDM2M2JjN2M0YzAiOnsiY3JlYXRlIjo2MDAwMDAwMDAwMDAsImRlbGV0ZSI6OTAwMDAwMDAwMDAwfSwic2NoZW1hX3ZlcnNpb24iOiIxIn0=",
          "dependencies": [
            "data.aws_vpc.default",
            "module.alb.aws_security_group.alb"
          ]
        }
      ]
    },
    {
      "module": "module.trac_service",
      "mode": "data",
      "type": "aws_region",
      "name": "current",
      "provider": "provider[\"registry.terraform.io/hashicorp/aws\"]",
      "instances": [
        {
          "schema_version": 0,
          "attributes": {
            "description": "US East (Ohio)",
            "endpoint": "ec2.us-east-2.amazonaws.com",
            "id": "us-east-2",
            "name": "us-east-2"
          },
          "sensitive_attributes": []
        }
      ]
    },
    {
      "module": "module.trac_service",
      "mode": "managed",
      "type": "aws_appautoscaling_policy",
      "name": "cpu",
      "provider": "provider[\"registry.terraform.io/hashicorp/aws\"]",
      "instances": [
        {
          "schema_version": 0,
          "attributes": {
            "alarm_arns": [
              "arn:aws:cloudwatch:us-east-2:971422717446:alarm:TargetTracking-service/hutch-learntrac-dev-cluster/hutch-learntrac-dev-trac-AlarmHigh-5c6bd241-57b4-4aa3-9989-c6c446324a26",
              "arn:aws:cloudwatch:us-east-2:971422717446:alarm:TargetTracking-service/hutch-learntrac-dev-cluster/hutch-learntrac-dev-trac-AlarmLow-8b477e12-d04e-4bbe-beb7-f14560e2a715"
            ],
            "arn": "arn:aws:autoscaling:us-east-2:971422717446:scalingPolicy:47c21554-774a-42dc-8305-fae585e8a684:resource/ecs/service/hutch-learntrac-dev-cluster/hutch-learntrac-dev-trac:policyName/hutch-learntrac-dev-trac-cpu-scaling",
            "id": "hutch-learntrac-dev-trac-cpu-scaling",
            "name": "hutch-learntrac-dev-trac-cpu-scaling",
            "policy_type": "TargetTrackingScaling",
            "resource_id": "service/hutch-learntrac-dev-cluster/hutch-learntrac-dev-trac",
            "scalable_dimension": "ecs:service:DesiredCount",
            "service_namespace": "ecs",
            "step_scaling_policy_configuration": [],
            "target_tracking_scaling_policy_configuration": [
              {
                "customized_metric_specification": [],
                "disable_scale_in": false,
                "predefined_metric_specification": [
                  {
                    "predefined_metric_type": "ECSServiceAverageCPUUtilization",
                    "resource_label": ""
                  }
                ],
                "scale_in_cooldown": 0,
                "scale_out_cooldown": 0,
                "target_value": 70
              }
            ]
          },
          "sensitive_attributes": [],
          "private": "bnVsbA==",
          "dependencies": [
            "aws_db_instance.learntrac",
            "aws_db_subnet_group.main",
            "aws_ecr_repository.trac",
            "aws_ecs_cluster.main",
            "aws_security_group.rds",
            "data.aws_subnets.default",
            "data.aws_vpc.default",
            "module.alb.aws_lb_target_group.trac",
            "module.alb.aws_security_group.alb",
            "module.trac_service.aws_appautoscaling_target.main",
            "module.trac_service.aws_cloudwatch_log_group.main",
            "module.trac_service.aws_ecs_service.main",
            "module.trac_service.aws_ecs_task_definition.main",
            "module.trac_service.aws_iam_role.ecs_execution",
            "module.trac_service.aws_iam_role.ecs_task",
            "module.trac_service.aws_security_group.ecs_tasks",
            "module.trac_service.data.aws_region.current",
            "random_password.db_password"
          ]
        }
      ]
    },
    {
      "module": "module.trac_service",
      "mode": "managed",
      "type": "aws_appautoscaling_policy",
      "name": "memory",
      "provider": "provider[\"registry.terraform.io/hashicorp/aws\"]",
      "instances": [
        {
          "schema_version": 0,
          "attributes": {
            "alarm_arns": [
              "arn:aws:cloudwatch:us-east-2:971422717446:alarm:TargetTracking-service/hutch-learntrac-dev-cluster/hutch-learntrac-dev-trac-AlarmHigh-4ed46576-7aca-4d95-bc5d-2e72e2e220a6",
              "arn:aws:cloudwatch:us-east-2:971422717446:alarm:TargetTracking-service/hutch-learntrac-dev-cluster/hutch-learntrac-dev-trac-AlarmLow-b7f56fde-0c63-4491-8ce7-89035080b491"
            ],
            "arn": "arn:aws:autoscaling:us-east-2:971422717446:scalingPolicy:47c21554-774a-42dc-8305-fae585e8a684:resource/ecs/service/hutch-learntrac-dev-cluster/hutch-learntrac-dev-trac:policyName/hutch-learntrac-dev-trac-memory-scaling",
            "id": "hutch-learntrac-dev-trac-memory-scaling",
            "name": "hutch-learntrac-dev-trac-memory-scaling",
            "policy_type": "TargetTrackingScaling",
            "resource_id": "service/hutch-learntrac-dev-cluster/hutch-learntrac-dev-trac",
            "scalable_dimension": "ecs:service:DesiredCount",
            "service_namespace": "ecs",
            "step_scaling_policy_configuration": [],
            "target_tracking_scaling_policy_configuration": [
              {
                "customized_metric_specification": [],
                "disable_scale_in": false,
                "predefined_metric_specification": [
                  {
                    "predefined_metric_type": "ECSServiceAverageMemoryUtilization",
                    "resource_label": ""
                  }
                ],
                "scale_in_cooldown": 0,
                "scale_out_cooldown": 0,
                "target_value": 75
              }
            ]
          },
          "sensitive_attributes": [],
          "private": "bnVsbA==",
          "dependencies": [
            "aws_db_instance.learntrac",
            "aws_db_subnet_group.main",
            "aws_ecr_repository.trac",
            "aws_ecs_cluster.main",
            "aws_security_group.rds",
            "data.aws_subnets.default",
            "data.aws_vpc.default",
            "module.alb.aws_lb_target_group.trac",
            "module.alb.aws_security_group.alb",
            "module.trac_service.aws_appautoscaling_target.main",
            "module.trac_service.aws_cloudwatch_log_group.main",
            "module.trac_service.aws_ecs_service.main",
            "module.trac_service.aws_ecs_task_definition.main",
            "module.trac_service.aws_iam_role.ecs_execution",
            "module.trac_service.aws_iam_role.ecs_task",
            "module.trac_service.aws_security_group.ecs_tasks",
            "module.trac_service.data.aws_region.current",
            "random_password.db_password"
          ]
        }
      ]
    },
    {
      "module": "module.trac_service",
      "mode": "managed",
      "type": "aws_appautoscaling_target",
      "name": "main",
      "provider": "provider[\"registry.terraform.io/hashicorp/aws\"]",
      "instances": [
        {
          "schema_version": 0,
          "attributes": {
            "arn": "arn:aws:application-autoscaling:us-east-2:971422717446:scalable-target/0ec547c21554774a42dc8305fae585e8a684",
            "id": "service/hutch-learntrac-dev-cluster/hutch-learntrac-dev-trac",
            "max_capacity": 4,
            "min_capacity": 1,
            "resource_id": "service/hutch-learntrac-dev-cluster/hutch-learntrac-dev-trac",
            "role_arn": "arn:aws:iam::971422717446:role/aws-service-role/ecs.application-autoscaling.amazonaws.com/AWSServiceRoleForApplicationAutoScaling_ECSService",
            "scalable_dimension": "ecs:service:DesiredCount",
            "service_namespace": "ecs",
            "suspended_state": [
              {
                "dynamic_scaling_in_suspended": false,
                "dynamic_scaling_out_suspended": false,
                "scheduled_scaling_suspended": false
              }
            ],
            "tags": {},
            "tags_all": {}
          },
          "sensitive_attributes": [],
          "private": "bnVsbA==",
          "dependencies": [
            "aws_db_instance.learntrac",
            "aws_db_subnet_group.main",
            "aws_ecr_repository.trac",
            "aws_ecs_cluster.main",
            "aws_security_group.rds",
            "data.aws_subnets.default",
            "data.aws_vpc.default",
            "module.alb.aws_lb_target_group.trac",
            "module.alb.aws_security_group.alb",
            "module.trac_service.aws_cloudwatch_log_group.main",
            "module.trac_service.aws_ecs_service.main",
            "module.trac_service.aws_ecs_task_definition.main",
            "module.trac_service.aws_iam_role.ecs_execution",
            "module.trac_service.aws_iam_role.ecs_task",
            "module.trac_service.aws_security_group.ecs_tasks",
            "module.trac_service.data.aws_region.current",
            "random_password.db_password"
          ]
        }
      ]
    },
    {
      "module": "module.trac_service",
      "mode": "managed",
      "type": "aws_cloudwatch_log_group",
      "name": "main",
      "provider": "provider[\"registry.terraform.io/hashicorp/aws\"]",
      "instances": [
        {
          "schema_version": 0,
          "attributes": {
            "arn": "arn:aws:logs:us-east-2:971422717446:log-group:/ecs/hutch-learntrac-dev-trac",
            "id": "/ecs/hutch-learntrac-dev-trac",
            "kms_key_id": "",
            "log_group_class": "STANDARD",
            "name": "/ecs/hutch-learntrac-dev-trac",
            "name_prefix": "",
            "retention_in_days": 7,
            "skip_destroy": false,
            "tags": {
              "CreatedDate": "2025-07-22",
              "Environment": "dev",
              "ManagedBy": "Terraform",
              "Owner": "hutch",
              "OwnerEmail": "hutchenbach@gmail.com",
              "Project": "learntrac"
            },
            "tags_all": {
              "CreatedDate": "2025-07-22",
              "Environment": "dev",
              "ManagedBy": "Terraform",
              "Owner": "hutch",
              "OwnerEmail": "hutchenbach@gmail.com",
              "Project": "learntrac"
            }
          },
          "sensitive_attributes": [],
          "private": "bnVsbA=="
        }
      ]
    },
    {
      "module": "module.trac_service",
      "mode": "managed",
      "type": "aws_ecs_service",
      "name": "main",
      "provider": "provider[\"registry.terraform.io/hashicorp/aws\"]",
      "instances": [
        {
          "schema_version": 1,
          "attributes": {
            "alarms": [],
            "availability_zone_rebalancing": "DISABLED",
            "capacity_provider_strategy": [],
            "cluster": "arn:aws:ecs:us-east-2:971422717446:cluster/hutch-learntrac-dev-cluster",
            "deployment_circuit_breaker": [
              {
                "enable": false,
                "rollback": false
              }
            ],
            "deployment_controller": [
              {
                "type": "ECS"
              }
            ],
            "deployment_maximum_percent": 200,
            "deployment_minimum_healthy_percent": 50,
            "desired_count": 1,
            "enable_ecs_managed_tags": false,
            "enable_execute_command": false,
            "force_delete": null,
            "force_new_deployment": null,
            "health_check_grace_period_seconds": 0,
            "iam_role": "/aws-service-role/ecs.amazonaws.com/AWSServiceRoleForECS",
            "id": "arn:aws:ecs:us-east-2:971422717446:service/hutch-learntrac-dev-cluster/hutch-learntrac-dev-trac",
            "launch_type": "FARGATE",
            "load_balancer": [
              {
                "container_name": "app",
                "container_port": 8000,
                "elb_name": "",
                "target_group_arn": "arn:aws:elasticloadbalancing:us-east-2:971422717446:targetgroup/trac-20250723020239921900000007/a3b286509815034a"
              }
            ],
            "name": "hutch-learntrac-dev-trac",
            "network_configuration": [
              {
                "assign_public_ip": false,
                "security_groups": [
                  "sg-099f0e67fcf8b6870"
                ],
                "subnets": [
                  "subnet-03260fcd9c243f7b8",
                  "subnet-03595b890b049b697",
                  "subnet-068fcd2e51c94a130"
                ]
              }
            ],
            "ordered_placement_strategy": [],
            "placement_constraints": [],
            "platform_version": "LATEST",
            "propagate_tags": "NONE",
            "scheduling_strategy": "REPLICA",
            "service_connect_configuration": [],
            "service_registries": [],
            "tags": {},
            "tags_all": {},
            "task_definition": "arn:aws:ecs:us-east-2:971422717446:task-definition/hutch-learntrac-dev-trac:1",
            "timeouts": null,
            "triggers": {},
            "volume_configuration": [],
            "vpc_lattice_configurations": [],
            "wait_for_steady_state": false
          },
          "sensitive_attributes": [],
          "private": "eyJlMmJmYjczMC1lY2FhLTExZTYtOGY4OC0zNDM2M2JjN2M0YzAiOnsiY3JlYXRlIjoxMjAwMDAwMDAwMDAwLCJkZWxldGUiOjEyMDAwMDAwMDAwMDAsInVwZGF0ZSI6MTIwMDAwMDAwMDAwMH0sInNjaGVtYV92ZXJzaW9uIjoiMSJ9",
          "dependencies": [
            "aws_db_instance.learntrac",
            "aws_db_subnet_group.main",
            "aws_ecr_repository.trac",
            "aws_ecs_cluster.main",
            "aws_security_group.rds",
            "data.aws_subnets.default",
            "data.aws_vpc.default",
            "module.alb.aws_lb_target_group.trac",
            "module.alb.aws_security_group.alb",
            "module.trac_service.aws_cloudwatch_log_group.main",
            "module.trac_service.aws_ecs_task_definition.main",
            "module.trac_service.aws_iam_role.ecs_execution",
            "module.trac_service.aws_iam_role.ecs_task",
            "module.trac_service.aws_security_group.ecs_tasks",
            "module.trac_service.data.aws_region.current",
            "random_password.db_password"
          ]
        }
      ]
    },
    {
      "module": "module.trac_service",
      "mode": "managed",
      "type": "aws_ecs_task_definition",
      "name": "main",
      "provider": "provider[\"registry.terraform.io/hashicorp/aws\"]",
      "instances": [
        {
          "schema_version": 1,
          "attributes": {
            "arn": "arn:aws:ecs:us-east-2:971422717446:task-definition/hutch-learntrac-dev-trac:1",
            "arn_without_revision": "arn:aws:ecs:us-east-2:971422717446:task-definition/hutch-learntrac-dev-trac",
            "container_definitions": "[{\"cpu\":512,\"environment\":[{\"name\":\"DATABASE_URL\",\"value\":\"postgres://learntrac_admin:Vp-Sl}}D[(j\u0026zxP5cjh%MTQtitYq2ic7@hutch-learntrac-dev-db.c1uuigcm4bd1.us-east-2.rds.amazonaws.com:5432/learntrac\"},{\"name\":\"PYTHON_VERSION\",\"value\":\"2.7\"},{\"name\":\"TRAC_ENV\",\"value\":\"/var/trac/projects\"}],\"essential\":true,\"image\":\"971422717446.dkr.ecr.us-east-2.amazonaws.com/hutch-learntrac-dev-trac:latest\",\"logConfiguration\":{\"logDriver\":\"awslogs\",\"options\":{\"awslogs-group\":\"/ecs/hutch-learntrac-dev-trac\",\"awslogs-region\":\"us-east-2\",\"awslogs-stream-prefix\":\"ecs\"}},\"memory\":1024,\"mountPoints\":[],\"name\":\"app\",\"portMappings\":[{\"containerPort\":8000,\"hostPort\":8000,\"protocol\":\"tcp\"}],\"secrets\":[],\"systemControls\":[],\"volumesFrom\":[]}]",
            "cpu": "512",
            "enable_fault_injection": false,
            "ephemeral_storage": [],
            "execution_role_arn": "arn:aws:iam::971422717446:role/hutch-learntrac-dev--exec-20250723020239323400000001",
            "family": "hutch-learntrac-dev-trac",
            "id": "hutch-learntrac-dev-trac",
            "inference_accelerator": [],
            "ipc_mode": "",
            "memory": "1024",
            "network_mode": "awsvpc",
            "pid_mode": "",
            "placement_constraints": [],
            "proxy_configuration": [],
            "requires_compatibilities": [
              "FARGATE"
            ],
            "revision": 1,
            "runtime_platform": [],
            "skip_destroy": false,
            "tags": {
              "CreatedDate": "2025-07-22",
              "Environment": "dev",
              "ManagedBy": "Terraform",
              "Owner": "hutch",
              "OwnerEmail": "hutchenbach@gmail.com",
              "Project": "learntrac"
            },
            "tags_all": {
              "CreatedDate": "2025-07-22",
              "Environment": "dev",
              "ManagedBy": "Terraform",
              "Owner": "hutch",
              "OwnerEmail": "hutchenbach@gmail.com",
              "Project": "learntrac"
            },
            "task_role_arn": "arn:aws:iam::971422717446:role/hutch-learntrac-dev--task-20250723020239326700000003",
            "track_latest": false,
            "volume": []
          },
          "sensitive_attributes": [
            [
              {
                "type": "get_attr",
                "value": "container_definitions"
              }
            ]
          ],
          "private": "eyJzY2hlbWFfdmVyc2lvbiI6IjEifQ==",
          "dependencies": [
            "aws_db_instance.learntrac",
            "aws_db_subnet_group.main",
            "aws_ecr_repository.trac",
            "aws_security_group.rds",
            "data.aws_subnets.default",
            "data.aws_vpc.default",
            "module.trac_service.aws_cloudwatch_log_group.main",
            "module.trac_service.aws_iam_role.ecs_execution",
            "module.trac_service.aws_iam_role.ecs_task",
            "module.trac_service.data.aws_region.current",
            "random_password.db_password"
          ]
        }
      ]
    },
    {
      "module": "module.trac_service",
      "mode": "managed",
      "type": "aws_iam_role",
      "name": "ecs_execution",
      "provider": "provider[\"registry.terraform.io/hashicorp/aws\"]",
      "instances": [
        {
          "schema_version": 0,
          "attributes": {
            "arn": "arn:aws:iam::971422717446:role/hutch-learntrac-dev--exec-20250723020239323400000001",
            "assume_role_policy": "{\"Statement\":[{\"Action\":\"sts:AssumeRole\",\"Effect\":\"Allow\",\"Principal\":{\"Service\":\"ecs-tasks.amazonaws.com\"}}],\"Version\":\"2012-10-17\"}",
            "create_date": "2025-07-23T02:02:39Z",
            "description": "",
            "force_detach_policies": false,
            "id": "hutch-learntrac-dev--exec-20250723020239323400000001",
            "inline_policy": [
              {
                "name": "hutch-learntrac-dev-trac-ecs-execution-secrets",
                "policy": "{\"Version\":\"2012-10-17\",\"Statement\":[{\"Action\":[\"secretsmanager:GetSecretValue\"],\"Effect\":\"Allow\",\"Resource\":[\"arn:aws:secretsmanager:*:*:secret:*\"]}]}"
              }
            ],
            "managed_policy_arns": [
              "arn:aws:iam::aws:policy/service-role/AmazonECSTaskExecutionRolePolicy"
            ],
            "max_session_duration": 3600,
            "name": "hutch-learntrac-dev--exec-20250723020239323400000001",
            "name_prefix": "hutch-learntrac-dev--exec-",
            "path": "/",
            "permissions_boundary": "",
            "tags": {
              "CreatedDate": "2025-07-22",
              "Environment": "dev",
              "ManagedBy": "Terraform",
              "Owner": "hutch",
              "OwnerEmail": "hutchenbach@gmail.com",
              "Project": "learntrac"
            },
            "tags_all": {
              "CreatedDate": "2025-07-22",
              "Environment": "dev",
              "ManagedBy": "Terraform",
              "Owner": "hutch",
              "OwnerEmail": "hutchenbach@gmail.com",
              "Project": "learntrac"
            },
            "unique_id": "AROA6ELKOKYDBKN4TYFRZ"
          },
          "sensitive_attributes": [],
          "private": "bnVsbA=="
        }
      ]
    },
    {
      "module": "module.trac_service",
      "mode": "managed",
      "type": "aws_iam_role",
      "name": "ecs_task",
      "provider": "provider[\"registry.terraform.io/hashicorp/aws\"]",
      "instances": [
        {
          "schema_version": 0,
          "attributes": {
            "arn": "arn:aws:iam::971422717446:role/hutch-learntrac-dev--task-20250723020239326700000003",
            "assume_role_policy": "{\"Statement\":[{\"Action\":\"sts:AssumeRole\",\"Effect\":\"Allow\",\"Principal\":{\"Service\":\"ecs-tasks.amazonaws.com\"}}],\"Version\":\"2012-10-17\"}",
            "create_date": "2025-07-23T02:02:39Z",
            "description": "",
            "force_detach_policies": false,
            "id": "hutch-learntrac-dev--task-20250723020239326700000003",
            "inline_policy": [],
            "managed_policy_arns": [],
            "max_session_duration": 3600,
            "name": "hutch-learntrac-dev--task-20250723020239326700000003",
            "name_prefix": "hutch-learntrac-dev--task-",
            "path": "/",
            "permissions_boundary": "",
            "tags": {
              "CreatedDate": "2025-07-22",
              "Environment": "dev",
              "ManagedBy": "Terraform",
              "Owner": "hutch",
              "OwnerEmail": "hutchenbach@gmail.com",
              "Project": "learntrac"
            },
            "tags_all": {
              "CreatedDate": "2025-07-22",
              "Environment": "dev",
              "ManagedBy": "Terraform",
              "Owner": "hutch",
              "OwnerEmail": "hutchenbach@gmail.com",
              "Project": "learntrac"
            },
            "unique_id": "AROA6ELKOKYDC5BQL5I2H"
          },
          "sensitive_attributes": [],
          "private": "bnVsbA=="
        }
      ]
    },
    {
      "module": "module.trac_service",
      "mode": "managed",
      "type": "aws_iam_role_policy",
      "name": "ecs_execution_secrets",
      "provider": "provider[\"registry.terraform.io/hashicorp/aws\"]",
      "instances": [
        {
          "schema_version": 0,
          "attributes": {
            "id": "hutch-learntrac-dev--exec-20250723020239323400000001:hutch-learntrac-dev-trac-ecs-execution-secrets",
            "name": "hutch-learntrac-dev-trac-ecs-execution-secrets",
            "name_prefix": "",
            "policy": "{\"Version\":\"2012-10-17\",\"Statement\":[{\"Action\":[\"secretsmanager:GetSecretValue\"],\"Effect\":\"Allow\",\"Resource\":[\"arn:aws:secretsmanager:*:*:secret:*\"]}]}",
            "role": "hutch-learntrac-dev--exec-20250723020239323400000001"
          },
          "sensitive_attributes": [],
          "private": "bnVsbA==",
          "dependencies": [
            "module.trac_service.aws_iam_role.ecs_execution"
          ]
        }
      ]
    },
    {
      "module": "module.trac_service",
      "mode": "managed",
      "type": "aws_iam_role_policy_attachment",
      "name": "ecs_execution",
      "provider": "provider[\"registry.terraform.io/hashicorp/aws\"]",
      "instances": [
        {
          "schema_version": 0,
          "attributes": {
            "id": "hutch-learntrac-dev--exec-20250723020239323400000001-2025072302024030700000000b",
            "policy_arn": "arn:aws:iam::aws:policy/service-role/AmazonECSTaskExecutionRolePolicy",
            "role": "hutch-learntrac-dev--exec-20250723020239323400000001"
          },
          "sensitive_attributes": [],
          "private": "bnVsbA==",
          "dependencies": [
            "module.trac_service.aws_iam_role.ecs_execution"
          ]
        }
      ]
    },
    {
      "module": "module.trac_service",
      "mode": "managed",
      "type": "aws_security_group",
      "name": "ecs_tasks",
      "provider": "provider[\"registry.terraform.io/hashicorp/aws\"]",
      "instances": [
        {
          "schema_version": 1,
          "attributes": {
            "arn": "arn:aws:ec2:us-east-2:971422717446:security-group/sg-099f0e67fcf8b6870",
            "description": "Managed by Terraform",
            "egress": [
              {
                "cidr_blocks": [
                  "0.0.0.0/0"
                ],
                "description": "Allow all outbound traffic",
                "from_port": 0,
                "ipv6_cidr_blocks": [],
                "prefix_list_ids": [],
                "protocol": "-1",
                "security_groups": [],
                "self": false,
                "to_port": 0
              }
            ],
            "id": "sg-099f0e67fcf8b6870",
            "ingress": [
              {
                "cidr_blocks": [],
                "description": "Allow traffic from ALB",
                "from_port": 8000,
                "ipv6_cidr_blocks": [],
                "prefix_list_ids": [],
                "protocol": "tcp",
                "security_groups": [
                  "sg-0dd68cf422d946e23"
                ],
                "self": false,
                "to_port": 8000
              }
            ],
            "name": "hutch-learntrac-dev-trac-ecs-tasks-sg2025072302024317650000000e",
            "name_prefix": "hutch-learntrac-dev-trac-ecs-tasks-sg",
            "owner_id": "971422717446",
            "revoke_rules_on_delete": false,
            "tags": {
              "CreatedDate": "2025-07-22",
              "Environment": "dev",
              "ManagedBy": "Terraform",
              "Name": "hutch-learntrac-dev-trac-ecs-tasks-sg",
              "Owner": "hutch",
              "OwnerEmail": "hutchenbach@gmail.com",
              "Project": "learntrac"
            },
            "tags_all": {
              "CreatedDate": "2025-07-22",
              "Environment": "dev",
              "ManagedBy": "Terraform",
              "Name": "hutch-learntrac-dev-trac-ecs-tasks-sg",
              "Owner": "hutch",
              "OwnerEmail": "hutchenbach@gmail.com",
              "Project": "learntrac"
            },
            "timeouts": null,
            "vpc_id": "vpc-07c7f6104ea4eeb60"
          },
          "sensitive_attributes": [],
          "private": "eyJlMmJmYjczMC1lY2FhLTExZTYtOGY4OC0zNDM2M2JjN2M0YzAiOnsiY3JlYXRlIjo2MDAwMDAwMDAwMDAsImRlbGV0ZSI6OTAwMDAwMDAwMDAwfSwic2NoZW1hX3ZlcnNpb24iOiIxIn0=",
          "dependencies": [
            "data.aws_vpc.default",
            "module.alb.aws_security_group.alb"
          ]
        }
      ]
    }
  ],
  "check_results": null
}
